
Microsoft Visual Studio Solution File, Format Version 11.00
# Visual Studio 2010
Project("{FAE04EC0-301F-11D3-BF4B-00C04F79EFBC}") = "P_PU_IV_MNG", "P_PU_IV_MNG.csproj", "{0749512C-5815-49B1-A275-3CC6F24F6028}"
EndProject
Global
	GlobalSection(SolutionConfigurationPlatforms) = preSolution
		Debug|Any CPU = Debug|Any CPU
		Release|Any CPU = Release|Any CPU
	EndGlobalSection
	GlobalSection(ProjectConfigurationPlatforms) = postSolution
		{0749512C-5815-49B1-A275-3CC6F24F6028}.Debug|Any CPU.ActiveCfg = Debug|Any CPU
		{0749512C-5815-49B1-A275-3CC6F24F6028}.Debug|Any CPU.Build.0 = Debug|Any CPU
		{0749512C-5815-49B1-A275-3CC6F24F6028}.Release|Any CPU.ActiveCfg = Release|Any CPU
		{0749512C-5815-49B1-A275-3CC6F24F6028}.Release|Any CPU.Build.0 = Release|Any CPU
	EndGlobalSection
	GlobalSection(SolutionProperties) = preSolution
		HideSolutionNode = FALSE
	EndGlobalSection
EndGlobal
