
Microsoft Visual Studio Solution File, Format Version 10.00
# Visual Studio 2008
Project("{FAE04EC0-301F-11D3-BF4B-00C04F79EFBC}") = "P_PU_GR_REG", "P_PU_GR_REG.csproj", "{D05EA047-6F7D-47FD-A482-863C14F6F688}"
EndProject
Global
	GlobalSection(SourceCodeControl) = preSolution
		SccNumberOfProjects = 1
		SccProjectUniqueName0 = P_PU_GR_REG.csproj
		SccProjectName0 = \u0022$/ERPU/ERP-U-2009/Purchase/40_입고관리/P_PU_GR_REG\u0022,\u0020BEPOAAAA
		SccLocalPath0 = .
		SccProvider0 = MSSCCI:Microsoft\u0020Visual\u0020SourceSafe
	EndGlobalSection
	GlobalSection(SolutionConfigurationPlatforms) = preSolution
		Debug|Any CPU = Debug|Any CPU
		Release|Any CPU = Release|Any CPU
	EndGlobalSection
	GlobalSection(ProjectConfigurationPlatforms) = postSolution
		{D05EA047-6F7D-47FD-A482-863C14F6F688}.Debug|Any CPU.ActiveCfg = Debug|Any CPU
		{D05EA047-6F7D-47FD-A482-863C14F6F688}.Debug|Any CPU.Build.0 = Debug|Any CPU
		{D05EA047-6F7D-47FD-A482-863C14F6F688}.Release|Any CPU.ActiveCfg = Release|Any CPU
		{D05EA047-6F7D-47FD-A482-863C14F6F688}.Release|Any CPU.Build.0 = Release|Any CPU
	EndGlobalSection
	GlobalSection(SolutionProperties) = preSolution
		HideSolutionNode = FALSE
	EndGlobalSection
EndGlobal
