
Microsoft Visual Studio Solution File, Format Version 10.00
# Visual Studio 2008
Project("{FAE04EC0-301F-11D3-BF4B-00C04F79EFBC}") = "P_SA_SOSCH1", "P_SA_SOSCH1.csproj", "{A8C2BF89-8192-4264-8597-9612BBA037A3}"
EndProject
Global
	GlobalSection(SourceCodeControl) = preSolution
		SccNumberOfProjects = 1
		SccProjectUniqueName0 = P_SA_SOSCH1.csproj
		SccProjectName0 = \u0022$/ERPU/ERP-U-2009/Sale/040.수주관리/P_SA_SOSCH1\u0022,\u0020SLSOAAAA
		SccLocalPath0 = .
		SccProvider0 = MSSCCI:Microsoft\u0020Visual\u0020SourceSafe
	EndGlobalSection
	GlobalSection(SolutionConfigurationPlatforms) = preSolution
		Debug|Any CPU = Debug|Any CPU
		Release|Any CPU = Release|Any CPU
	EndGlobalSection
	GlobalSection(ProjectConfigurationPlatforms) = postSolution
		{A8C2BF89-8192-4264-8597-9612BBA037A3}.Debug|Any CPU.ActiveCfg = Debug|Any CPU
		{A8C2BF89-8192-4264-8597-9612BBA037A3}.Debug|Any CPU.Build.0 = Debug|Any CPU
		{A8C2BF89-8192-4264-8597-9612BBA037A3}.Release|Any CPU.ActiveCfg = Release|Any CPU
		{A8C2BF89-8192-4264-8597-9612BBA037A3}.Release|Any CPU.Build.0 = Release|Any CPU
	EndGlobalSection
	GlobalSection(SolutionProperties) = preSolution
		HideSolutionNode = FALSE
	EndGlobalSection
EndGlobal
