
Microsoft Visual Studio Solution File, Format Version 12.00
# Visual Studio Version 16
VisualStudioVersion = 16.0.29102.190
MinimumVisualStudioVersion = 10.0.40219.1
Project("{FAE04EC0-301F-11D3-BF4B-00C04F79EFBC}") = "Dintec", "Dintec\Dintec.csproj", "{3F297CCA-E9D7-461F-92A3-E522DDCD3996}"
EndProject
Project("{FAE04EC0-301F-11D3-BF4B-00C04F79EFBC}") = "P_CZ_HR_CAR_PAY_REG", "P_CZ_HR_CAR_PAY_REG\P_CZ_HR_CAR_PAY_REG.csproj", "{7591CE8B-3C52-48AC-9515-F8029D9AF3E3}"
EndProject
Project("{FAE04EC0-301F-11D3-BF4B-00C04F79EFBC}") = "P_CZ_HR_CAR_PAY_RPT", "P_CZ_HR_CAR_PAY_RPT\P_CZ_HR_CAR_PAY_RPT.csproj", "{8ECA9E1E-8013-431B-BB1E-D274EE5E75B1}"
EndProject
Project("{FAE04EC0-301F-11D3-BF4B-00C04F79EFBC}") = "P_CZ_HR_WAPPLY_REG", "P_CZ_HR_WAPPLY_REG\P_CZ_HR_WAPPLY_REG.csproj", "{A12044BD-7F82-46AF-A004-33AEC4443ADD}"
EndProject
Project("{FAE04EC0-301F-11D3-BF4B-00C04F79EFBC}") = "P_CZ_HR_WAPPLY_RPT", "P_CZ_HR_WAPPLY_RPT\P_CZ_HR_WAPPLY_RPT.csproj", "{FF1753EE-1B46-4C9A-BDD0-18D1D5181DC8}"
EndProject
Project("{FAE04EC0-301F-11D3-BF4B-00C04F79EFBC}") = "P_CZ_PR_BOM_IO_REG", "P_CZ_PR_BOM_IO_REG\P_CZ_PR_BOM_IO_REG.csproj", "{DEF99C6F-8229-4366-AF8C-EE4BC60A1685}"
EndProject
Project("{FAE04EC0-301F-11D3-BF4B-00C04F79EFBC}") = "P_CZ_PU_PO_REG", "P_CZ_PU_PO_REG\P_CZ_PU_PO_REG.csproj", "{918ACFA3-C09E-4C56-934B-3E0B57A49404}"
EndProject
Project("{FAE04EC0-301F-11D3-BF4B-00C04F79EFBC}") = "P_CZ_PU_RCV_REG", "P_CZ_PU_RCV_REG\P_CZ_PU_RCV_REG.csproj", "{94FC7069-E18D-40DB-862D-F092381CD88B}"
EndProject
Project("{FAE04EC0-301F-11D3-BF4B-00C04F79EFBC}") = "P_CZ_SA_GI_REG", "P_CZ_SA_GI_REG\P_CZ_SA_GI_REG.csproj", "{1657660D-4137-4CBD-9C4A-7C86325BF3A9}"
EndProject
Project("{FAE04EC0-301F-11D3-BF4B-00C04F79EFBC}") = "P_CZ_SA_QSO_RPT", "P_CZ_SA_QSO_RPT\P_CZ_SA_QSO_RPT.csproj", "{CDBDA6FB-1859-436C-9431-8961D40FEFD4}"
EndProject
Project("{FAE04EC0-301F-11D3-BF4B-00C04F79EFBC}") = "P_CZ_SA_QTN_REG", "P_CZ_SA_QTN_REG\P_CZ_SA_QTN_REG.csproj", "{8601FE88-A8F7-44F4-B76F-757F7AF0E38F}"
EndProject
Project("{FAE04EC0-301F-11D3-BF4B-00C04F79EFBC}") = "P_CZ_SA_QTN_RPT", "P_CZ_SA_QTN_RPT\P_CZ_SA_QTN_RPT.csproj", "{E2627ACC-DA1B-48E9-AEF8-8A9AEB659F4C}"
EndProject
Project("{FAE04EC0-301F-11D3-BF4B-00C04F79EFBC}") = "P_CZ_SA_SO_REG", "P_CZ_SA_SO_REG\P_CZ_SA_SO_REG.csproj", "{B7F6CBA8-C69C-4D09-9170-E1CB7F0E0A14}"
EndProject
Project("{2150E333-8FDC-42A3-9474-1A3956D46DE8}") = "유틸리티", "유틸리티", "{F9C5838D-DB14-4F61-BCCA-6B859AA4FC98}"
EndProject
Project("{FAE04EC0-301F-11D3-BF4B-00C04F79EFBC}") = "P_CZ_UT_LOG_COST_TOOL", "P_CZ_UT_LOG_COST_TOOL\P_CZ_UT_LOG_COST_TOOL.csproj", "{ABF62703-BD21-436E-BF2B-A4164371FEFA}"
EndProject
Project("{2150E333-8FDC-42A3-9474-1A3956D46DE8}") = "01 공통", "01 공통", "{76D37722-B5C8-4E51-A08E-D959EA66934E}"
EndProject
Project("{2150E333-8FDC-42A3-9474-1A3956D46DE8}") = "02 관리", "02 관리", "{DAC6876F-A02F-4F22-A600-CB20479D6806}"
EndProject
Project("{2150E333-8FDC-42A3-9474-1A3956D46DE8}") = "03 영업", "03 영업", "{773A7FE3-44D5-4280-BCE4-DCAC200E7ADE}"
EndProject
Project("{2150E333-8FDC-42A3-9474-1A3956D46DE8}") = "04 구매", "04 구매", "{C604536F-4AAB-48EA-8F78-6D1E1CD17772}"
EndProject
Project("{2150E333-8FDC-42A3-9474-1A3956D46DE8}") = "05 입출고", "05 입출고", "{C7C30A5B-2F1E-469A-A5AD-DFA99977773C}"
EndProject
Project("{2150E333-8FDC-42A3-9474-1A3956D46DE8}") = "등록", "등록", "{A4C6DDF7-FFF5-4D8C-B86D-05B5AA08C86D}"
EndProject
Project("{2150E333-8FDC-42A3-9474-1A3956D46DE8}") = "현황", "현황", "{0EEBBBEA-A392-4F1A-81AC-3A1903D5AEC0}"
EndProject
Project("{FAE04EC0-301F-11D3-BF4B-00C04F79EFBC}") = "P_CZ_PU_PO_RPT", "P_CZ_PU_PO_RPT\P_CZ_PU_PO_RPT.csproj", "{21A06517-7423-40EE-A13C-2D581861EA87}"
EndProject
Project("{FAE04EC0-301F-11D3-BF4B-00C04F79EFBC}") = "P_CZ_PR_ITEM_REPLACE_REG", "P_CZ_PR_ITEM_REPLACE_REG\P_CZ_PR_ITEM_REPLACE_REG.csproj", "{F448835F-0E4E-49D3-9EDC-C98D43D7120D}"
EndProject
Project("{FAE04EC0-301F-11D3-BF4B-00C04F79EFBC}") = "P_CZ_PU_PO_REG_ST", "P_CZ_PU_PO_REG_ST\P_CZ_PU_PO_REG_ST.csproj", "{FE3B7F6C-DA6E-40A9-99EC-20A9E0118170}"
EndProject
Project("{FAE04EC0-301F-11D3-BF4B-00C04F79EFBC}") = "P_CZ_SA_ITEM_RPT", "P_CZ_SA_ITEM_RPT\P_CZ_SA_ITEM_RPT.csproj", "{8F98C191-576C-4327-B37D-82AADD01FE84}"
EndProject
Project("{FAE04EC0-301F-11D3-BF4B-00C04F79EFBC}") = "P_CZ_UT_HHI_XML", "P_CZ_UT_HHI_XML\P_CZ_UT_HHI_XML.csproj", "{023230B3-8317-4226-AF1B-38DD7BCA4638}"
EndProject
Project("{2150E333-8FDC-42A3-9474-1A3956D46DE8}") = "06 현황", "06 현황", "{7B73F3A1-F4D3-4323-B2D4-AF53EFFF4491}"
EndProject
Project("{FAE04EC0-301F-11D3-BF4B-00C04F79EFBC}") = "P_CZ_MA_ITEM_HULL", "P_CZ_MA_ITEM_HULL\P_CZ_MA_ITEM_HULL.csproj", "{D284DF30-7983-41C4-9A72-4085532EAEAF}"
EndProject
Project("{FAE04EC0-301F-11D3-BF4B-00C04F79EFBC}") = "P_CZ_MM_QTIO_RPT", "P_CZ_MM_QTIO_RPT\P_CZ_MM_QTIO_RPT.csproj", "{3F47A774-E704-46BC-8A09-BF243EEA9DD1}"
EndProject
Project("{2150E333-8FDC-42A3-9474-1A3956D46DE8}") = "98 김기현", "98 김기현", "{6F9F8EE3-7DEE-4140-B4FA-EDCD4053F2B6}"
EndProject
Project("{FAE04EC0-301F-11D3-BF4B-00C04F79EFBC}") = "P_CZ_DX_WARNING_REG", "P_CZ_MA_WARNING_REG\P_CZ_DX_WARNING_REG.csproj", "{61D96629-DEFB-4F17-8D10-1336AC34F5D2}"
EndProject
Project("{FAE04EC0-301F-11D3-BF4B-00C04F79EFBC}") = "P_CZ_MA_HULL_ITEM_MGT", "P_CZ_MA_HULL_ITEM_MGT\P_CZ_MA_HULL_ITEM_MGT.csproj", "{18FF09B1-8349-4DEB-B8AE-AB70D7D8E53F}"
EndProject
Project("{2150E333-8FDC-42A3-9474-1A3956D46DE8}") = "07 재고", "07 재고", "{0D5542D3-F311-4574-BDF9-E81F469F4DDA}"
EndProject
Project("{FAE04EC0-301F-11D3-BF4B-00C04F79EFBC}") = "P_CZ_MA_HGS_ORDER_UTIL", "P_CZ_MA_HGS_ORDER_UTIL\P_CZ_MA_HGS_ORDER_UTIL.csproj", "{E99BC805-4CD7-4D59-B9E6-599A7BFC9B62}"
EndProject
Project("{FAE04EC0-301F-11D3-BF4B-00C04F79EFBC}") = "P_CZ_PU_GR_RPT", "P_CZ_PU_GR_RPT\P_CZ_PU_GR_RPT.csproj", "{BAA76D7C-B52A-42F9-9C73-435B3599DF8A}"
EndProject
Project("{FAE04EC0-301F-11D3-BF4B-00C04F79EFBC}") = "P_CZ_MM_BAD_STOCK_RPT", "P_CZ_MM_BAD_STOCK_RPT\P_CZ_MM_BAD_STOCK_RPT.csproj", "{1C27B360-15AC-458E-B408-2E4BD0DA9E80}"
EndProject
Project("{FAE04EC0-301F-11D3-BF4B-00C04F79EFBC}") = "P_CZ_MM_CARRY_OUT_HGS_MGT", "P_CZ_MM_CARRY_OUT_HGS_MGT\P_CZ_MM_CARRY_OUT_HGS_MGT.csproj", "{8C3909E3-0E95-4908-A121-DA92B76AA5CF}"
EndProject
Project("{FAE04EC0-301F-11D3-BF4B-00C04F79EFBC}") = "P_CZ_MA_WORKFLOW_FILE_REG", "P_CZ_MA_WORKFLOW_FILE_REG\P_CZ_MA_WORKFLOW_FILE_REG.csproj", "{D66B7002-3D6C-4B47-9B08-8DAF4F7FFF82}"
EndProject
Project("{FAE04EC0-301F-11D3-BF4B-00C04F79EFBC}") = "P_CZ_SA_USER_SUB", "P_CZ_SA_USER_SUB\P_CZ_SA_USER_SUB.csproj", "{2D991FC3-2314-4785-9C06-8F558FEDD154}"
EndProject
Project("{FAE04EC0-301F-11D3-BF4B-00C04F79EFBC}") = "P_CZ_SA_NCR_MGT", "P_CZ_SA_NCR_MGT\P_CZ_SA_NCR_MGT.csproj", "{ECE8E9AA-A561-4BDA-9CEB-24EDA1534D3A}"
EndProject
Project("{FAE04EC0-301F-11D3-BF4B-00C04F79EFBC}") = "P_CZ_MA_SEAWEB_REG", "P_CZ_MA_SEAWEB_REG\P_CZ_MA_SEAWEB_REG.csproj", "{F72930F3-FD52-4604-AB39-0DEFCEEDB4D6}"
EndProject
Project("{FAE04EC0-301F-11D3-BF4B-00C04F79EFBC}") = "P_CZ_EZLINK_VENDOR_REG", "P_CZ_MA_EZLINK_REG\P_CZ_EZLINK_VENDOR_REG.csproj", "{538EF1DD-7316-47B8-B86E-2128D718348B}"
EndProject
Project("{FAE04EC0-301F-11D3-BF4B-00C04F79EFBC}") = "P_CZ_MA_EQUIP_PART_IMPLOSION", "P_CZ_MA_EQUIP_PART_IMPLOSION\P_CZ_MA_EQUIP_PART_IMPLOSION.csproj", "{FC5EE739-C983-4817-9523-244B705E1A4D}"
EndProject
Project("{FAE04EC0-301F-11D3-BF4B-00C04F79EFBC}") = "P_CZ_PU_PO_TOOL_REG", "P_CZ_PU_PO_TOOL_REG\P_CZ_PU_PO_TOOL_REG.csproj", "{1EDA7799-6BA6-44C7-BCDE-C2AEE1AE8665}"
EndProject
Project("{FAE04EC0-301F-11D3-BF4B-00C04F79EFBC}") = "P_CZ_PU_PO_TOOL_RPT", "P_CZ_PU_PO_TOOL_RPT\P_CZ_PU_PO_TOOL_RPT.csproj", "{921BA0E2-EADE-4C0F-A4D1-4CFE41BFEDE4}"
EndProject
Project("{FAE04EC0-301F-11D3-BF4B-00C04F79EFBC}") = "P_CZ_MA_ITEM_IMG_MGT", "P_CZ_MA_ITEM_IMG_MGT\P_CZ_MA_ITEM_IMG_MGT.csproj", "{92144C82-3F06-4D7D-839A-63786F06CC98}"
EndProject
Project("{FAE04EC0-301F-11D3-BF4B-00C04F79EFBC}") = "P_CZ_DX_PITEM_REG", "P_CZ_DX_PITEM_REG\P_CZ_DX_PITEM_REG.csproj", "{1BFAB007-485D-4170-AECE-8ABF4DFB675F}"
EndProject
Project("{FAE04EC0-301F-11D3-BF4B-00C04F79EFBC}") = "DX", "DX\DX.csproj", "{F9E4B13B-9497-4CE4-B698-B9A39C1BE873}"
EndProject
Project("{FAE04EC0-301F-11D3-BF4B-00C04F79EFBC}") = "P_CZ_HR_WORKTIME_MGT", "P_CZ_HR_WORKTIME_MGT\P_CZ_HR_WORKTIME_MGT.csproj", "{A334977C-FE03-40AD-907E-13F9024AA151}"
EndProject
Project("{FAE04EC0-301F-11D3-BF4B-00C04F79EFBC}") = "P_CZ_DX_RECEIPT_UPLOAD", "P_CZ_DX_RECEIPT_UPLOAD\P_CZ_DX_RECEIPT_UPLOAD.csproj", "{7B60DE41-AC7A-44B5-B09C-D89FA671E4E9}"
EndProject
Project("{FAE04EC0-301F-11D3-BF4B-00C04F79EFBC}") = "P_CZ_HR_WORKTIME_PAY", "P_CZ_HR_WORKTIME_PAY\P_CZ_HR_WORKTIME_PAY.csproj", "{C0F62430-CF2F-4C00-AA89-E9AADDFEC6B3}"
EndProject
Project("{FAE04EC0-301F-11D3-BF4B-00C04F79EFBC}") = "P_CZ_PU_PO_UM_MGT", "P_CZ_PU_PO_UM_MGT\P_CZ_PU_PO_UM_MGT.csproj", "{31E7554C-9066-4E19-A5D5-97ED8A0C37A6}"
EndProject
Project("{FAE04EC0-301F-11D3-BF4B-00C04F79EFBC}") = "P_CZ_MM_SCRAP_MGT", "P_CZ_MM_SCRAP_MGT\P_CZ_MM_SCRAP_MGT.csproj", "{3AC1F43D-BB43-4DA7-99B4-D29E2B649FCF}"
EndProject
Project("{FAE04EC0-301F-11D3-BF4B-00C04F79EFBC}") = "P_CZ_DX_QR_UPLOAD", "P_CZ_DX_QR_UPLOAD\P_CZ_DX_QR_UPLOAD.csproj", "{D24BC44C-EBC6-4F28-BF55-1346C84F6FC2}"
EndProject
Project("{FAE04EC0-301F-11D3-BF4B-00C04F79EFBC}") = "P_CZ_HR_WORKTIME_RPT", "P_CZ_HR_WORKTIME_RPT\P_CZ_HR_WORKTIME_RPT.csproj", "{8BBAD617-47EB-4E7B-9B88-D7E1E76165BB}"
EndProject
Project("{FAE04EC0-301F-11D3-BF4B-00C04F79EFBC}") = "P_CZ_DX_VENDOR_REG", "P_CZ_DX_VENDOR_REG\P_CZ_DX_VENDOR_REG.csproj", "{74FC3774-20F7-43E8-8AE8-3EFC629B0A7E}"
EndProject
Project("{FAE04EC0-301F-11D3-BF4B-00C04F79EFBC}") = "P_CZ_MM_GR_REG", "P_CZ_MM_GR_REG\P_CZ_MM_GR_REG.csproj", "{9134795B-ACBF-44B7-B006-1B00C83F9711}"
EndProject
Project("{FAE04EC0-301F-11D3-BF4B-00C04F79EFBC}") = "P_CZ_DX_AQU_REG", "P_CZ_DX_AQU_REG\P_CZ_DX_AQU_REG.csproj", "{9E1562A7-219B-4EDE-99F6-FDF468E223D4}"
EndProject
Project("{00D1A9C2-B5F0-4AF3-8072-F6C62B433612}") = "CLR", "CLR\CLR.sqlproj", "{31CF010A-556D-497F-83B5-2AB89976F38E}"
EndProject
Global
	GlobalSection(SolutionConfigurationPlatforms) = preSolution
		Debug|Any CPU = Debug|Any CPU
		Debug|Mixed Platforms = Debug|Mixed Platforms
		Debug|x86 = Debug|x86
		Release|Any CPU = Release|Any CPU
		Release|Mixed Platforms = Release|Mixed Platforms
		Release|x86 = Release|x86
	EndGlobalSection
	GlobalSection(ProjectConfigurationPlatforms) = postSolution
		{3F297CCA-E9D7-461F-92A3-E522DDCD3996}.Debug|Any CPU.ActiveCfg = Debug|Any CPU
		{3F297CCA-E9D7-461F-92A3-E522DDCD3996}.Debug|Any CPU.Build.0 = Debug|Any CPU
		{3F297CCA-E9D7-461F-92A3-E522DDCD3996}.Debug|Mixed Platforms.ActiveCfg = Debug|Any CPU
		{3F297CCA-E9D7-461F-92A3-E522DDCD3996}.Debug|Mixed Platforms.Build.0 = Debug|Any CPU
		{3F297CCA-E9D7-461F-92A3-E522DDCD3996}.Debug|x86.ActiveCfg = Debug|Any CPU
		{3F297CCA-E9D7-461F-92A3-E522DDCD3996}.Release|Any CPU.ActiveCfg = Release|Any CPU
		{3F297CCA-E9D7-461F-92A3-E522DDCD3996}.Release|Any CPU.Build.0 = Release|Any CPU
		{3F297CCA-E9D7-461F-92A3-E522DDCD3996}.Release|Mixed Platforms.ActiveCfg = Release|Any CPU
		{3F297CCA-E9D7-461F-92A3-E522DDCD3996}.Release|Mixed Platforms.Build.0 = Release|Any CPU
		{3F297CCA-E9D7-461F-92A3-E522DDCD3996}.Release|x86.ActiveCfg = Release|Any CPU
		{7591CE8B-3C52-48AC-9515-F8029D9AF3E3}.Debug|Any CPU.ActiveCfg = Debug|Any CPU
		{7591CE8B-3C52-48AC-9515-F8029D9AF3E3}.Debug|Any CPU.Build.0 = Debug|Any CPU
		{7591CE8B-3C52-48AC-9515-F8029D9AF3E3}.Debug|Mixed Platforms.ActiveCfg = Debug|Any CPU
		{7591CE8B-3C52-48AC-9515-F8029D9AF3E3}.Debug|Mixed Platforms.Build.0 = Debug|Any CPU
		{7591CE8B-3C52-48AC-9515-F8029D9AF3E3}.Debug|x86.ActiveCfg = Debug|Any CPU
		{7591CE8B-3C52-48AC-9515-F8029D9AF3E3}.Release|Any CPU.ActiveCfg = Release|Any CPU
		{7591CE8B-3C52-48AC-9515-F8029D9AF3E3}.Release|Any CPU.Build.0 = Release|Any CPU
		{7591CE8B-3C52-48AC-9515-F8029D9AF3E3}.Release|Mixed Platforms.ActiveCfg = Release|Any CPU
		{7591CE8B-3C52-48AC-9515-F8029D9AF3E3}.Release|Mixed Platforms.Build.0 = Release|Any CPU
		{7591CE8B-3C52-48AC-9515-F8029D9AF3E3}.Release|x86.ActiveCfg = Release|Any CPU
		{8ECA9E1E-8013-431B-BB1E-D274EE5E75B1}.Debug|Any CPU.ActiveCfg = Debug|Any CPU
		{8ECA9E1E-8013-431B-BB1E-D274EE5E75B1}.Debug|Any CPU.Build.0 = Debug|Any CPU
		{8ECA9E1E-8013-431B-BB1E-D274EE5E75B1}.Debug|Mixed Platforms.ActiveCfg = Debug|Any CPU
		{8ECA9E1E-8013-431B-BB1E-D274EE5E75B1}.Debug|Mixed Platforms.Build.0 = Debug|Any CPU
		{8ECA9E1E-8013-431B-BB1E-D274EE5E75B1}.Debug|x86.ActiveCfg = Debug|Any CPU
		{8ECA9E1E-8013-431B-BB1E-D274EE5E75B1}.Release|Any CPU.ActiveCfg = Release|Any CPU
		{8ECA9E1E-8013-431B-BB1E-D274EE5E75B1}.Release|Any CPU.Build.0 = Release|Any CPU
		{8ECA9E1E-8013-431B-BB1E-D274EE5E75B1}.Release|Mixed Platforms.ActiveCfg = Release|Any CPU
		{8ECA9E1E-8013-431B-BB1E-D274EE5E75B1}.Release|Mixed Platforms.Build.0 = Release|Any CPU
		{8ECA9E1E-8013-431B-BB1E-D274EE5E75B1}.Release|x86.ActiveCfg = Release|Any CPU
		{A12044BD-7F82-46AF-A004-33AEC4443ADD}.Debug|Any CPU.ActiveCfg = Debug|Any CPU
		{A12044BD-7F82-46AF-A004-33AEC4443ADD}.Debug|Any CPU.Build.0 = Debug|Any CPU
		{A12044BD-7F82-46AF-A004-33AEC4443ADD}.Debug|Mixed Platforms.ActiveCfg = Debug|Any CPU
		{A12044BD-7F82-46AF-A004-33AEC4443ADD}.Debug|Mixed Platforms.Build.0 = Debug|Any CPU
		{A12044BD-7F82-46AF-A004-33AEC4443ADD}.Debug|x86.ActiveCfg = Debug|Any CPU
		{A12044BD-7F82-46AF-A004-33AEC4443ADD}.Release|Any CPU.ActiveCfg = Release|Any CPU
		{A12044BD-7F82-46AF-A004-33AEC4443ADD}.Release|Any CPU.Build.0 = Release|Any CPU
		{A12044BD-7F82-46AF-A004-33AEC4443ADD}.Release|Mixed Platforms.ActiveCfg = Release|Any CPU
		{A12044BD-7F82-46AF-A004-33AEC4443ADD}.Release|Mixed Platforms.Build.0 = Release|Any CPU
		{A12044BD-7F82-46AF-A004-33AEC4443ADD}.Release|x86.ActiveCfg = Release|Any CPU
		{FF1753EE-1B46-4C9A-BDD0-18D1D5181DC8}.Debug|Any CPU.ActiveCfg = Debug|Any CPU
		{FF1753EE-1B46-4C9A-BDD0-18D1D5181DC8}.Debug|Any CPU.Build.0 = Debug|Any CPU
		{FF1753EE-1B46-4C9A-BDD0-18D1D5181DC8}.Debug|Mixed Platforms.ActiveCfg = Debug|Any CPU
		{FF1753EE-1B46-4C9A-BDD0-18D1D5181DC8}.Debug|Mixed Platforms.Build.0 = Debug|Any CPU
		{FF1753EE-1B46-4C9A-BDD0-18D1D5181DC8}.Debug|x86.ActiveCfg = Debug|Any CPU
		{FF1753EE-1B46-4C9A-BDD0-18D1D5181DC8}.Release|Any CPU.ActiveCfg = Release|Any CPU
		{FF1753EE-1B46-4C9A-BDD0-18D1D5181DC8}.Release|Any CPU.Build.0 = Release|Any CPU
		{FF1753EE-1B46-4C9A-BDD0-18D1D5181DC8}.Release|Mixed Platforms.ActiveCfg = Release|Any CPU
		{FF1753EE-1B46-4C9A-BDD0-18D1D5181DC8}.Release|Mixed Platforms.Build.0 = Release|Any CPU
		{FF1753EE-1B46-4C9A-BDD0-18D1D5181DC8}.Release|x86.ActiveCfg = Release|Any CPU
		{DEF99C6F-8229-4366-AF8C-EE4BC60A1685}.Debug|Any CPU.ActiveCfg = Debug|Any CPU
		{DEF99C6F-8229-4366-AF8C-EE4BC60A1685}.Debug|Any CPU.Build.0 = Debug|Any CPU
		{DEF99C6F-8229-4366-AF8C-EE4BC60A1685}.Debug|Mixed Platforms.ActiveCfg = Debug|Any CPU
		{DEF99C6F-8229-4366-AF8C-EE4BC60A1685}.Debug|Mixed Platforms.Build.0 = Debug|Any CPU
		{DEF99C6F-8229-4366-AF8C-EE4BC60A1685}.Debug|x86.ActiveCfg = Debug|Any CPU
		{DEF99C6F-8229-4366-AF8C-EE4BC60A1685}.Release|Any CPU.ActiveCfg = Release|Any CPU
		{DEF99C6F-8229-4366-AF8C-EE4BC60A1685}.Release|Any CPU.Build.0 = Release|Any CPU
		{DEF99C6F-8229-4366-AF8C-EE4BC60A1685}.Release|Mixed Platforms.ActiveCfg = Release|Any CPU
		{DEF99C6F-8229-4366-AF8C-EE4BC60A1685}.Release|Mixed Platforms.Build.0 = Release|Any CPU
		{DEF99C6F-8229-4366-AF8C-EE4BC60A1685}.Release|x86.ActiveCfg = Release|Any CPU
		{918ACFA3-C09E-4C56-934B-3E0B57A49404}.Debug|Any CPU.ActiveCfg = Debug|Any CPU
		{918ACFA3-C09E-4C56-934B-3E0B57A49404}.Debug|Any CPU.Build.0 = Debug|Any CPU
		{918ACFA3-C09E-4C56-934B-3E0B57A49404}.Debug|Mixed Platforms.ActiveCfg = Debug|Any CPU
		{918ACFA3-C09E-4C56-934B-3E0B57A49404}.Debug|Mixed Platforms.Build.0 = Debug|Any CPU
		{918ACFA3-C09E-4C56-934B-3E0B57A49404}.Debug|x86.ActiveCfg = Debug|Any CPU
		{918ACFA3-C09E-4C56-934B-3E0B57A49404}.Release|Any CPU.ActiveCfg = Release|Any CPU
		{918ACFA3-C09E-4C56-934B-3E0B57A49404}.Release|Any CPU.Build.0 = Release|Any CPU
		{918ACFA3-C09E-4C56-934B-3E0B57A49404}.Release|Mixed Platforms.ActiveCfg = Release|Any CPU
		{918ACFA3-C09E-4C56-934B-3E0B57A49404}.Release|Mixed Platforms.Build.0 = Release|Any CPU
		{918ACFA3-C09E-4C56-934B-3E0B57A49404}.Release|x86.ActiveCfg = Release|Any CPU
		{94FC7069-E18D-40DB-862D-F092381CD88B}.Debug|Any CPU.ActiveCfg = Debug|Any CPU
		{94FC7069-E18D-40DB-862D-F092381CD88B}.Debug|Any CPU.Build.0 = Debug|Any CPU
		{94FC7069-E18D-40DB-862D-F092381CD88B}.Debug|Mixed Platforms.ActiveCfg = Debug|Any CPU
		{94FC7069-E18D-40DB-862D-F092381CD88B}.Debug|Mixed Platforms.Build.0 = Debug|Any CPU
		{94FC7069-E18D-40DB-862D-F092381CD88B}.Debug|x86.ActiveCfg = Debug|Any CPU
		{94FC7069-E18D-40DB-862D-F092381CD88B}.Release|Any CPU.ActiveCfg = Release|Any CPU
		{94FC7069-E18D-40DB-862D-F092381CD88B}.Release|Any CPU.Build.0 = Release|Any CPU
		{94FC7069-E18D-40DB-862D-F092381CD88B}.Release|Mixed Platforms.ActiveCfg = Release|Any CPU
		{94FC7069-E18D-40DB-862D-F092381CD88B}.Release|Mixed Platforms.Build.0 = Release|Any CPU
		{94FC7069-E18D-40DB-862D-F092381CD88B}.Release|x86.ActiveCfg = Release|Any CPU
		{1657660D-4137-4CBD-9C4A-7C86325BF3A9}.Debug|Any CPU.ActiveCfg = Debug|Any CPU
		{1657660D-4137-4CBD-9C4A-7C86325BF3A9}.Debug|Any CPU.Build.0 = Debug|Any CPU
		{1657660D-4137-4CBD-9C4A-7C86325BF3A9}.Debug|Mixed Platforms.ActiveCfg = Debug|Any CPU
		{1657660D-4137-4CBD-9C4A-7C86325BF3A9}.Debug|Mixed Platforms.Build.0 = Debug|Any CPU
		{1657660D-4137-4CBD-9C4A-7C86325BF3A9}.Debug|x86.ActiveCfg = Debug|Any CPU
		{1657660D-4137-4CBD-9C4A-7C86325BF3A9}.Release|Any CPU.ActiveCfg = Release|Any CPU
		{1657660D-4137-4CBD-9C4A-7C86325BF3A9}.Release|Any CPU.Build.0 = Release|Any CPU
		{1657660D-4137-4CBD-9C4A-7C86325BF3A9}.Release|Mixed Platforms.ActiveCfg = Release|Any CPU
		{1657660D-4137-4CBD-9C4A-7C86325BF3A9}.Release|Mixed Platforms.Build.0 = Release|Any CPU
		{1657660D-4137-4CBD-9C4A-7C86325BF3A9}.Release|x86.ActiveCfg = Release|Any CPU
		{CDBDA6FB-1859-436C-9431-8961D40FEFD4}.Debug|Any CPU.ActiveCfg = Debug|Any CPU
		{CDBDA6FB-1859-436C-9431-8961D40FEFD4}.Debug|Any CPU.Build.0 = Debug|Any CPU
		{CDBDA6FB-1859-436C-9431-8961D40FEFD4}.Debug|Mixed Platforms.ActiveCfg = Debug|Any CPU
		{CDBDA6FB-1859-436C-9431-8961D40FEFD4}.Debug|Mixed Platforms.Build.0 = Debug|Any CPU
		{CDBDA6FB-1859-436C-9431-8961D40FEFD4}.Debug|x86.ActiveCfg = Debug|Any CPU
		{CDBDA6FB-1859-436C-9431-8961D40FEFD4}.Release|Any CPU.ActiveCfg = Release|Any CPU
		{CDBDA6FB-1859-436C-9431-8961D40FEFD4}.Release|Any CPU.Build.0 = Release|Any CPU
		{CDBDA6FB-1859-436C-9431-8961D40FEFD4}.Release|Mixed Platforms.ActiveCfg = Release|Any CPU
		{CDBDA6FB-1859-436C-9431-8961D40FEFD4}.Release|Mixed Platforms.Build.0 = Release|Any CPU
		{CDBDA6FB-1859-436C-9431-8961D40FEFD4}.Release|x86.ActiveCfg = Release|Any CPU
		{8601FE88-A8F7-44F4-B76F-757F7AF0E38F}.Debug|Any CPU.ActiveCfg = Debug|Any CPU
		{8601FE88-A8F7-44F4-B76F-757F7AF0E38F}.Debug|Any CPU.Build.0 = Debug|Any CPU
		{8601FE88-A8F7-44F4-B76F-757F7AF0E38F}.Debug|Mixed Platforms.ActiveCfg = Debug|Any CPU
		{8601FE88-A8F7-44F4-B76F-757F7AF0E38F}.Debug|Mixed Platforms.Build.0 = Debug|Any CPU
		{8601FE88-A8F7-44F4-B76F-757F7AF0E38F}.Debug|x86.ActiveCfg = Debug|Any CPU
		{8601FE88-A8F7-44F4-B76F-757F7AF0E38F}.Release|Any CPU.ActiveCfg = Release|Any CPU
		{8601FE88-A8F7-44F4-B76F-757F7AF0E38F}.Release|Any CPU.Build.0 = Release|Any CPU
		{8601FE88-A8F7-44F4-B76F-757F7AF0E38F}.Release|Mixed Platforms.ActiveCfg = Release|Any CPU
		{8601FE88-A8F7-44F4-B76F-757F7AF0E38F}.Release|Mixed Platforms.Build.0 = Release|Any CPU
		{8601FE88-A8F7-44F4-B76F-757F7AF0E38F}.Release|x86.ActiveCfg = Release|Any CPU
		{E2627ACC-DA1B-48E9-AEF8-8A9AEB659F4C}.Debug|Any CPU.ActiveCfg = Debug|Any CPU
		{E2627ACC-DA1B-48E9-AEF8-8A9AEB659F4C}.Debug|Any CPU.Build.0 = Debug|Any CPU
		{E2627ACC-DA1B-48E9-AEF8-8A9AEB659F4C}.Debug|Mixed Platforms.ActiveCfg = Debug|Any CPU
		{E2627ACC-DA1B-48E9-AEF8-8A9AEB659F4C}.Debug|Mixed Platforms.Build.0 = Debug|Any CPU
		{E2627ACC-DA1B-48E9-AEF8-8A9AEB659F4C}.Debug|x86.ActiveCfg = Debug|Any CPU
		{E2627ACC-DA1B-48E9-AEF8-8A9AEB659F4C}.Release|Any CPU.ActiveCfg = Release|Any CPU
		{E2627ACC-DA1B-48E9-AEF8-8A9AEB659F4C}.Release|Any CPU.Build.0 = Release|Any CPU
		{E2627ACC-DA1B-48E9-AEF8-8A9AEB659F4C}.Release|Mixed Platforms.ActiveCfg = Release|Any CPU
		{E2627ACC-DA1B-48E9-AEF8-8A9AEB659F4C}.Release|Mixed Platforms.Build.0 = Release|Any CPU
		{E2627ACC-DA1B-48E9-AEF8-8A9AEB659F4C}.Release|x86.ActiveCfg = Release|Any CPU
		{B7F6CBA8-C69C-4D09-9170-E1CB7F0E0A14}.Debug|Any CPU.ActiveCfg = Debug|Any CPU
		{B7F6CBA8-C69C-4D09-9170-E1CB7F0E0A14}.Debug|Any CPU.Build.0 = Debug|Any CPU
		{B7F6CBA8-C69C-4D09-9170-E1CB7F0E0A14}.Debug|Mixed Platforms.ActiveCfg = Debug|Any CPU
		{B7F6CBA8-C69C-4D09-9170-E1CB7F0E0A14}.Debug|Mixed Platforms.Build.0 = Debug|Any CPU
		{B7F6CBA8-C69C-4D09-9170-E1CB7F0E0A14}.Debug|x86.ActiveCfg = Debug|Any CPU
		{B7F6CBA8-C69C-4D09-9170-E1CB7F0E0A14}.Release|Any CPU.ActiveCfg = Release|Any CPU
		{B7F6CBA8-C69C-4D09-9170-E1CB7F0E0A14}.Release|Any CPU.Build.0 = Release|Any CPU
		{B7F6CBA8-C69C-4D09-9170-E1CB7F0E0A14}.Release|Mixed Platforms.ActiveCfg = Release|Any CPU
		{B7F6CBA8-C69C-4D09-9170-E1CB7F0E0A14}.Release|Mixed Platforms.Build.0 = Release|Any CPU
		{B7F6CBA8-C69C-4D09-9170-E1CB7F0E0A14}.Release|x86.ActiveCfg = Release|Any CPU
		{ABF62703-BD21-436E-BF2B-A4164371FEFA}.Debug|Any CPU.ActiveCfg = Debug|Any CPU
		{ABF62703-BD21-436E-BF2B-A4164371FEFA}.Debug|Any CPU.Build.0 = Debug|Any CPU
		{ABF62703-BD21-436E-BF2B-A4164371FEFA}.Debug|Mixed Platforms.ActiveCfg = Debug|Any CPU
		{ABF62703-BD21-436E-BF2B-A4164371FEFA}.Debug|Mixed Platforms.Build.0 = Debug|Any CPU
		{ABF62703-BD21-436E-BF2B-A4164371FEFA}.Debug|x86.ActiveCfg = Debug|Any CPU
		{ABF62703-BD21-436E-BF2B-A4164371FEFA}.Release|Any CPU.ActiveCfg = Release|Any CPU
		{ABF62703-BD21-436E-BF2B-A4164371FEFA}.Release|Any CPU.Build.0 = Release|Any CPU
		{ABF62703-BD21-436E-BF2B-A4164371FEFA}.Release|Mixed Platforms.ActiveCfg = Release|Any CPU
		{ABF62703-BD21-436E-BF2B-A4164371FEFA}.Release|Mixed Platforms.Build.0 = Release|Any CPU
		{ABF62703-BD21-436E-BF2B-A4164371FEFA}.Release|x86.ActiveCfg = Release|Any CPU
		{21A06517-7423-40EE-A13C-2D581861EA87}.Debug|Any CPU.ActiveCfg = Debug|Any CPU
		{21A06517-7423-40EE-A13C-2D581861EA87}.Debug|Any CPU.Build.0 = Debug|Any CPU
		{21A06517-7423-40EE-A13C-2D581861EA87}.Debug|Mixed Platforms.ActiveCfg = Debug|Any CPU
		{21A06517-7423-40EE-A13C-2D581861EA87}.Debug|Mixed Platforms.Build.0 = Debug|Any CPU
		{21A06517-7423-40EE-A13C-2D581861EA87}.Debug|x86.ActiveCfg = Debug|Any CPU
		{21A06517-7423-40EE-A13C-2D581861EA87}.Release|Any CPU.ActiveCfg = Release|Any CPU
		{21A06517-7423-40EE-A13C-2D581861EA87}.Release|Any CPU.Build.0 = Release|Any CPU
		{21A06517-7423-40EE-A13C-2D581861EA87}.Release|Mixed Platforms.ActiveCfg = Release|Any CPU
		{21A06517-7423-40EE-A13C-2D581861EA87}.Release|Mixed Platforms.Build.0 = Release|Any CPU
		{21A06517-7423-40EE-A13C-2D581861EA87}.Release|x86.ActiveCfg = Release|Any CPU
		{F448835F-0E4E-49D3-9EDC-C98D43D7120D}.Debug|Any CPU.ActiveCfg = Debug|Any CPU
		{F448835F-0E4E-49D3-9EDC-C98D43D7120D}.Debug|Any CPU.Build.0 = Debug|Any CPU
		{F448835F-0E4E-49D3-9EDC-C98D43D7120D}.Debug|Mixed Platforms.ActiveCfg = Debug|Any CPU
		{F448835F-0E4E-49D3-9EDC-C98D43D7120D}.Debug|Mixed Platforms.Build.0 = Debug|Any CPU
		{F448835F-0E4E-49D3-9EDC-C98D43D7120D}.Debug|x86.ActiveCfg = Debug|Any CPU
		{F448835F-0E4E-49D3-9EDC-C98D43D7120D}.Release|Any CPU.ActiveCfg = Release|Any CPU
		{F448835F-0E4E-49D3-9EDC-C98D43D7120D}.Release|Any CPU.Build.0 = Release|Any CPU
		{F448835F-0E4E-49D3-9EDC-C98D43D7120D}.Release|Mixed Platforms.ActiveCfg = Release|Any CPU
		{F448835F-0E4E-49D3-9EDC-C98D43D7120D}.Release|Mixed Platforms.Build.0 = Release|Any CPU
		{F448835F-0E4E-49D3-9EDC-C98D43D7120D}.Release|x86.ActiveCfg = Release|Any CPU
		{FE3B7F6C-DA6E-40A9-99EC-20A9E0118170}.Debug|Any CPU.ActiveCfg = Debug|Any CPU
		{FE3B7F6C-DA6E-40A9-99EC-20A9E0118170}.Debug|Any CPU.Build.0 = Debug|Any CPU
		{FE3B7F6C-DA6E-40A9-99EC-20A9E0118170}.Debug|Mixed Platforms.ActiveCfg = Debug|Any CPU
		{FE3B7F6C-DA6E-40A9-99EC-20A9E0118170}.Debug|Mixed Platforms.Build.0 = Debug|Any CPU
		{FE3B7F6C-DA6E-40A9-99EC-20A9E0118170}.Debug|x86.ActiveCfg = Debug|Any CPU
		{FE3B7F6C-DA6E-40A9-99EC-20A9E0118170}.Release|Any CPU.ActiveCfg = Release|Any CPU
		{FE3B7F6C-DA6E-40A9-99EC-20A9E0118170}.Release|Any CPU.Build.0 = Release|Any CPU
		{FE3B7F6C-DA6E-40A9-99EC-20A9E0118170}.Release|Mixed Platforms.ActiveCfg = Release|Any CPU
		{FE3B7F6C-DA6E-40A9-99EC-20A9E0118170}.Release|Mixed Platforms.Build.0 = Release|Any CPU
		{FE3B7F6C-DA6E-40A9-99EC-20A9E0118170}.Release|x86.ActiveCfg = Release|Any CPU
		{8F98C191-576C-4327-B37D-82AADD01FE84}.Debug|Any CPU.ActiveCfg = Debug|Any CPU
		{8F98C191-576C-4327-B37D-82AADD01FE84}.Debug|Any CPU.Build.0 = Debug|Any CPU
		{8F98C191-576C-4327-B37D-82AADD01FE84}.Debug|Mixed Platforms.ActiveCfg = Debug|Any CPU
		{8F98C191-576C-4327-B37D-82AADD01FE84}.Debug|Mixed Platforms.Build.0 = Debug|Any CPU
		{8F98C191-576C-4327-B37D-82AADD01FE84}.Debug|x86.ActiveCfg = Debug|Any CPU
		{8F98C191-576C-4327-B37D-82AADD01FE84}.Release|Any CPU.ActiveCfg = Release|Any CPU
		{8F98C191-576C-4327-B37D-82AADD01FE84}.Release|Any CPU.Build.0 = Release|Any CPU
		{8F98C191-576C-4327-B37D-82AADD01FE84}.Release|Mixed Platforms.ActiveCfg = Release|Any CPU
		{8F98C191-576C-4327-B37D-82AADD01FE84}.Release|Mixed Platforms.Build.0 = Release|Any CPU
		{8F98C191-576C-4327-B37D-82AADD01FE84}.Release|x86.ActiveCfg = Release|Any CPU
		{023230B3-8317-4226-AF1B-38DD7BCA4638}.Debug|Any CPU.ActiveCfg = Debug|Any CPU
		{023230B3-8317-4226-AF1B-38DD7BCA4638}.Debug|Any CPU.Build.0 = Debug|Any CPU
		{023230B3-8317-4226-AF1B-38DD7BCA4638}.Debug|Mixed Platforms.ActiveCfg = Debug|Any CPU
		{023230B3-8317-4226-AF1B-38DD7BCA4638}.Debug|Mixed Platforms.Build.0 = Debug|Any CPU
		{023230B3-8317-4226-AF1B-38DD7BCA4638}.Debug|x86.ActiveCfg = Debug|Any CPU
		{023230B3-8317-4226-AF1B-38DD7BCA4638}.Release|Any CPU.ActiveCfg = Release|Any CPU
		{023230B3-8317-4226-AF1B-38DD7BCA4638}.Release|Any CPU.Build.0 = Release|Any CPU
		{023230B3-8317-4226-AF1B-38DD7BCA4638}.Release|Mixed Platforms.ActiveCfg = Release|Any CPU
		{023230B3-8317-4226-AF1B-38DD7BCA4638}.Release|Mixed Platforms.Build.0 = Release|Any CPU
		{023230B3-8317-4226-AF1B-38DD7BCA4638}.Release|x86.ActiveCfg = Release|Any CPU
		{D284DF30-7983-41C4-9A72-4085532EAEAF}.Debug|Any CPU.ActiveCfg = Debug|Any CPU
		{D284DF30-7983-41C4-9A72-4085532EAEAF}.Debug|Any CPU.Build.0 = Debug|Any CPU
		{D284DF30-7983-41C4-9A72-4085532EAEAF}.Debug|Mixed Platforms.ActiveCfg = Debug|Any CPU
		{D284DF30-7983-41C4-9A72-4085532EAEAF}.Debug|Mixed Platforms.Build.0 = Debug|Any CPU
		{D284DF30-7983-41C4-9A72-4085532EAEAF}.Debug|x86.ActiveCfg = Debug|Any CPU
		{D284DF30-7983-41C4-9A72-4085532EAEAF}.Release|Any CPU.ActiveCfg = Release|Any CPU
		{D284DF30-7983-41C4-9A72-4085532EAEAF}.Release|Any CPU.Build.0 = Release|Any CPU
		{D284DF30-7983-41C4-9A72-4085532EAEAF}.Release|Mixed Platforms.ActiveCfg = Release|Any CPU
		{D284DF30-7983-41C4-9A72-4085532EAEAF}.Release|Mixed Platforms.Build.0 = Release|Any CPU
		{D284DF30-7983-41C4-9A72-4085532EAEAF}.Release|x86.ActiveCfg = Release|Any CPU
		{3F47A774-E704-46BC-8A09-BF243EEA9DD1}.Debug|Any CPU.ActiveCfg = Debug|Any CPU
		{3F47A774-E704-46BC-8A09-BF243EEA9DD1}.Debug|Any CPU.Build.0 = Debug|Any CPU
		{3F47A774-E704-46BC-8A09-BF243EEA9DD1}.Debug|Mixed Platforms.ActiveCfg = Debug|Any CPU
		{3F47A774-E704-46BC-8A09-BF243EEA9DD1}.Debug|Mixed Platforms.Build.0 = Debug|Any CPU
		{3F47A774-E704-46BC-8A09-BF243EEA9DD1}.Debug|x86.ActiveCfg = Debug|Any CPU
		{3F47A774-E704-46BC-8A09-BF243EEA9DD1}.Release|Any CPU.ActiveCfg = Release|Any CPU
		{3F47A774-E704-46BC-8A09-BF243EEA9DD1}.Release|Any CPU.Build.0 = Release|Any CPU
		{3F47A774-E704-46BC-8A09-BF243EEA9DD1}.Release|Mixed Platforms.ActiveCfg = Release|Any CPU
		{3F47A774-E704-46BC-8A09-BF243EEA9DD1}.Release|Mixed Platforms.Build.0 = Release|Any CPU
		{3F47A774-E704-46BC-8A09-BF243EEA9DD1}.Release|x86.ActiveCfg = Release|Any CPU
		{61D96629-DEFB-4F17-8D10-1336AC34F5D2}.Debug|Any CPU.ActiveCfg = Debug|Any CPU
		{61D96629-DEFB-4F17-8D10-1336AC34F5D2}.Debug|Any CPU.Build.0 = Debug|Any CPU
		{61D96629-DEFB-4F17-8D10-1336AC34F5D2}.Debug|Mixed Platforms.ActiveCfg = Debug|Any CPU
		{61D96629-DEFB-4F17-8D10-1336AC34F5D2}.Debug|Mixed Platforms.Build.0 = Debug|Any CPU
		{61D96629-DEFB-4F17-8D10-1336AC34F5D2}.Debug|x86.ActiveCfg = Debug|Any CPU
		{61D96629-DEFB-4F17-8D10-1336AC34F5D2}.Release|Any CPU.ActiveCfg = Release|Any CPU
		{61D96629-DEFB-4F17-8D10-1336AC34F5D2}.Release|Any CPU.Build.0 = Release|Any CPU
		{61D96629-DEFB-4F17-8D10-1336AC34F5D2}.Release|Mixed Platforms.ActiveCfg = Release|Any CPU
		{61D96629-DEFB-4F17-8D10-1336AC34F5D2}.Release|Mixed Platforms.Build.0 = Release|Any CPU
		{61D96629-DEFB-4F17-8D10-1336AC34F5D2}.Release|x86.ActiveCfg = Release|Any CPU
		{18FF09B1-8349-4DEB-B8AE-AB70D7D8E53F}.Debug|Any CPU.ActiveCfg = Debug|Any CPU
		{18FF09B1-8349-4DEB-B8AE-AB70D7D8E53F}.Debug|Any CPU.Build.0 = Debug|Any CPU
		{18FF09B1-8349-4DEB-B8AE-AB70D7D8E53F}.Debug|Mixed Platforms.ActiveCfg = Debug|Any CPU
		{18FF09B1-8349-4DEB-B8AE-AB70D7D8E53F}.Debug|Mixed Platforms.Build.0 = Debug|Any CPU
		{18FF09B1-8349-4DEB-B8AE-AB70D7D8E53F}.Debug|x86.ActiveCfg = Debug|Any CPU
		{18FF09B1-8349-4DEB-B8AE-AB70D7D8E53F}.Release|Any CPU.ActiveCfg = Release|Any CPU
		{18FF09B1-8349-4DEB-B8AE-AB70D7D8E53F}.Release|Any CPU.Build.0 = Release|Any CPU
		{18FF09B1-8349-4DEB-B8AE-AB70D7D8E53F}.Release|Mixed Platforms.ActiveCfg = Release|Any CPU
		{18FF09B1-8349-4DEB-B8AE-AB70D7D8E53F}.Release|Mixed Platforms.Build.0 = Release|Any CPU
		{18FF09B1-8349-4DEB-B8AE-AB70D7D8E53F}.Release|x86.ActiveCfg = Release|Any CPU
		{E99BC805-4CD7-4D59-B9E6-599A7BFC9B62}.Debug|Any CPU.ActiveCfg = Debug|Any CPU
		{E99BC805-4CD7-4D59-B9E6-599A7BFC9B62}.Debug|Any CPU.Build.0 = Debug|Any CPU
		{E99BC805-4CD7-4D59-B9E6-599A7BFC9B62}.Debug|Mixed Platforms.ActiveCfg = Debug|Any CPU
		{E99BC805-4CD7-4D59-B9E6-599A7BFC9B62}.Debug|Mixed Platforms.Build.0 = Debug|Any CPU
		{E99BC805-4CD7-4D59-B9E6-599A7BFC9B62}.Debug|x86.ActiveCfg = Debug|Any CPU
		{E99BC805-4CD7-4D59-B9E6-599A7BFC9B62}.Release|Any CPU.ActiveCfg = Release|Any CPU
		{E99BC805-4CD7-4D59-B9E6-599A7BFC9B62}.Release|Any CPU.Build.0 = Release|Any CPU
		{E99BC805-4CD7-4D59-B9E6-599A7BFC9B62}.Release|Mixed Platforms.ActiveCfg = Release|Any CPU
		{E99BC805-4CD7-4D59-B9E6-599A7BFC9B62}.Release|Mixed Platforms.Build.0 = Release|Any CPU
		{E99BC805-4CD7-4D59-B9E6-599A7BFC9B62}.Release|x86.ActiveCfg = Release|Any CPU
		{BAA76D7C-B52A-42F9-9C73-435B3599DF8A}.Debug|Any CPU.ActiveCfg = Debug|Any CPU
		{BAA76D7C-B52A-42F9-9C73-435B3599DF8A}.Debug|Any CPU.Build.0 = Debug|Any CPU
		{BAA76D7C-B52A-42F9-9C73-435B3599DF8A}.Debug|Mixed Platforms.ActiveCfg = Debug|Any CPU
		{BAA76D7C-B52A-42F9-9C73-435B3599DF8A}.Debug|Mixed Platforms.Build.0 = Debug|Any CPU
		{BAA76D7C-B52A-42F9-9C73-435B3599DF8A}.Debug|x86.ActiveCfg = Debug|Any CPU
		{BAA76D7C-B52A-42F9-9C73-435B3599DF8A}.Release|Any CPU.ActiveCfg = Release|Any CPU
		{BAA76D7C-B52A-42F9-9C73-435B3599DF8A}.Release|Any CPU.Build.0 = Release|Any CPU
		{BAA76D7C-B52A-42F9-9C73-435B3599DF8A}.Release|Mixed Platforms.ActiveCfg = Release|Any CPU
		{BAA76D7C-B52A-42F9-9C73-435B3599DF8A}.Release|Mixed Platforms.Build.0 = Release|Any CPU
		{BAA76D7C-B52A-42F9-9C73-435B3599DF8A}.Release|x86.ActiveCfg = Release|Any CPU
		{1C27B360-15AC-458E-B408-2E4BD0DA9E80}.Debug|Any CPU.ActiveCfg = Debug|Any CPU
		{1C27B360-15AC-458E-B408-2E4BD0DA9E80}.Debug|Any CPU.Build.0 = Debug|Any CPU
		{1C27B360-15AC-458E-B408-2E4BD0DA9E80}.Debug|Mixed Platforms.ActiveCfg = Debug|Any CPU
		{1C27B360-15AC-458E-B408-2E4BD0DA9E80}.Debug|Mixed Platforms.Build.0 = Debug|Any CPU
		{1C27B360-15AC-458E-B408-2E4BD0DA9E80}.Debug|x86.ActiveCfg = Debug|Any CPU
		{1C27B360-15AC-458E-B408-2E4BD0DA9E80}.Release|Any CPU.ActiveCfg = Release|Any CPU
		{1C27B360-15AC-458E-B408-2E4BD0DA9E80}.Release|Any CPU.Build.0 = Release|Any CPU
		{1C27B360-15AC-458E-B408-2E4BD0DA9E80}.Release|Mixed Platforms.ActiveCfg = Release|Any CPU
		{1C27B360-15AC-458E-B408-2E4BD0DA9E80}.Release|Mixed Platforms.Build.0 = Release|Any CPU
		{1C27B360-15AC-458E-B408-2E4BD0DA9E80}.Release|x86.ActiveCfg = Release|Any CPU
		{8C3909E3-0E95-4908-A121-DA92B76AA5CF}.Debug|Any CPU.ActiveCfg = Debug|Any CPU
		{8C3909E3-0E95-4908-A121-DA92B76AA5CF}.Debug|Any CPU.Build.0 = Debug|Any CPU
		{8C3909E3-0E95-4908-A121-DA92B76AA5CF}.Debug|Mixed Platforms.ActiveCfg = Debug|Any CPU
		{8C3909E3-0E95-4908-A121-DA92B76AA5CF}.Debug|Mixed Platforms.Build.0 = Debug|Any CPU
		{8C3909E3-0E95-4908-A121-DA92B76AA5CF}.Debug|x86.ActiveCfg = Debug|Any CPU
		{8C3909E3-0E95-4908-A121-DA92B76AA5CF}.Release|Any CPU.ActiveCfg = Release|Any CPU
		{8C3909E3-0E95-4908-A121-DA92B76AA5CF}.Release|Any CPU.Build.0 = Release|Any CPU
		{8C3909E3-0E95-4908-A121-DA92B76AA5CF}.Release|Mixed Platforms.ActiveCfg = Release|Any CPU
		{8C3909E3-0E95-4908-A121-DA92B76AA5CF}.Release|Mixed Platforms.Build.0 = Release|Any CPU
		{8C3909E3-0E95-4908-A121-DA92B76AA5CF}.Release|x86.ActiveCfg = Release|Any CPU
		{D66B7002-3D6C-4B47-9B08-8DAF4F7FFF82}.Debug|Any CPU.ActiveCfg = Debug|Any CPU
		{D66B7002-3D6C-4B47-9B08-8DAF4F7FFF82}.Debug|Any CPU.Build.0 = Debug|Any CPU
		{D66B7002-3D6C-4B47-9B08-8DAF4F7FFF82}.Debug|Mixed Platforms.ActiveCfg = Debug|Any CPU
		{D66B7002-3D6C-4B47-9B08-8DAF4F7FFF82}.Debug|Mixed Platforms.Build.0 = Debug|Any CPU
		{D66B7002-3D6C-4B47-9B08-8DAF4F7FFF82}.Debug|x86.ActiveCfg = Debug|Any CPU
		{D66B7002-3D6C-4B47-9B08-8DAF4F7FFF82}.Release|Any CPU.ActiveCfg = Release|Any CPU
		{D66B7002-3D6C-4B47-9B08-8DAF4F7FFF82}.Release|Any CPU.Build.0 = Release|Any CPU
		{D66B7002-3D6C-4B47-9B08-8DAF4F7FFF82}.Release|Mixed Platforms.ActiveCfg = Release|Any CPU
		{D66B7002-3D6C-4B47-9B08-8DAF4F7FFF82}.Release|Mixed Platforms.Build.0 = Release|Any CPU
		{D66B7002-3D6C-4B47-9B08-8DAF4F7FFF82}.Release|x86.ActiveCfg = Release|Any CPU
		{2D991FC3-2314-4785-9C06-8F558FEDD154}.Debug|Any CPU.ActiveCfg = Debug|Any CPU
		{2D991FC3-2314-4785-9C06-8F558FEDD154}.Debug|Any CPU.Build.0 = Debug|Any CPU
		{2D991FC3-2314-4785-9C06-8F558FEDD154}.Debug|Mixed Platforms.ActiveCfg = Debug|Any CPU
		{2D991FC3-2314-4785-9C06-8F558FEDD154}.Debug|Mixed Platforms.Build.0 = Debug|Any CPU
		{2D991FC3-2314-4785-9C06-8F558FEDD154}.Debug|x86.ActiveCfg = Debug|Any CPU
		{2D991FC3-2314-4785-9C06-8F558FEDD154}.Release|Any CPU.ActiveCfg = Release|Any CPU
		{2D991FC3-2314-4785-9C06-8F558FEDD154}.Release|Any CPU.Build.0 = Release|Any CPU
		{2D991FC3-2314-4785-9C06-8F558FEDD154}.Release|Mixed Platforms.ActiveCfg = Release|Any CPU
		{2D991FC3-2314-4785-9C06-8F558FEDD154}.Release|Mixed Platforms.Build.0 = Release|Any CPU
		{2D991FC3-2314-4785-9C06-8F558FEDD154}.Release|x86.ActiveCfg = Release|Any CPU
		{ECE8E9AA-A561-4BDA-9CEB-24EDA1534D3A}.Debug|Any CPU.ActiveCfg = Debug|Any CPU
		{ECE8E9AA-A561-4BDA-9CEB-24EDA1534D3A}.Debug|Any CPU.Build.0 = Debug|Any CPU
		{ECE8E9AA-A561-4BDA-9CEB-24EDA1534D3A}.Debug|Mixed Platforms.ActiveCfg = Debug|Any CPU
		{ECE8E9AA-A561-4BDA-9CEB-24EDA1534D3A}.Debug|Mixed Platforms.Build.0 = Debug|Any CPU
		{ECE8E9AA-A561-4BDA-9CEB-24EDA1534D3A}.Debug|x86.ActiveCfg = Debug|Any CPU
		{ECE8E9AA-A561-4BDA-9CEB-24EDA1534D3A}.Release|Any CPU.ActiveCfg = Release|Any CPU
		{ECE8E9AA-A561-4BDA-9CEB-24EDA1534D3A}.Release|Any CPU.Build.0 = Release|Any CPU
		{ECE8E9AA-A561-4BDA-9CEB-24EDA1534D3A}.Release|Mixed Platforms.ActiveCfg = Release|Any CPU
		{ECE8E9AA-A561-4BDA-9CEB-24EDA1534D3A}.Release|Mixed Platforms.Build.0 = Release|Any CPU
		{ECE8E9AA-A561-4BDA-9CEB-24EDA1534D3A}.Release|x86.ActiveCfg = Release|Any CPU
		{F72930F3-FD52-4604-AB39-0DEFCEEDB4D6}.Debug|Any CPU.ActiveCfg = Debug|Any CPU
		{F72930F3-FD52-4604-AB39-0DEFCEEDB4D6}.Debug|Any CPU.Build.0 = Debug|Any CPU
		{F72930F3-FD52-4604-AB39-0DEFCEEDB4D6}.Debug|Mixed Platforms.ActiveCfg = Debug|Any CPU
		{F72930F3-FD52-4604-AB39-0DEFCEEDB4D6}.Debug|Mixed Platforms.Build.0 = Debug|Any CPU
		{F72930F3-FD52-4604-AB39-0DEFCEEDB4D6}.Debug|x86.ActiveCfg = Debug|Any CPU
		{F72930F3-FD52-4604-AB39-0DEFCEEDB4D6}.Debug|x86.Build.0 = Debug|Any CPU
		{F72930F3-FD52-4604-AB39-0DEFCEEDB4D6}.Release|Any CPU.ActiveCfg = Release|Any CPU
		{F72930F3-FD52-4604-AB39-0DEFCEEDB4D6}.Release|Any CPU.Build.0 = Release|Any CPU
		{F72930F3-FD52-4604-AB39-0DEFCEEDB4D6}.Release|Mixed Platforms.ActiveCfg = Release|Any CPU
		{F72930F3-FD52-4604-AB39-0DEFCEEDB4D6}.Release|Mixed Platforms.Build.0 = Release|Any CPU
		{F72930F3-FD52-4604-AB39-0DEFCEEDB4D6}.Release|x86.ActiveCfg = Release|Any CPU
		{F72930F3-FD52-4604-AB39-0DEFCEEDB4D6}.Release|x86.Build.0 = Release|Any CPU
		{538EF1DD-7316-47B8-B86E-2128D718348B}.Debug|Any CPU.ActiveCfg = Debug|Any CPU
		{538EF1DD-7316-47B8-B86E-2128D718348B}.Debug|Any CPU.Build.0 = Debug|Any CPU
		{538EF1DD-7316-47B8-B86E-2128D718348B}.Debug|Mixed Platforms.ActiveCfg = Debug|Any CPU
		{538EF1DD-7316-47B8-B86E-2128D718348B}.Debug|Mixed Platforms.Build.0 = Debug|Any CPU
		{538EF1DD-7316-47B8-B86E-2128D718348B}.Debug|x86.ActiveCfg = Debug|Any CPU
		{538EF1DD-7316-47B8-B86E-2128D718348B}.Debug|x86.Build.0 = Debug|Any CPU
		{538EF1DD-7316-47B8-B86E-2128D718348B}.Release|Any CPU.ActiveCfg = Release|Any CPU
		{538EF1DD-7316-47B8-B86E-2128D718348B}.Release|Any CPU.Build.0 = Release|Any CPU
		{538EF1DD-7316-47B8-B86E-2128D718348B}.Release|Mixed Platforms.ActiveCfg = Release|Any CPU
		{538EF1DD-7316-47B8-B86E-2128D718348B}.Release|Mixed Platforms.Build.0 = Release|Any CPU
		{538EF1DD-7316-47B8-B86E-2128D718348B}.Release|x86.ActiveCfg = Release|Any CPU
		{538EF1DD-7316-47B8-B86E-2128D718348B}.Release|x86.Build.0 = Release|Any CPU
		{FC5EE739-C983-4817-9523-244B705E1A4D}.Debug|Any CPU.ActiveCfg = Debug|Any CPU
		{FC5EE739-C983-4817-9523-244B705E1A4D}.Debug|Any CPU.Build.0 = Debug|Any CPU
		{FC5EE739-C983-4817-9523-244B705E1A4D}.Debug|Mixed Platforms.ActiveCfg = Debug|Any CPU
		{FC5EE739-C983-4817-9523-244B705E1A4D}.Debug|Mixed Platforms.Build.0 = Debug|Any CPU
		{FC5EE739-C983-4817-9523-244B705E1A4D}.Debug|x86.ActiveCfg = Debug|Any CPU
		{FC5EE739-C983-4817-9523-244B705E1A4D}.Debug|x86.Build.0 = Debug|Any CPU
		{FC5EE739-C983-4817-9523-244B705E1A4D}.Release|Any CPU.ActiveCfg = Release|Any CPU
		{FC5EE739-C983-4817-9523-244B705E1A4D}.Release|Any CPU.Build.0 = Release|Any CPU
		{FC5EE739-C983-4817-9523-244B705E1A4D}.Release|Mixed Platforms.ActiveCfg = Release|Any CPU
		{FC5EE739-C983-4817-9523-244B705E1A4D}.Release|Mixed Platforms.Build.0 = Release|Any CPU
		{FC5EE739-C983-4817-9523-244B705E1A4D}.Release|x86.ActiveCfg = Release|Any CPU
		{FC5EE739-C983-4817-9523-244B705E1A4D}.Release|x86.Build.0 = Release|Any CPU
		{1EDA7799-6BA6-44C7-BCDE-C2AEE1AE8665}.Debug|Any CPU.ActiveCfg = Debug|Any CPU
		{1EDA7799-6BA6-44C7-BCDE-C2AEE1AE8665}.Debug|Any CPU.Build.0 = Debug|Any CPU
		{1EDA7799-6BA6-44C7-BCDE-C2AEE1AE8665}.Debug|Mixed Platforms.ActiveCfg = Debug|Any CPU
		{1EDA7799-6BA6-44C7-BCDE-C2AEE1AE8665}.Debug|Mixed Platforms.Build.0 = Debug|Any CPU
		{1EDA7799-6BA6-44C7-BCDE-C2AEE1AE8665}.Debug|x86.ActiveCfg = Debug|Any CPU
		{1EDA7799-6BA6-44C7-BCDE-C2AEE1AE8665}.Debug|x86.Build.0 = Debug|Any CPU
		{1EDA7799-6BA6-44C7-BCDE-C2AEE1AE8665}.Release|Any CPU.ActiveCfg = Release|Any CPU
		{1EDA7799-6BA6-44C7-BCDE-C2AEE1AE8665}.Release|Any CPU.Build.0 = Release|Any CPU
		{1EDA7799-6BA6-44C7-BCDE-C2AEE1AE8665}.Release|Mixed Platforms.ActiveCfg = Release|Any CPU
		{1EDA7799-6BA6-44C7-BCDE-C2AEE1AE8665}.Release|Mixed Platforms.Build.0 = Release|Any CPU
		{1EDA7799-6BA6-44C7-BCDE-C2AEE1AE8665}.Release|x86.ActiveCfg = Release|Any CPU
		{1EDA7799-6BA6-44C7-BCDE-C2AEE1AE8665}.Release|x86.Build.0 = Release|Any CPU
		{921BA0E2-EADE-4C0F-A4D1-4CFE41BFEDE4}.Debug|Any CPU.ActiveCfg = Debug|Any CPU
		{921BA0E2-EADE-4C0F-A4D1-4CFE41BFEDE4}.Debug|Any CPU.Build.0 = Debug|Any CPU
		{921BA0E2-EADE-4C0F-A4D1-4CFE41BFEDE4}.Debug|Mixed Platforms.ActiveCfg = Debug|Any CPU
		{921BA0E2-EADE-4C0F-A4D1-4CFE41BFEDE4}.Debug|Mixed Platforms.Build.0 = Debug|Any CPU
		{921BA0E2-EADE-4C0F-A4D1-4CFE41BFEDE4}.Debug|x86.ActiveCfg = Debug|Any CPU
		{921BA0E2-EADE-4C0F-A4D1-4CFE41BFEDE4}.Debug|x86.Build.0 = Debug|Any CPU
		{921BA0E2-EADE-4C0F-A4D1-4CFE41BFEDE4}.Release|Any CPU.ActiveCfg = Release|Any CPU
		{921BA0E2-EADE-4C0F-A4D1-4CFE41BFEDE4}.Release|Any CPU.Build.0 = Release|Any CPU
		{921BA0E2-EADE-4C0F-A4D1-4CFE41BFEDE4}.Release|Mixed Platforms.ActiveCfg = Release|Any CPU
		{921BA0E2-EADE-4C0F-A4D1-4CFE41BFEDE4}.Release|Mixed Platforms.Build.0 = Release|Any CPU
		{921BA0E2-EADE-4C0F-A4D1-4CFE41BFEDE4}.Release|x86.ActiveCfg = Release|Any CPU
		{921BA0E2-EADE-4C0F-A4D1-4CFE41BFEDE4}.Release|x86.Build.0 = Release|Any CPU
		{92144C82-3F06-4D7D-839A-63786F06CC98}.Debug|Any CPU.ActiveCfg = Debug|Any CPU
		{92144C82-3F06-4D7D-839A-63786F06CC98}.Debug|Any CPU.Build.0 = Debug|Any CPU
		{92144C82-3F06-4D7D-839A-63786F06CC98}.Debug|Mixed Platforms.ActiveCfg = Debug|Any CPU
		{92144C82-3F06-4D7D-839A-63786F06CC98}.Debug|Mixed Platforms.Build.0 = Debug|Any CPU
		{92144C82-3F06-4D7D-839A-63786F06CC98}.Debug|x86.ActiveCfg = Debug|Any CPU
		{92144C82-3F06-4D7D-839A-63786F06CC98}.Debug|x86.Build.0 = Debug|Any CPU
		{92144C82-3F06-4D7D-839A-63786F06CC98}.Release|Any CPU.ActiveCfg = Release|Any CPU
		{92144C82-3F06-4D7D-839A-63786F06CC98}.Release|Any CPU.Build.0 = Release|Any CPU
		{92144C82-3F06-4D7D-839A-63786F06CC98}.Release|Mixed Platforms.ActiveCfg = Release|Any CPU
		{92144C82-3F06-4D7D-839A-63786F06CC98}.Release|Mixed Platforms.Build.0 = Release|Any CPU
		{92144C82-3F06-4D7D-839A-63786F06CC98}.Release|x86.ActiveCfg = Release|Any CPU
		{92144C82-3F06-4D7D-839A-63786F06CC98}.Release|x86.Build.0 = Release|Any CPU
		{1BFAB007-485D-4170-AECE-8ABF4DFB675F}.Debug|Any CPU.ActiveCfg = Debug|Any CPU
		{1BFAB007-485D-4170-AECE-8ABF4DFB675F}.Debug|Any CPU.Build.0 = Debug|Any CPU
		{1BFAB007-485D-4170-AECE-8ABF4DFB675F}.Debug|Mixed Platforms.ActiveCfg = Debug|Any CPU
		{1BFAB007-485D-4170-AECE-8ABF4DFB675F}.Debug|Mixed Platforms.Build.0 = Debug|Any CPU
		{1BFAB007-485D-4170-AECE-8ABF4DFB675F}.Debug|x86.ActiveCfg = Debug|Any CPU
		{1BFAB007-485D-4170-AECE-8ABF4DFB675F}.Debug|x86.Build.0 = Debug|Any CPU
		{1BFAB007-485D-4170-AECE-8ABF4DFB675F}.Release|Any CPU.ActiveCfg = Release|Any CPU
		{1BFAB007-485D-4170-AECE-8ABF4DFB675F}.Release|Any CPU.Build.0 = Release|Any CPU
		{1BFAB007-485D-4170-AECE-8ABF4DFB675F}.Release|Mixed Platforms.ActiveCfg = Release|Any CPU
		{1BFAB007-485D-4170-AECE-8ABF4DFB675F}.Release|Mixed Platforms.Build.0 = Release|Any CPU
		{1BFAB007-485D-4170-AECE-8ABF4DFB675F}.Release|x86.ActiveCfg = Release|Any CPU
		{1BFAB007-485D-4170-AECE-8ABF4DFB675F}.Release|x86.Build.0 = Release|Any CPU
		{F9E4B13B-9497-4CE4-B698-B9A39C1BE873}.Debug|Any CPU.ActiveCfg = Debug|Any CPU
		{F9E4B13B-9497-4CE4-B698-B9A39C1BE873}.Debug|Any CPU.Build.0 = Debug|Any CPU
		{F9E4B13B-9497-4CE4-B698-B9A39C1BE873}.Debug|Mixed Platforms.ActiveCfg = Debug|Any CPU
		{F9E4B13B-9497-4CE4-B698-B9A39C1BE873}.Debug|Mixed Platforms.Build.0 = Debug|Any CPU
		{F9E4B13B-9497-4CE4-B698-B9A39C1BE873}.Debug|x86.ActiveCfg = Debug|Any CPU
		{F9E4B13B-9497-4CE4-B698-B9A39C1BE873}.Debug|x86.Build.0 = Debug|Any CPU
		{F9E4B13B-9497-4CE4-B698-B9A39C1BE873}.Release|Any CPU.ActiveCfg = Release|Any CPU
		{F9E4B13B-9497-4CE4-B698-B9A39C1BE873}.Release|Any CPU.Build.0 = Release|Any CPU
		{F9E4B13B-9497-4CE4-B698-B9A39C1BE873}.Release|Mixed Platforms.ActiveCfg = Release|Any CPU
		{F9E4B13B-9497-4CE4-B698-B9A39C1BE873}.Release|Mixed Platforms.Build.0 = Release|Any CPU
		{F9E4B13B-9497-4CE4-B698-B9A39C1BE873}.Release|x86.ActiveCfg = Release|Any CPU
		{F9E4B13B-9497-4CE4-B698-B9A39C1BE873}.Release|x86.Build.0 = Release|Any CPU
		{A334977C-FE03-40AD-907E-13F9024AA151}.Debug|Any CPU.ActiveCfg = Debug|Any CPU
		{A334977C-FE03-40AD-907E-13F9024AA151}.Debug|Any CPU.Build.0 = Debug|Any CPU
		{A334977C-FE03-40AD-907E-13F9024AA151}.Debug|Mixed Platforms.ActiveCfg = Debug|Any CPU
		{A334977C-FE03-40AD-907E-13F9024AA151}.Debug|Mixed Platforms.Build.0 = Debug|Any CPU
		{A334977C-FE03-40AD-907E-13F9024AA151}.Debug|x86.ActiveCfg = Debug|Any CPU
		{A334977C-FE03-40AD-907E-13F9024AA151}.Debug|x86.Build.0 = Debug|Any CPU
		{A334977C-FE03-40AD-907E-13F9024AA151}.Release|Any CPU.ActiveCfg = Release|Any CPU
		{A334977C-FE03-40AD-907E-13F9024AA151}.Release|Any CPU.Build.0 = Release|Any CPU
		{A334977C-FE03-40AD-907E-13F9024AA151}.Release|Mixed Platforms.ActiveCfg = Release|Any CPU
		{A334977C-FE03-40AD-907E-13F9024AA151}.Release|Mixed Platforms.Build.0 = Release|Any CPU
		{A334977C-FE03-40AD-907E-13F9024AA151}.Release|x86.ActiveCfg = Release|Any CPU
		{A334977C-FE03-40AD-907E-13F9024AA151}.Release|x86.Build.0 = Release|Any CPU
		{7B60DE41-AC7A-44B5-B09C-D89FA671E4E9}.Debug|Any CPU.ActiveCfg = Debug|Any CPU
		{7B60DE41-AC7A-44B5-B09C-D89FA671E4E9}.Debug|Any CPU.Build.0 = Debug|Any CPU
		{7B60DE41-AC7A-44B5-B09C-D89FA671E4E9}.Debug|Mixed Platforms.ActiveCfg = Debug|Any CPU
		{7B60DE41-AC7A-44B5-B09C-D89FA671E4E9}.Debug|Mixed Platforms.Build.0 = Debug|Any CPU
		{7B60DE41-AC7A-44B5-B09C-D89FA671E4E9}.Debug|x86.ActiveCfg = Debug|Any CPU
		{7B60DE41-AC7A-44B5-B09C-D89FA671E4E9}.Debug|x86.Build.0 = Debug|Any CPU
		{7B60DE41-AC7A-44B5-B09C-D89FA671E4E9}.Release|Any CPU.ActiveCfg = Release|Any CPU
		{7B60DE41-AC7A-44B5-B09C-D89FA671E4E9}.Release|Any CPU.Build.0 = Release|Any CPU
		{7B60DE41-AC7A-44B5-B09C-D89FA671E4E9}.Release|Mixed Platforms.ActiveCfg = Release|Any CPU
		{7B60DE41-AC7A-44B5-B09C-D89FA671E4E9}.Release|Mixed Platforms.Build.0 = Release|Any CPU
		{7B60DE41-AC7A-44B5-B09C-D89FA671E4E9}.Release|x86.ActiveCfg = Release|Any CPU
		{7B60DE41-AC7A-44B5-B09C-D89FA671E4E9}.Release|x86.Build.0 = Release|Any CPU
		{C0F62430-CF2F-4C00-AA89-E9AADDFEC6B3}.Debug|Any CPU.ActiveCfg = Debug|Any CPU
		{C0F62430-CF2F-4C00-AA89-E9AADDFEC6B3}.Debug|Any CPU.Build.0 = Debug|Any CPU
		{C0F62430-CF2F-4C00-AA89-E9AADDFEC6B3}.Debug|Mixed Platforms.ActiveCfg = Debug|Any CPU
		{C0F62430-CF2F-4C00-AA89-E9AADDFEC6B3}.Debug|Mixed Platforms.Build.0 = Debug|Any CPU
		{C0F62430-CF2F-4C00-AA89-E9AADDFEC6B3}.Debug|x86.ActiveCfg = Debug|Any CPU
		{C0F62430-CF2F-4C00-AA89-E9AADDFEC6B3}.Debug|x86.Build.0 = Debug|Any CPU
		{C0F62430-CF2F-4C00-AA89-E9AADDFEC6B3}.Release|Any CPU.ActiveCfg = Release|Any CPU
		{C0F62430-CF2F-4C00-AA89-E9AADDFEC6B3}.Release|Any CPU.Build.0 = Release|Any CPU
		{C0F62430-CF2F-4C00-AA89-E9AADDFEC6B3}.Release|Mixed Platforms.ActiveCfg = Release|Any CPU
		{C0F62430-CF2F-4C00-AA89-E9AADDFEC6B3}.Release|Mixed Platforms.Build.0 = Release|Any CPU
		{C0F62430-CF2F-4C00-AA89-E9AADDFEC6B3}.Release|x86.ActiveCfg = Release|Any CPU
		{C0F62430-CF2F-4C00-AA89-E9AADDFEC6B3}.Release|x86.Build.0 = Release|Any CPU
		{31E7554C-9066-4E19-A5D5-97ED8A0C37A6}.Debug|Any CPU.ActiveCfg = Debug|Any CPU
		{31E7554C-9066-4E19-A5D5-97ED8A0C37A6}.Debug|Any CPU.Build.0 = Debug|Any CPU
		{31E7554C-9066-4E19-A5D5-97ED8A0C37A6}.Debug|Mixed Platforms.ActiveCfg = Debug|Any CPU
		{31E7554C-9066-4E19-A5D5-97ED8A0C37A6}.Debug|Mixed Platforms.Build.0 = Debug|Any CPU
		{31E7554C-9066-4E19-A5D5-97ED8A0C37A6}.Debug|x86.ActiveCfg = Debug|Any CPU
		{31E7554C-9066-4E19-A5D5-97ED8A0C37A6}.Debug|x86.Build.0 = Debug|Any CPU
		{31E7554C-9066-4E19-A5D5-97ED8A0C37A6}.Release|Any CPU.ActiveCfg = Release|Any CPU
		{31E7554C-9066-4E19-A5D5-97ED8A0C37A6}.Release|Any CPU.Build.0 = Release|Any CPU
		{31E7554C-9066-4E19-A5D5-97ED8A0C37A6}.Release|Mixed Platforms.ActiveCfg = Release|Any CPU
		{31E7554C-9066-4E19-A5D5-97ED8A0C37A6}.Release|Mixed Platforms.Build.0 = Release|Any CPU
		{31E7554C-9066-4E19-A5D5-97ED8A0C37A6}.Release|x86.ActiveCfg = Release|Any CPU
		{31E7554C-9066-4E19-A5D5-97ED8A0C37A6}.Release|x86.Build.0 = Release|Any CPU
		{3AC1F43D-BB43-4DA7-99B4-D29E2B649FCF}.Debug|Any CPU.ActiveCfg = Debug|Any CPU
		{3AC1F43D-BB43-4DA7-99B4-D29E2B649FCF}.Debug|Any CPU.Build.0 = Debug|Any CPU
		{3AC1F43D-BB43-4DA7-99B4-D29E2B649FCF}.Debug|Mixed Platforms.ActiveCfg = Debug|Any CPU
		{3AC1F43D-BB43-4DA7-99B4-D29E2B649FCF}.Debug|Mixed Platforms.Build.0 = Debug|Any CPU
		{3AC1F43D-BB43-4DA7-99B4-D29E2B649FCF}.Debug|x86.ActiveCfg = Debug|Any CPU
		{3AC1F43D-BB43-4DA7-99B4-D29E2B649FCF}.Debug|x86.Build.0 = Debug|Any CPU
		{3AC1F43D-BB43-4DA7-99B4-D29E2B649FCF}.Release|Any CPU.ActiveCfg = Release|Any CPU
		{3AC1F43D-BB43-4DA7-99B4-D29E2B649FCF}.Release|Any CPU.Build.0 = Release|Any CPU
		{3AC1F43D-BB43-4DA7-99B4-D29E2B649FCF}.Release|Mixed Platforms.ActiveCfg = Release|Any CPU
		{3AC1F43D-BB43-4DA7-99B4-D29E2B649FCF}.Release|Mixed Platforms.Build.0 = Release|Any CPU
		{3AC1F43D-BB43-4DA7-99B4-D29E2B649FCF}.Release|x86.ActiveCfg = Release|Any CPU
		{3AC1F43D-BB43-4DA7-99B4-D29E2B649FCF}.Release|x86.Build.0 = Release|Any CPU
		{D24BC44C-EBC6-4F28-BF55-1346C84F6FC2}.Debug|Any CPU.ActiveCfg = Debug|Any CPU
		{D24BC44C-EBC6-4F28-BF55-1346C84F6FC2}.Debug|Any CPU.Build.0 = Debug|Any CPU
		{D24BC44C-EBC6-4F28-BF55-1346C84F6FC2}.Debug|Mixed Platforms.ActiveCfg = Debug|Any CPU
		{D24BC44C-EBC6-4F28-BF55-1346C84F6FC2}.Debug|Mixed Platforms.Build.0 = Debug|Any CPU
		{D24BC44C-EBC6-4F28-BF55-1346C84F6FC2}.Debug|x86.ActiveCfg = Debug|Any CPU
		{D24BC44C-EBC6-4F28-BF55-1346C84F6FC2}.Debug|x86.Build.0 = Debug|Any CPU
		{D24BC44C-EBC6-4F28-BF55-1346C84F6FC2}.Release|Any CPU.ActiveCfg = Release|Any CPU
		{D24BC44C-EBC6-4F28-BF55-1346C84F6FC2}.Release|Any CPU.Build.0 = Release|Any CPU
		{D24BC44C-EBC6-4F28-BF55-1346C84F6FC2}.Release|Mixed Platforms.ActiveCfg = Release|Any CPU
		{D24BC44C-EBC6-4F28-BF55-1346C84F6FC2}.Release|Mixed Platforms.Build.0 = Release|Any CPU
		{D24BC44C-EBC6-4F28-BF55-1346C84F6FC2}.Release|x86.ActiveCfg = Release|Any CPU
		{D24BC44C-EBC6-4F28-BF55-1346C84F6FC2}.Release|x86.Build.0 = Release|Any CPU
		{8BBAD617-47EB-4E7B-9B88-D7E1E76165BB}.Debug|Any CPU.ActiveCfg = Debug|Any CPU
		{8BBAD617-47EB-4E7B-9B88-D7E1E76165BB}.Debug|Any CPU.Build.0 = Debug|Any CPU
		{8BBAD617-47EB-4E7B-9B88-D7E1E76165BB}.Debug|Mixed Platforms.ActiveCfg = Debug|Any CPU
		{8BBAD617-47EB-4E7B-9B88-D7E1E76165BB}.Debug|Mixed Platforms.Build.0 = Debug|Any CPU
		{8BBAD617-47EB-4E7B-9B88-D7E1E76165BB}.Debug|x86.ActiveCfg = Debug|Any CPU
		{8BBAD617-47EB-4E7B-9B88-D7E1E76165BB}.Debug|x86.Build.0 = Debug|Any CPU
		{8BBAD617-47EB-4E7B-9B88-D7E1E76165BB}.Release|Any CPU.ActiveCfg = Release|Any CPU
		{8BBAD617-47EB-4E7B-9B88-D7E1E76165BB}.Release|Any CPU.Build.0 = Release|Any CPU
		{8BBAD617-47EB-4E7B-9B88-D7E1E76165BB}.Release|Mixed Platforms.ActiveCfg = Release|Any CPU
		{8BBAD617-47EB-4E7B-9B88-D7E1E76165BB}.Release|Mixed Platforms.Build.0 = Release|Any CPU
		{8BBAD617-47EB-4E7B-9B88-D7E1E76165BB}.Release|x86.ActiveCfg = Release|Any CPU
		{8BBAD617-47EB-4E7B-9B88-D7E1E76165BB}.Release|x86.Build.0 = Release|Any CPU
		{74FC3774-20F7-43E8-8AE8-3EFC629B0A7E}.Debug|Any CPU.ActiveCfg = Debug|Any CPU
		{74FC3774-20F7-43E8-8AE8-3EFC629B0A7E}.Debug|Any CPU.Build.0 = Debug|Any CPU
		{74FC3774-20F7-43E8-8AE8-3EFC629B0A7E}.Debug|Mixed Platforms.ActiveCfg = Debug|Any CPU
		{74FC3774-20F7-43E8-8AE8-3EFC629B0A7E}.Debug|Mixed Platforms.Build.0 = Debug|Any CPU
		{74FC3774-20F7-43E8-8AE8-3EFC629B0A7E}.Debug|x86.ActiveCfg = Debug|Any CPU
		{74FC3774-20F7-43E8-8AE8-3EFC629B0A7E}.Debug|x86.Build.0 = Debug|Any CPU
		{74FC3774-20F7-43E8-8AE8-3EFC629B0A7E}.Release|Any CPU.ActiveCfg = Release|Any CPU
		{74FC3774-20F7-43E8-8AE8-3EFC629B0A7E}.Release|Any CPU.Build.0 = Release|Any CPU
		{74FC3774-20F7-43E8-8AE8-3EFC629B0A7E}.Release|Mixed Platforms.ActiveCfg = Release|Any CPU
		{74FC3774-20F7-43E8-8AE8-3EFC629B0A7E}.Release|Mixed Platforms.Build.0 = Release|Any CPU
		{74FC3774-20F7-43E8-8AE8-3EFC629B0A7E}.Release|x86.ActiveCfg = Release|Any CPU
		{74FC3774-20F7-43E8-8AE8-3EFC629B0A7E}.Release|x86.Build.0 = Release|Any CPU
		{9134795B-ACBF-44B7-B006-1B00C83F9711}.Debug|Any CPU.ActiveCfg = Debug|Any CPU
		{9134795B-ACBF-44B7-B006-1B00C83F9711}.Debug|Any CPU.Build.0 = Debug|Any CPU
		{9134795B-ACBF-44B7-B006-1B00C83F9711}.Debug|Mixed Platforms.ActiveCfg = Debug|Any CPU
		{9134795B-ACBF-44B7-B006-1B00C83F9711}.Debug|Mixed Platforms.Build.0 = Debug|Any CPU
		{9134795B-ACBF-44B7-B006-1B00C83F9711}.Debug|x86.ActiveCfg = Debug|Any CPU
		{9134795B-ACBF-44B7-B006-1B00C83F9711}.Debug|x86.Build.0 = Debug|Any CPU
		{9134795B-ACBF-44B7-B006-1B00C83F9711}.Release|Any CPU.ActiveCfg = Release|Any CPU
		{9134795B-ACBF-44B7-B006-1B00C83F9711}.Release|Any CPU.Build.0 = Release|Any CPU
		{9134795B-ACBF-44B7-B006-1B00C83F9711}.Release|Mixed Platforms.ActiveCfg = Release|Any CPU
		{9134795B-ACBF-44B7-B006-1B00C83F9711}.Release|Mixed Platforms.Build.0 = Release|Any CPU
		{9134795B-ACBF-44B7-B006-1B00C83F9711}.Release|x86.ActiveCfg = Release|Any CPU
		{9134795B-ACBF-44B7-B006-1B00C83F9711}.Release|x86.Build.0 = Release|Any CPU
		{9E1562A7-219B-4EDE-99F6-FDF468E223D4}.Debug|Any CPU.ActiveCfg = Debug|Any CPU
		{9E1562A7-219B-4EDE-99F6-FDF468E223D4}.Debug|Any CPU.Build.0 = Debug|Any CPU
		{9E1562A7-219B-4EDE-99F6-FDF468E223D4}.Debug|Mixed Platforms.ActiveCfg = Debug|Any CPU
		{9E1562A7-219B-4EDE-99F6-FDF468E223D4}.Debug|Mixed Platforms.Build.0 = Debug|Any CPU
		{9E1562A7-219B-4EDE-99F6-FDF468E223D4}.Debug|x86.ActiveCfg = Debug|Any CPU
		{9E1562A7-219B-4EDE-99F6-FDF468E223D4}.Debug|x86.Build.0 = Debug|Any CPU
		{9E1562A7-219B-4EDE-99F6-FDF468E223D4}.Release|Any CPU.ActiveCfg = Release|Any CPU
		{9E1562A7-219B-4EDE-99F6-FDF468E223D4}.Release|Any CPU.Build.0 = Release|Any CPU
		{9E1562A7-219B-4EDE-99F6-FDF468E223D4}.Release|Mixed Platforms.ActiveCfg = Release|Any CPU
		{9E1562A7-219B-4EDE-99F6-FDF468E223D4}.Release|Mixed Platforms.Build.0 = Release|Any CPU
		{9E1562A7-219B-4EDE-99F6-FDF468E223D4}.Release|x86.ActiveCfg = Release|Any CPU
		{9E1562A7-219B-4EDE-99F6-FDF468E223D4}.Release|x86.Build.0 = Release|Any CPU
		{31CF010A-556D-497F-83B5-2AB89976F38E}.Debug|Any CPU.ActiveCfg = Debug|Any CPU
		{31CF010A-556D-497F-83B5-2AB89976F38E}.Debug|Any CPU.Build.0 = Debug|Any CPU
		{31CF010A-556D-497F-83B5-2AB89976F38E}.Debug|Any CPU.Deploy.0 = Debug|Any CPU
		{31CF010A-556D-497F-83B5-2AB89976F38E}.Debug|Mixed Platforms.ActiveCfg = Debug|Any CPU
		{31CF010A-556D-497F-83B5-2AB89976F38E}.Debug|Mixed Platforms.Build.0 = Debug|Any CPU
		{31CF010A-556D-497F-83B5-2AB89976F38E}.Debug|Mixed Platforms.Deploy.0 = Debug|Any CPU
		{31CF010A-556D-497F-83B5-2AB89976F38E}.Debug|x86.ActiveCfg = Debug|Any CPU
		{31CF010A-556D-497F-83B5-2AB89976F38E}.Debug|x86.Build.0 = Debug|Any CPU
		{31CF010A-556D-497F-83B5-2AB89976F38E}.Debug|x86.Deploy.0 = Debug|Any CPU
		{31CF010A-556D-497F-83B5-2AB89976F38E}.Release|Any CPU.ActiveCfg = Release|Any CPU
		{31CF010A-556D-497F-83B5-2AB89976F38E}.Release|Any CPU.Build.0 = Release|Any CPU
		{31CF010A-556D-497F-83B5-2AB89976F38E}.Release|Any CPU.Deploy.0 = Release|Any CPU
		{31CF010A-556D-497F-83B5-2AB89976F38E}.Release|Mixed Platforms.ActiveCfg = Release|Any CPU
		{31CF010A-556D-497F-83B5-2AB89976F38E}.Release|Mixed Platforms.Build.0 = Release|Any CPU
		{31CF010A-556D-497F-83B5-2AB89976F38E}.Release|Mixed Platforms.Deploy.0 = Release|Any CPU
		{31CF010A-556D-497F-83B5-2AB89976F38E}.Release|x86.ActiveCfg = Release|Any CPU
		{31CF010A-556D-497F-83B5-2AB89976F38E}.Release|x86.Build.0 = Release|Any CPU
		{31CF010A-556D-497F-83B5-2AB89976F38E}.Release|x86.Deploy.0 = Release|Any CPU
	EndGlobalSection
	GlobalSection(SolutionProperties) = preSolution
		HideSolutionNode = FALSE
	EndGlobalSection
	GlobalSection(NestedProjects) = preSolution
		{3F297CCA-E9D7-461F-92A3-E522DDCD3996} = {76D37722-B5C8-4E51-A08E-D959EA66934E}
		{7591CE8B-3C52-48AC-9515-F8029D9AF3E3} = {DAC6876F-A02F-4F22-A600-CB20479D6806}
		{8ECA9E1E-8013-431B-BB1E-D274EE5E75B1} = {DAC6876F-A02F-4F22-A600-CB20479D6806}
		{A12044BD-7F82-46AF-A004-33AEC4443ADD} = {DAC6876F-A02F-4F22-A600-CB20479D6806}
		{FF1753EE-1B46-4C9A-BDD0-18D1D5181DC8} = {DAC6876F-A02F-4F22-A600-CB20479D6806}
		{DEF99C6F-8229-4366-AF8C-EE4BC60A1685} = {C7C30A5B-2F1E-469A-A5AD-DFA99977773C}
		{918ACFA3-C09E-4C56-934B-3E0B57A49404} = {C604536F-4AAB-48EA-8F78-6D1E1CD17772}
		{94FC7069-E18D-40DB-862D-F092381CD88B} = {C7C30A5B-2F1E-469A-A5AD-DFA99977773C}
		{1657660D-4137-4CBD-9C4A-7C86325BF3A9} = {C7C30A5B-2F1E-469A-A5AD-DFA99977773C}
		{CDBDA6FB-1859-436C-9431-8961D40FEFD4} = {A4C6DDF7-FFF5-4D8C-B86D-05B5AA08C86D}
		{8601FE88-A8F7-44F4-B76F-757F7AF0E38F} = {A4C6DDF7-FFF5-4D8C-B86D-05B5AA08C86D}
		{E2627ACC-DA1B-48E9-AEF8-8A9AEB659F4C} = {A4C6DDF7-FFF5-4D8C-B86D-05B5AA08C86D}
		{B7F6CBA8-C69C-4D09-9170-E1CB7F0E0A14} = {A4C6DDF7-FFF5-4D8C-B86D-05B5AA08C86D}
		{F9C5838D-DB14-4F61-BCCA-6B859AA4FC98} = {76D37722-B5C8-4E51-A08E-D959EA66934E}
		{ABF62703-BD21-436E-BF2B-A4164371FEFA} = {F9C5838D-DB14-4F61-BCCA-6B859AA4FC98}
		{A4C6DDF7-FFF5-4D8C-B86D-05B5AA08C86D} = {773A7FE3-44D5-4280-BCE4-DCAC200E7ADE}
		{0EEBBBEA-A392-4F1A-81AC-3A1903D5AEC0} = {773A7FE3-44D5-4280-BCE4-DCAC200E7ADE}
		{21A06517-7423-40EE-A13C-2D581861EA87} = {C604536F-4AAB-48EA-8F78-6D1E1CD17772}
		{F448835F-0E4E-49D3-9EDC-C98D43D7120D} = {C7C30A5B-2F1E-469A-A5AD-DFA99977773C}
		{FE3B7F6C-DA6E-40A9-99EC-20A9E0118170} = {C604536F-4AAB-48EA-8F78-6D1E1CD17772}
		{8F98C191-576C-4327-B37D-82AADD01FE84} = {0EEBBBEA-A392-4F1A-81AC-3A1903D5AEC0}
		{023230B3-8317-4226-AF1B-38DD7BCA4638} = {F9C5838D-DB14-4F61-BCCA-6B859AA4FC98}
		{D284DF30-7983-41C4-9A72-4085532EAEAF} = {7B73F3A1-F4D3-4323-B2D4-AF53EFFF4491}
		{3F47A774-E704-46BC-8A09-BF243EEA9DD1} = {7B73F3A1-F4D3-4323-B2D4-AF53EFFF4491}
		{61D96629-DEFB-4F17-8D10-1336AC34F5D2} = {7B73F3A1-F4D3-4323-B2D4-AF53EFFF4491}
		{18FF09B1-8349-4DEB-B8AE-AB70D7D8E53F} = {7B73F3A1-F4D3-4323-B2D4-AF53EFFF4491}
		{E99BC805-4CD7-4D59-B9E6-599A7BFC9B62} = {0D5542D3-F311-4574-BDF9-E81F469F4DDA}
		{BAA76D7C-B52A-42F9-9C73-435B3599DF8A} = {C7C30A5B-2F1E-469A-A5AD-DFA99977773C}
		{1C27B360-15AC-458E-B408-2E4BD0DA9E80} = {7B73F3A1-F4D3-4323-B2D4-AF53EFFF4491}
		{8C3909E3-0E95-4908-A121-DA92B76AA5CF} = {C7C30A5B-2F1E-469A-A5AD-DFA99977773C}
		{D66B7002-3D6C-4B47-9B08-8DAF4F7FFF82} = {A4C6DDF7-FFF5-4D8C-B86D-05B5AA08C86D}
		{2D991FC3-2314-4785-9C06-8F558FEDD154} = {6F9F8EE3-7DEE-4140-B4FA-EDCD4053F2B6}
		{ECE8E9AA-A561-4BDA-9CEB-24EDA1534D3A} = {7B73F3A1-F4D3-4323-B2D4-AF53EFFF4491}
		{F72930F3-FD52-4604-AB39-0DEFCEEDB4D6} = {A4C6DDF7-FFF5-4D8C-B86D-05B5AA08C86D}
		{538EF1DD-7316-47B8-B86E-2128D718348B} = {A4C6DDF7-FFF5-4D8C-B86D-05B5AA08C86D}
		{FC5EE739-C983-4817-9523-244B705E1A4D} = {7B73F3A1-F4D3-4323-B2D4-AF53EFFF4491}
		{1EDA7799-6BA6-44C7-BCDE-C2AEE1AE8665} = {C604536F-4AAB-48EA-8F78-6D1E1CD17772}
		{921BA0E2-EADE-4C0F-A4D1-4CFE41BFEDE4} = {C604536F-4AAB-48EA-8F78-6D1E1CD17772}
		{92144C82-3F06-4D7D-839A-63786F06CC98} = {7B73F3A1-F4D3-4323-B2D4-AF53EFFF4491}
		{1BFAB007-485D-4170-AECE-8ABF4DFB675F} = {A4C6DDF7-FFF5-4D8C-B86D-05B5AA08C86D}
		{F9E4B13B-9497-4CE4-B698-B9A39C1BE873} = {76D37722-B5C8-4E51-A08E-D959EA66934E}
		{A334977C-FE03-40AD-907E-13F9024AA151} = {DAC6876F-A02F-4F22-A600-CB20479D6806}
		{7B60DE41-AC7A-44B5-B09C-D89FA671E4E9} = {7B73F3A1-F4D3-4323-B2D4-AF53EFFF4491}
		{C0F62430-CF2F-4C00-AA89-E9AADDFEC6B3} = {DAC6876F-A02F-4F22-A600-CB20479D6806}
		{31E7554C-9066-4E19-A5D5-97ED8A0C37A6} = {C604536F-4AAB-48EA-8F78-6D1E1CD17772}
		{3AC1F43D-BB43-4DA7-99B4-D29E2B649FCF} = {C7C30A5B-2F1E-469A-A5AD-DFA99977773C}
		{D24BC44C-EBC6-4F28-BF55-1346C84F6FC2} = {A4C6DDF7-FFF5-4D8C-B86D-05B5AA08C86D}
		{8BBAD617-47EB-4E7B-9B88-D7E1E76165BB} = {DAC6876F-A02F-4F22-A600-CB20479D6806}
		{74FC3774-20F7-43E8-8AE8-3EFC629B0A7E} = {A4C6DDF7-FFF5-4D8C-B86D-05B5AA08C86D}
		{9134795B-ACBF-44B7-B006-1B00C83F9711} = {C7C30A5B-2F1E-469A-A5AD-DFA99977773C}
		{9E1562A7-219B-4EDE-99F6-FDF468E223D4} = {A4C6DDF7-FFF5-4D8C-B86D-05B5AA08C86D}
		{31CF010A-556D-497F-83B5-2AB89976F38E} = {76D37722-B5C8-4E51-A08E-D959EA66934E}
	EndGlobalSection
	GlobalSection(ExtensibilityGlobals) = postSolution
		SolutionGuid = {5DED16E1-1056-42E9-B9B8-D2CE5D7F14BB}
	EndGlobalSection
	GlobalSection(TeamFoundationVersionControl) = preSolution
		SccNumberOfProjects = 50
		SccEnterpriseProvider = {4CA58AB2-18FA-4F8D-95D4-32DDF27D184C}
		SccTeamFoundationServer = https://dintec.visualstudio.com/
		SccLocalPath0 = .
		SccProjectUniqueName1 = Dintec\\Dintec.csproj
		SccProjectTopLevelParentUniqueName1 = 김도영.sln
		SccProjectName1 = Dintec
		SccLocalPath1 = Dintec
		SccProjectUniqueName2 = P_CZ_HR_CAR_PAY_REG\\P_CZ_HR_CAR_PAY_REG.csproj
		SccProjectTopLevelParentUniqueName2 = 김도영.sln
		SccProjectName2 = P_CZ_HR_CAR_PAY_REG
		SccLocalPath2 = P_CZ_HR_CAR_PAY_REG
		SccProjectUniqueName3 = P_CZ_HR_CAR_PAY_RPT\\P_CZ_HR_CAR_PAY_RPT.csproj
		SccProjectTopLevelParentUniqueName3 = 김도영.sln
		SccProjectName3 = P_CZ_HR_CAR_PAY_RPT
		SccLocalPath3 = P_CZ_HR_CAR_PAY_RPT
		SccProjectUniqueName4 = P_CZ_HR_WAPPLY_REG\\P_CZ_HR_WAPPLY_REG.csproj
		SccProjectTopLevelParentUniqueName4 = 김도영.sln
		SccProjectName4 = P_CZ_HR_WAPPLY_REG
		SccLocalPath4 = P_CZ_HR_WAPPLY_REG
		SccProjectUniqueName5 = P_CZ_HR_WAPPLY_RPT\\P_CZ_HR_WAPPLY_RPT.csproj
		SccProjectTopLevelParentUniqueName5 = 김도영.sln
		SccProjectName5 = P_CZ_HR_WAPPLY_RPT
		SccLocalPath5 = P_CZ_HR_WAPPLY_RPT
		SccProjectUniqueName6 = P_CZ_PR_BOM_IO_REG\\P_CZ_PR_BOM_IO_REG.csproj
		SccProjectTopLevelParentUniqueName6 = 김도영.sln
		SccProjectName6 = P_CZ_PR_BOM_IO_REG
		SccLocalPath6 = P_CZ_PR_BOM_IO_REG
		SccProjectUniqueName7 = P_CZ_PU_PO_REG\\P_CZ_PU_PO_REG.csproj
		SccProjectTopLevelParentUniqueName7 = 김도영.sln
		SccProjectName7 = P_CZ_PU_PO_REG
		SccLocalPath7 = P_CZ_PU_PO_REG
		SccProjectUniqueName8 = P_CZ_PU_RCV_REG\\P_CZ_PU_RCV_REG.csproj
		SccProjectTopLevelParentUniqueName8 = 김도영.sln
		SccProjectName8 = P_CZ_PU_RCV_REG
		SccLocalPath8 = P_CZ_PU_RCV_REG
		SccProjectUniqueName9 = P_CZ_SA_GI_REG\\P_CZ_SA_GI_REG.csproj
		SccProjectTopLevelParentUniqueName9 = 김도영.sln
		SccProjectName9 = P_CZ_SA_GI_REG
		SccLocalPath9 = P_CZ_SA_GI_REG
		SccProjectUniqueName10 = P_CZ_SA_QSO_RPT\\P_CZ_SA_QSO_RPT.csproj
		SccProjectTopLevelParentUniqueName10 = 김도영.sln
		SccProjectName10 = P_CZ_SA_QSO_RPT
		SccLocalPath10 = P_CZ_SA_QSO_RPT
		SccProjectUniqueName11 = P_CZ_SA_QTN_REG\\P_CZ_SA_QTN_REG.csproj
		SccProjectTopLevelParentUniqueName11 = 김도영.sln
		SccProjectName11 = P_CZ_SA_QTN_REG
		SccLocalPath11 = P_CZ_SA_QTN_REG
		SccProjectUniqueName12 = P_CZ_SA_QTN_RPT\\P_CZ_SA_QTN_RPT.csproj
		SccProjectTopLevelParentUniqueName12 = 김도영.sln
		SccProjectName12 = P_CZ_SA_QTN_RPT
		SccLocalPath12 = P_CZ_SA_QTN_RPT
		SccProjectUniqueName13 = P_CZ_SA_SO_REG\\P_CZ_SA_SO_REG.csproj
		SccProjectTopLevelParentUniqueName13 = 김도영.sln
		SccProjectName13 = P_CZ_SA_SO_REG
		SccLocalPath13 = P_CZ_SA_SO_REG
		SccProjectUniqueName14 = P_CZ_UT_LOG_COST_TOOL\\P_CZ_UT_LOG_COST_TOOL.csproj
		SccProjectTopLevelParentUniqueName14 = 김도영.sln
		SccProjectName14 = P_CZ_UT_LOG_COST_TOOL
		SccLocalPath14 = P_CZ_UT_LOG_COST_TOOL
		SccProjectUniqueName15 = P_CZ_PU_PO_RPT\\P_CZ_PU_PO_RPT.csproj
		SccProjectTopLevelParentUniqueName15 = 김도영.sln
		SccProjectName15 = P_CZ_PU_PO_RPT
		SccLocalPath15 = P_CZ_PU_PO_RPT
		SccProjectUniqueName16 = P_CZ_PR_ITEM_REPLACE_REG\\P_CZ_PR_ITEM_REPLACE_REG.csproj
		SccProjectTopLevelParentUniqueName16 = 김도영.sln
		SccProjectName16 = P_CZ_PR_ITEM_REPLACE_REG
		SccLocalPath16 = P_CZ_PR_ITEM_REPLACE_REG
		SccProjectUniqueName17 = P_CZ_PU_PO_REG_ST\\P_CZ_PU_PO_REG_ST.csproj
		SccProjectTopLevelParentUniqueName17 = 김도영.sln
		SccProjectName17 = P_CZ_PU_PO_REG_ST
		SccLocalPath17 = P_CZ_PU_PO_REG_ST
		SccProjectUniqueName18 = P_CZ_SA_ITEM_RPT\\P_CZ_SA_ITEM_RPT.csproj
		SccProjectTopLevelParentUniqueName18 = 김도영.sln
		SccProjectName18 = P_CZ_SA_ITEM_RPT
		SccLocalPath18 = P_CZ_SA_ITEM_RPT
		SccProjectUniqueName19 = P_CZ_UT_HHI_XML\\P_CZ_UT_HHI_XML.csproj
		SccProjectTopLevelParentUniqueName19 = 김도영.sln
		SccProjectName19 = P_CZ_UT_HHI_XML
		SccLocalPath19 = P_CZ_UT_HHI_XML
		SccProjectUniqueName20 = P_CZ_MA_ITEM_HULL\\P_CZ_MA_ITEM_HULL.csproj
		SccProjectTopLevelParentUniqueName20 = 김도영.sln
		SccProjectName20 = P_CZ_MA_ITEM_HULL
		SccLocalPath20 = P_CZ_MA_ITEM_HULL
		SccProjectUniqueName21 = P_CZ_MM_QTIO_RPT\\P_CZ_MM_QTIO_RPT.csproj
		SccProjectTopLevelParentUniqueName21 = 김도영.sln
		SccProjectName21 = P_CZ_MM_QTIO_RPT
		SccLocalPath21 = P_CZ_MM_QTIO_RPT
		SccProjectUniqueName22 = P_CZ_MA_HULL_ITEM_MGT\\P_CZ_MA_HULL_ITEM_MGT.csproj
		SccProjectTopLevelParentUniqueName22 = 김도영.sln
		SccProjectName22 = P_CZ_MA_HULL_ITEM_MGT
		SccLocalPath22 = P_CZ_MA_HULL_ITEM_MGT
		SccProjectUniqueName23 = P_CZ_MA_HGS_ORDER_UTIL\\P_CZ_MA_HGS_ORDER_UTIL.csproj
		SccProjectTopLevelParentUniqueName23 = 김도영.sln
		SccProjectName23 = P_CZ_MA_HGS_ORDER_UTIL
		SccLocalPath23 = P_CZ_MA_HGS_ORDER_UTIL
		SccProjectUniqueName24 = P_CZ_PU_GR_RPT\\P_CZ_PU_GR_RPT.csproj
		SccProjectTopLevelParentUniqueName24 = 김도영.sln
		SccProjectName24 = P_CZ_PU_GR_RPT
		SccLocalPath24 = P_CZ_PU_GR_RPT
		SccProjectUniqueName25 = P_CZ_MM_BAD_STOCK_RPT\\P_CZ_MM_BAD_STOCK_RPT.csproj
		SccProjectTopLevelParentUniqueName25 = 김도영.sln
		SccProjectName25 = P_CZ_MM_BAD_STOCK_RPT
		SccLocalPath25 = P_CZ_MM_BAD_STOCK_RPT
		SccProjectUniqueName26 = P_CZ_MM_CARRY_OUT_HGS_MGT\\P_CZ_MM_CARRY_OUT_HGS_MGT.csproj
		SccProjectTopLevelParentUniqueName26 = 김도영.sln
		SccProjectName26 = P_CZ_MM_CARRY_OUT_HGS_MGT
		SccLocalPath26 = P_CZ_MM_CARRY_OUT_HGS_MGT
		SccProjectUniqueName27 = P_CZ_MA_WORKFLOW_FILE_REG\\P_CZ_MA_WORKFLOW_FILE_REG.csproj
		SccProjectTopLevelParentUniqueName27 = 김도영.sln
		SccProjectName27 = P_CZ_MA_WORKFLOW_FILE_REG
		SccLocalPath27 = P_CZ_MA_WORKFLOW_FILE_REG
		SccProjectUniqueName28 = P_CZ_SA_USER_SUB\\P_CZ_SA_USER_SUB.csproj
		SccProjectTopLevelParentUniqueName28 = 김도영.sln
		SccProjectName28 = P_CZ_SA_USER_SUB
		SccLocalPath28 = P_CZ_SA_USER_SUB
		SccProjectUniqueName29 = P_CZ_SA_NCR_MGT\\P_CZ_SA_NCR_MGT.csproj
		SccProjectTopLevelParentUniqueName29 = 김도영.sln
		SccProjectName29 = P_CZ_SA_NCR_MGT
		SccLocalPath29 = P_CZ_SA_NCR_MGT
		SccProjectUniqueName30 = P_CZ_MA_SEAWEB_REG\\P_CZ_MA_SEAWEB_REG.csproj
		SccProjectTopLevelParentUniqueName30 = 김도영.sln
		SccProjectName30 = P_CZ_MA_SEAWEB_REG
		SccLocalPath30 = P_CZ_MA_SEAWEB_REG
		SccProjectUniqueName31 = P_CZ_MA_EZLINK_REG\\P_CZ_EZLINK_VENDOR_REG.csproj
		SccProjectTopLevelParentUniqueName31 = 김도영.sln
		SccProjectName31 = P_CZ_MA_EZLINK_REG
		SccLocalPath31 = P_CZ_MA_EZLINK_REG
		SccProjectUniqueName32 = P_CZ_MA_EQUIP_PART_IMPLOSION\\P_CZ_MA_EQUIP_PART_IMPLOSION.csproj
		SccProjectTopLevelParentUniqueName32 = 김도영.sln
		SccProjectName32 = P_CZ_MA_EQUIP_PART_IMPLOSION
		SccLocalPath32 = P_CZ_MA_EQUIP_PART_IMPLOSION
		SccProjectUniqueName33 = P_CZ_PU_PO_TOOL_REG\\P_CZ_PU_PO_TOOL_REG.csproj
		SccProjectTopLevelParentUniqueName33 = 김도영.sln
		SccProjectName33 = P_CZ_PU_PO_TOOL_REG
		SccLocalPath33 = P_CZ_PU_PO_TOOL_REG
		SccProjectUniqueName34 = P_CZ_PU_PO_TOOL_RPT\\P_CZ_PU_PO_TOOL_RPT.csproj
		SccProjectTopLevelParentUniqueName34 = 김도영.sln
		SccProjectName34 = P_CZ_PU_PO_TOOL_RPT
		SccLocalPath34 = P_CZ_PU_PO_TOOL_RPT
		SccProjectUniqueName35 = P_CZ_MA_ITEM_IMG_MGT\\P_CZ_MA_ITEM_IMG_MGT.csproj
		SccProjectTopLevelParentUniqueName35 = 김도영.sln
		SccProjectName35 = P_CZ_MA_ITEM_IMG_MGT
		SccLocalPath35 = P_CZ_MA_ITEM_IMG_MGT
		SccProjectUniqueName36 = P_CZ_DX_PITEM_REG\\P_CZ_DX_PITEM_REG.csproj
		SccProjectTopLevelParentUniqueName36 = 김도영.sln
		SccProjectName36 = P_CZ_DX_PITEM_REG
		SccLocalPath36 = P_CZ_DX_PITEM_REG
		SccProjectUniqueName37 = DX\\DX.csproj
		SccProjectTopLevelParentUniqueName37 = 김도영.sln
		SccProjectName37 = DX
		SccLocalPath37 = DX
		SccProjectUniqueName38 = P_CZ_HR_WORKTIME_MGT\\P_CZ_HR_WORKTIME_MGT.csproj
		SccProjectTopLevelParentUniqueName38 = 김도영.sln
		SccProjectName38 = P_CZ_HR_WORKTIME_MGT
		SccLocalPath38 = P_CZ_HR_WORKTIME_MGT
		SccProjectUniqueName39 = P_CZ_DX_RECEIPT_UPLOAD\\P_CZ_DX_RECEIPT_UPLOAD.csproj
		SccProjectTopLevelParentUniqueName39 = 김도영.sln
		SccProjectName39 = P_CZ_DX_RECEIPT_UPLOAD
		SccLocalPath39 = P_CZ_DX_RECEIPT_UPLOAD
		SccProjectUniqueName40 = P_CZ_HR_WORKTIME_PAY\\P_CZ_HR_WORKTIME_PAY.csproj
		SccProjectTopLevelParentUniqueName40 = 김도영.sln
		SccProjectName40 = P_CZ_HR_WORKTIME_PAY
		SccLocalPath40 = P_CZ_HR_WORKTIME_PAY
		SccProjectUniqueName41 = P_CZ_PU_PO_UM_MGT\\P_CZ_PU_PO_UM_MGT.csproj
		SccProjectTopLevelParentUniqueName41 = 김도영.sln
		SccProjectName41 = P_CZ_PU_PO_UM_MGT
		SccLocalPath41 = P_CZ_PU_PO_UM_MGT
		SccProjectUniqueName42 = P_CZ_MA_WARNING_REG\\P_CZ_DX_WARNING_REG.csproj
		SccProjectTopLevelParentUniqueName42 = 김도영.sln
		SccProjectName42 = P_CZ_MA_WARNING_REG
		SccLocalPath42 = P_CZ_MA_WARNING_REG
		SccProjectUniqueName43 = P_CZ_MM_SCRAP_MGT\\P_CZ_MM_SCRAP_MGT.csproj
		SccProjectTopLevelParentUniqueName43 = 김도영.sln
		SccProjectName43 = P_CZ_MM_SCRAP_MGT
		SccLocalPath43 = P_CZ_MM_SCRAP_MGT
		SccProjectUniqueName44 = P_CZ_DX_QR_UPLOAD\\P_CZ_DX_QR_UPLOAD.csproj
		SccProjectTopLevelParentUniqueName44 = 김도영.sln
		SccProjectName44 = P_CZ_DX_QR_UPLOAD
		SccLocalPath44 = P_CZ_DX_QR_UPLOAD
		SccProjectUniqueName45 = P_CZ_HR_WORKTIME_RPT\\P_CZ_HR_WORKTIME_RPT.csproj
		SccProjectTopLevelParentUniqueName45 = 김도영.sln
		SccProjectName45 = P_CZ_HR_WORKTIME_RPT
		SccLocalPath45 = P_CZ_HR_WORKTIME_RPT
		SccProjectUniqueName46 = P_CZ_DX_VENDOR_REG\\P_CZ_DX_VENDOR_REG.csproj
		SccProjectTopLevelParentUniqueName46 = 김도영.sln
		SccProjectName46 = P_CZ_DX_VENDOR_REG
		SccLocalPath46 = P_CZ_DX_VENDOR_REG
		SccProjectUniqueName47 = P_CZ_MM_GR_REG\\P_CZ_MM_GR_REG.csproj
		SccProjectTopLevelParentUniqueName47 = 김도영.sln
		SccProjectName47 = P_CZ_MM_GR_REG
		SccLocalPath47 = P_CZ_MM_GR_REG
		SccProjectUniqueName48 = P_CZ_DX_AQU_REG\\P_CZ_DX_AQU_REG.csproj
		SccProjectTopLevelParentUniqueName48 = 김도영.sln
		SccProjectName48 = P_CZ_DX_AQU_REG
		SccLocalPath48 = P_CZ_DX_AQU_REG
		SccProjectUniqueName49 = CLR\\CLR.sqlproj
		SccProjectTopLevelParentUniqueName49 = 김도영.sln
		SccProjectName49 = CLR
		SccLocalPath49 = CLR
	EndGlobalSection
EndGlobal
