
Microsoft Visual Studio Solution File, Format Version 12.00
# Visual Studio Version 16
VisualStudioVersion = 16.0.32106.194
MinimumVisualStudioVersion = 10.0.40219.1
Project("{FAE04EC0-301F-11D3-BF4B-00C04F79EFBC}") = "P_CZ_MM_SUPPLIES_QTIO_RPT", "P_CZ_MM_SUPPLIES_QTIO_RPT\P_CZ_MM_SUPPLIES_QTIO_RPT.csproj", "{CD9530AC-CAE9-4361-90A3-0A28458993F1}"
EndProject
Global
	GlobalSection(SolutionConfigurationPlatforms) = preSolution
		Debug|Any CPU = Debug|Any CPU
		Debug|x64 = Debug|x64
		Release|Any CPU = Release|Any CPU
		Release|x64 = Release|x64
	EndGlobalSection
	GlobalSection(ProjectConfigurationPlatforms) = postSolution
		{CD9530AC-CAE9-4361-90A3-0A28458993F1}.Debug|Any CPU.ActiveCfg = Debug|Any CPU
		{CD9530AC-CAE9-4361-90A3-0A28458993F1}.Debug|Any CPU.Build.0 = Debug|Any CPU
		{CD9530AC-CAE9-4361-90A3-0A28458993F1}.Debug|x64.ActiveCfg = Debug|Any CPU
		{CD9530AC-CAE9-4361-90A3-0A28458993F1}.Debug|x64.Build.0 = Debug|Any CPU
		{CD9530AC-CAE9-4361-90A3-0A28458993F1}.Release|Any CPU.ActiveCfg = Release|Any CPU
		{CD9530AC-CAE9-4361-90A3-0A28458993F1}.Release|Any CPU.Build.0 = Release|Any CPU
		{CD9530AC-CAE9-4361-90A3-0A28458993F1}.Release|x64.ActiveCfg = Release|Any CPU
		{CD9530AC-CAE9-4361-90A3-0A28458993F1}.Release|x64.Build.0 = Release|Any CPU
	EndGlobalSection
	GlobalSection(SolutionProperties) = preSolution
		HideSolutionNode = FALSE
	EndGlobalSection
	GlobalSection(ExtensibilityGlobals) = postSolution
		SolutionGuid = {146F0163-131E-4126-8274-BCFF099C4201}
	EndGlobalSection
	GlobalSection(TeamFoundationVersionControl) = preSolution
		SccNumberOfProjects = 2
		SccEnterpriseProvider = {4CA58AB2-18FA-4F8D-95D4-32DDF27D184C}
		SccTeamFoundationServer = https://dintec.visualstudio.com/
		SccLocalPath0 = .
		SccProjectUniqueName1 = P_CZ_MM_SUPPLIES_QTIO_RPT\\P_CZ_MM_SUPPLIES_QTIO_RPT.csproj
		SccProjectName1 = P_CZ_MM_SUPPLIES_QTIO_RPT
		SccLocalPath1 = P_CZ_MM_SUPPLIES_QTIO_RPT
	EndGlobalSection
EndGlobal
