
Microsoft Visual Studio Solution File, Format Version 12.00
# Visual Studio Version 16
VisualStudioVersion = 16.0.30804.86
MinimumVisualStudioVersion = 10.0.40219.1
Project("{FAE04EC0-301F-11D3-BF4B-00C04F79EFBC}") = "P_CZ_MA_IPLIST", "P_CZ_MA_IPLIST\P_CZ_MA_IPLIST.csproj", "{648CC2E2-976C-489E-A310-FCDFC90232D7}"
EndProject
Project("{FAE04EC0-301F-11D3-BF4B-00C04F79EFBC}") = "P_CZ_HR_PHONE_PAY", "P_CZ_HR_PHONE_PAY\P_CZ_HR_PHONE_PAY.csproj", "{A54AD3C6-7DB5-4055-8B2C-FA476C62CB84}"
EndProject
Project("{FAE04EC0-301F-11D3-BF4B-00C04F79EFBC}") = "P_CZ_HR_PHONE_PAY_LIST", "P_CZ_HR_PHONE_PAY_LIST\P_CZ_HR_PHONE_PAY_LIST.csproj", "{B2F95992-4400-4214-9590-3F356E4EF53F}"
EndProject
Project("{FAE04EC0-301F-11D3-BF4B-00C04F79EFBC}") = "P_CZ_HR_PHONE_PAY_REG", "P_CZ_HR_PHONE_PAY_REG\P_CZ_HR_PHONE_PAY_REG.csproj", "{B20B79BA-097C-4B9B-9110-BA6034DA9945}"
EndProject
Project("{FAE04EC0-301F-11D3-BF4B-00C04F79EFBC}") = "P_CZ_HR_CONTRACT_REG", "P_CZ_HR_CONTRACT_REG\P_CZ_HR_CONTRACT_REG.csproj", "{8339821E-768C-4B5A-9146-3ADEE160715E}"
EndProject
Project("{FAE04EC0-301F-11D3-BF4B-00C04F79EFBC}") = "Dintec", "Dintec\Dintec.csproj", "{3F297CCA-E9D7-461F-92A3-E522DDCD3996}"
EndProject
Project("{FAE04EC0-301F-11D3-BF4B-00C04F79EFBC}") = "P_CZ_HR_OVERTIME_GW", "P_CZ_HR_OVERTIME_GW\P_CZ_HR_OVERTIME_GW.csproj", "{BEF16679-AB92-4E5C-81AE-0E10CFD897A0}"
EndProject
Project("{FAE04EC0-301F-11D3-BF4B-00C04F79EFBC}") = "P_CZ_MA_PARSING", "P_CZ_MA_PARSING\P_CZ_MA_PARSING.csproj", "{53282366-E3B1-4E6F-833A-C048CC43CC09}"
EndProject
Project("{FAE04EC0-301F-11D3-BF4B-00C04F79EFBC}") = "P_CZ_MA_HGS_ITEM", "P_CZ_MA_HGS_ITEM\P_CZ_MA_HGS_ITEM.csproj", "{8F98C191-576C-4327-B37D-82AADD01FE84}"
EndProject
Project("{FAE04EC0-301F-11D3-BF4B-00C04F79EFBC}") = "P_CZ_BI_WTMCALC_MONTH", "P_CZ_BI_WTMCALC_MONTH\P_CZ_BI_WTMCALC_MONTH.csproj", "{886B90FD-C54C-4FA9-8948-6153E2802F32}"
EndProject
Project("{FAE04EC0-301F-11D3-BF4B-00C04F79EFBC}") = "P_CZ_BI_WTMCALC_MONTH_RMK", "P_CZ_BI_WTMCALC_MONTH_RMK\P_CZ_BI_WTMCALC_MONTH_RMK.csproj", "{A2F3D965-FD7A-46EE-B3CD-284C43772809}"
EndProject
Project("{2150E333-8FDC-42A3-9474-1A3956D46DE8}") = "월별근태보고", "월별근태보고", "{5DBCDF82-8F0F-491B-A076-B28EDF1B8B64}"
EndProject
Project("{2150E333-8FDC-42A3-9474-1A3956D46DE8}") = "계약서관리", "계약서관리", "{3939518F-9F20-40D1-91C1-D87B7937389C}"
EndProject
Project("{2150E333-8FDC-42A3-9474-1A3956D46DE8}") = "추가연장근로신청서", "추가연장근로신청서", "{12699F81-9545-4AC4-BC15-A3DA0B699E38}"
EndProject
Project("{2150E333-8FDC-42A3-9474-1A3956D46DE8}") = "휴대폰요금정산처리", "휴대폰요금정산처리", "{A2E6F7E0-7070-4AA7-854B-131AD413E7E5}"
EndProject
Project("{2150E333-8FDC-42A3-9474-1A3956D46DE8}") = "기획실발주시스템", "기획실발주시스템", "{304572B4-C11F-4C4D-84FC-54DFA0D41EA4}"
EndProject
Project("{2150E333-8FDC-42A3-9474-1A3956D46DE8}") = "아이피관리", "아이피관리", "{6A8CBBFF-56F4-41EA-9460-BF96E9E43A01}"
EndProject
Project("{2150E333-8FDC-42A3-9474-1A3956D46DE8}") = "파싱", "파싱", "{04DE8D30-020F-4ACC-8E39-9D28002CC1BE}"
EndProject
Project("{2150E333-8FDC-42A3-9474-1A3956D46DE8}") = "미견적현황", "미견적현황", "{9533F1EB-7B6F-4776-A966-9D76FB7176D5}"
EndProject
Project("{FAE04EC0-301F-11D3-BF4B-00C04F79EFBC}") = "P_CZ_BI_QTN_NOT_DONE", "P_CZ_BI_QTN_NOT_DONE\P_CZ_BI_QTN_NOT_DONE.csproj", "{B430620F-96DA-4821-BCD3-6542205CCC7B}"
EndProject
Project("{FAE04EC0-301F-11D3-BF4B-00C04F79EFBC}") = "P_CZ_MA_EMAIL_SUB", "P_CZ_MA_EMAIL_SUB\P_CZ_MA_EMAIL_SUB.csproj", "{1AF67A42-1DCB-40C5-B27C-854CF2F1CCAE}"
EndProject
Project("{2150E333-8FDC-42A3-9474-1A3956D46DE8}") = "메일관리", "메일관리", "{04F13A04-D702-45ED-9ADB-6548328429CE}"
EndProject
Project("{FAE04EC0-301F-11D3-BF4B-00C04F79EFBC}") = "Parsing", "Parsing\Parsing.csproj", "{24227110-0708-4270-905E-122DCDCEA228}"
EndProject
Project("{FAE04EC0-301F-11D3-BF4B-00C04F79EFBC}") = "P_CZ_MAIL_SORTER", "P_CZ_MAIL_SORTER\P_CZ_MAIL_SORTER.csproj", "{03853FAA-F25E-41C8-87E0-7E74E8739CD4}"
EndProject
Project("{FAE04EC0-301F-11D3-BF4B-00C04F79EFBC}") = "P_CZ_MA_CODE", "P_CZ_MA_CODE\P_CZ_MA_CODE.csproj", "{95454FFF-6633-49F7-9B6A-92A87341DD34}"
EndProject
Project("{2150E333-8FDC-42A3-9474-1A3956D46DE8}") = "코드관리", "코드관리", "{67C5DA71-F872-4DFE-AC39-18E52E4808C5}"
EndProject
Project("{FAE04EC0-301F-11D3-BF4B-00C04F79EFBC}") = "P_CZ_SA_GIRSCH", "P_CZ_SA_GIRSCH\P_CZ_SA_GIRSCH.csproj", "{33266E2B-30A6-4AE6-B3D0-4AAE247475F7}"
EndProject
Project("{FAE04EC0-301F-11D3-BF4B-00C04F79EFBC}") = "P_CZ_MAIL_REG", "P_CZ_MAIL_REG\P_CZ_MAIL_REG.csproj", "{13067DD0-0FC6-407C-98AF-FC752ABE6C0E}"
EndProject
Project("{FAE04EC0-301F-11D3-BF4B-00C04F79EFBC}") = "P_CZ_SA_QTN_REG", "P_CZ_SA_QTN_REG\P_CZ_SA_QTN_REG.csproj", "{8601FE88-A8F7-44F4-B76F-757F7AF0E38F}"
EndProject
Project("{FAE04EC0-301F-11D3-BF4B-00C04F79EFBC}") = "P_CZ_SA_SO_BATCH_WINTEC", "P_CZ_SA_SO_BATCH_WINTEC\P_CZ_SA_SO_BATCH_WINTEC.csproj", "{F0670A0F-B3FB-4DF9-9BFF-56002BFD9EE1}"
EndProject
Project("{FAE04EC0-301F-11D3-BF4B-00C04F79EFBC}") = "P_CZ_HR_WORKTIME_MGT", "P_CZ_HR_WORKTIME_MGT\P_CZ_HR_WORKTIME_MGT.csproj", "{A334977C-FE03-40AD-907E-13F9024AA151}"
EndProject
Project("{FAE04EC0-301F-11D3-BF4B-00C04F79EFBC}") = "P_CZ_UT_HHI_XML", "P_CZ_UT_HHI_XML\P_CZ_UT_HHI_XML.csproj", "{023230B3-8317-4226-AF1B-38DD7BCA4638}"
EndProject
Project("{FAE04EC0-301F-11D3-BF4B-00C04F79EFBC}") = "DX", "DX\DX.csproj", "{F9E4B13B-9497-4CE4-B698-B9A39C1BE873}"
EndProject
Global
	GlobalSection(SolutionConfigurationPlatforms) = preSolution
		Debug|Any CPU = Debug|Any CPU
		Debug|Mixed Platforms = Debug|Mixed Platforms
		Debug|x86 = Debug|x86
		Release|Any CPU = Release|Any CPU
		Release|Mixed Platforms = Release|Mixed Platforms
		Release|x86 = Release|x86
	EndGlobalSection
	GlobalSection(ProjectConfigurationPlatforms) = postSolution
		{648CC2E2-976C-489E-A310-FCDFC90232D7}.Debug|Any CPU.ActiveCfg = Debug|Any CPU
		{648CC2E2-976C-489E-A310-FCDFC90232D7}.Debug|Mixed Platforms.ActiveCfg = Debug|Any CPU
		{648CC2E2-976C-489E-A310-FCDFC90232D7}.Debug|Mixed Platforms.Build.0 = Debug|Any CPU
		{648CC2E2-976C-489E-A310-FCDFC90232D7}.Debug|x86.ActiveCfg = Debug|Any CPU
		{648CC2E2-976C-489E-A310-FCDFC90232D7}.Release|Any CPU.ActiveCfg = Release|Any CPU
		{648CC2E2-976C-489E-A310-FCDFC90232D7}.Release|Any CPU.Build.0 = Release|Any CPU
		{648CC2E2-976C-489E-A310-FCDFC90232D7}.Release|Mixed Platforms.ActiveCfg = Release|Any CPU
		{648CC2E2-976C-489E-A310-FCDFC90232D7}.Release|Mixed Platforms.Build.0 = Release|Any CPU
		{648CC2E2-976C-489E-A310-FCDFC90232D7}.Release|x86.ActiveCfg = Release|Any CPU
		{A54AD3C6-7DB5-4055-8B2C-FA476C62CB84}.Debug|Any CPU.ActiveCfg = Debug|Any CPU
		{A54AD3C6-7DB5-4055-8B2C-FA476C62CB84}.Debug|Mixed Platforms.ActiveCfg = Debug|Any CPU
		{A54AD3C6-7DB5-4055-8B2C-FA476C62CB84}.Debug|Mixed Platforms.Build.0 = Debug|Any CPU
		{A54AD3C6-7DB5-4055-8B2C-FA476C62CB84}.Debug|x86.ActiveCfg = Debug|Any CPU
		{A54AD3C6-7DB5-4055-8B2C-FA476C62CB84}.Release|Any CPU.ActiveCfg = Release|Any CPU
		{A54AD3C6-7DB5-4055-8B2C-FA476C62CB84}.Release|Any CPU.Build.0 = Release|Any CPU
		{A54AD3C6-7DB5-4055-8B2C-FA476C62CB84}.Release|Mixed Platforms.ActiveCfg = Release|Any CPU
		{A54AD3C6-7DB5-4055-8B2C-FA476C62CB84}.Release|Mixed Platforms.Build.0 = Release|Any CPU
		{A54AD3C6-7DB5-4055-8B2C-FA476C62CB84}.Release|x86.ActiveCfg = Release|Any CPU
		{B2F95992-4400-4214-9590-3F356E4EF53F}.Debug|Any CPU.ActiveCfg = Debug|Any CPU
		{B2F95992-4400-4214-9590-3F356E4EF53F}.Debug|Mixed Platforms.ActiveCfg = Debug|Any CPU
		{B2F95992-4400-4214-9590-3F356E4EF53F}.Debug|Mixed Platforms.Build.0 = Debug|Any CPU
		{B2F95992-4400-4214-9590-3F356E4EF53F}.Debug|x86.ActiveCfg = Debug|Any CPU
		{B2F95992-4400-4214-9590-3F356E4EF53F}.Release|Any CPU.ActiveCfg = Release|Any CPU
		{B2F95992-4400-4214-9590-3F356E4EF53F}.Release|Any CPU.Build.0 = Release|Any CPU
		{B2F95992-4400-4214-9590-3F356E4EF53F}.Release|Mixed Platforms.ActiveCfg = Release|Any CPU
		{B2F95992-4400-4214-9590-3F356E4EF53F}.Release|Mixed Platforms.Build.0 = Release|Any CPU
		{B2F95992-4400-4214-9590-3F356E4EF53F}.Release|x86.ActiveCfg = Release|Any CPU
		{B20B79BA-097C-4B9B-9110-BA6034DA9945}.Debug|Any CPU.ActiveCfg = Debug|Any CPU
		{B20B79BA-097C-4B9B-9110-BA6034DA9945}.Debug|Mixed Platforms.ActiveCfg = Debug|Any CPU
		{B20B79BA-097C-4B9B-9110-BA6034DA9945}.Debug|Mixed Platforms.Build.0 = Debug|Any CPU
		{B20B79BA-097C-4B9B-9110-BA6034DA9945}.Debug|x86.ActiveCfg = Debug|Any CPU
		{B20B79BA-097C-4B9B-9110-BA6034DA9945}.Release|Any CPU.ActiveCfg = Release|Any CPU
		{B20B79BA-097C-4B9B-9110-BA6034DA9945}.Release|Any CPU.Build.0 = Release|Any CPU
		{B20B79BA-097C-4B9B-9110-BA6034DA9945}.Release|Mixed Platforms.ActiveCfg = Release|Any CPU
		{B20B79BA-097C-4B9B-9110-BA6034DA9945}.Release|Mixed Platforms.Build.0 = Release|Any CPU
		{B20B79BA-097C-4B9B-9110-BA6034DA9945}.Release|x86.ActiveCfg = Release|Any CPU
		{8339821E-768C-4B5A-9146-3ADEE160715E}.Debug|Any CPU.ActiveCfg = Debug|Any CPU
		{8339821E-768C-4B5A-9146-3ADEE160715E}.Debug|Mixed Platforms.ActiveCfg = Debug|Any CPU
		{8339821E-768C-4B5A-9146-3ADEE160715E}.Debug|Mixed Platforms.Build.0 = Debug|Any CPU
		{8339821E-768C-4B5A-9146-3ADEE160715E}.Debug|x86.ActiveCfg = Debug|Any CPU
		{8339821E-768C-4B5A-9146-3ADEE160715E}.Release|Any CPU.ActiveCfg = Release|Any CPU
		{8339821E-768C-4B5A-9146-3ADEE160715E}.Release|Any CPU.Build.0 = Release|Any CPU
		{8339821E-768C-4B5A-9146-3ADEE160715E}.Release|Mixed Platforms.ActiveCfg = Release|Any CPU
		{8339821E-768C-4B5A-9146-3ADEE160715E}.Release|Mixed Platforms.Build.0 = Release|Any CPU
		{8339821E-768C-4B5A-9146-3ADEE160715E}.Release|x86.ActiveCfg = Release|Any CPU
		{3F297CCA-E9D7-461F-92A3-E522DDCD3996}.Debug|Any CPU.ActiveCfg = Debug|Any CPU
		{3F297CCA-E9D7-461F-92A3-E522DDCD3996}.Debug|Any CPU.Build.0 = Debug|Any CPU
		{3F297CCA-E9D7-461F-92A3-E522DDCD3996}.Debug|Mixed Platforms.ActiveCfg = Debug|Any CPU
		{3F297CCA-E9D7-461F-92A3-E522DDCD3996}.Debug|Mixed Platforms.Build.0 = Debug|Any CPU
		{3F297CCA-E9D7-461F-92A3-E522DDCD3996}.Debug|x86.ActiveCfg = Debug|Any CPU
		{3F297CCA-E9D7-461F-92A3-E522DDCD3996}.Release|Any CPU.ActiveCfg = Release|Any CPU
		{3F297CCA-E9D7-461F-92A3-E522DDCD3996}.Release|Any CPU.Build.0 = Release|Any CPU
		{3F297CCA-E9D7-461F-92A3-E522DDCD3996}.Release|Mixed Platforms.ActiveCfg = Release|Any CPU
		{3F297CCA-E9D7-461F-92A3-E522DDCD3996}.Release|Mixed Platforms.Build.0 = Release|Any CPU
		{3F297CCA-E9D7-461F-92A3-E522DDCD3996}.Release|x86.ActiveCfg = Release|Any CPU
		{BEF16679-AB92-4E5C-81AE-0E10CFD897A0}.Debug|Any CPU.ActiveCfg = Debug|Any CPU
		{BEF16679-AB92-4E5C-81AE-0E10CFD897A0}.Debug|Mixed Platforms.ActiveCfg = Debug|Any CPU
		{BEF16679-AB92-4E5C-81AE-0E10CFD897A0}.Debug|Mixed Platforms.Build.0 = Debug|Any CPU
		{BEF16679-AB92-4E5C-81AE-0E10CFD897A0}.Debug|x86.ActiveCfg = Debug|Any CPU
		{BEF16679-AB92-4E5C-81AE-0E10CFD897A0}.Release|Any CPU.ActiveCfg = Release|Any CPU
		{BEF16679-AB92-4E5C-81AE-0E10CFD897A0}.Release|Any CPU.Build.0 = Release|Any CPU
		{BEF16679-AB92-4E5C-81AE-0E10CFD897A0}.Release|Mixed Platforms.ActiveCfg = Release|Any CPU
		{BEF16679-AB92-4E5C-81AE-0E10CFD897A0}.Release|Mixed Platforms.Build.0 = Release|Any CPU
		{BEF16679-AB92-4E5C-81AE-0E10CFD897A0}.Release|x86.ActiveCfg = Release|Any CPU
		{53282366-E3B1-4E6F-833A-C048CC43CC09}.Debug|Any CPU.ActiveCfg = Debug|x86
		{53282366-E3B1-4E6F-833A-C048CC43CC09}.Debug|Mixed Platforms.ActiveCfg = Debug|x86
		{53282366-E3B1-4E6F-833A-C048CC43CC09}.Debug|Mixed Platforms.Build.0 = Debug|x86
		{53282366-E3B1-4E6F-833A-C048CC43CC09}.Debug|x86.ActiveCfg = Debug|x86
		{53282366-E3B1-4E6F-833A-C048CC43CC09}.Debug|x86.Build.0 = Debug|x86
		{53282366-E3B1-4E6F-833A-C048CC43CC09}.Release|Any CPU.ActiveCfg = Release|x86
		{53282366-E3B1-4E6F-833A-C048CC43CC09}.Release|Mixed Platforms.ActiveCfg = Release|x86
		{53282366-E3B1-4E6F-833A-C048CC43CC09}.Release|Mixed Platforms.Build.0 = Release|x86
		{53282366-E3B1-4E6F-833A-C048CC43CC09}.Release|x86.ActiveCfg = Release|x86
		{53282366-E3B1-4E6F-833A-C048CC43CC09}.Release|x86.Build.0 = Release|x86
		{8F98C191-576C-4327-B37D-82AADD01FE84}.Debug|Any CPU.ActiveCfg = Debug|Any CPU
		{8F98C191-576C-4327-B37D-82AADD01FE84}.Debug|Mixed Platforms.ActiveCfg = Debug|Any CPU
		{8F98C191-576C-4327-B37D-82AADD01FE84}.Debug|Mixed Platforms.Build.0 = Debug|Any CPU
		{8F98C191-576C-4327-B37D-82AADD01FE84}.Debug|x86.ActiveCfg = Debug|Any CPU
		{8F98C191-576C-4327-B37D-82AADD01FE84}.Release|Any CPU.ActiveCfg = Release|Any CPU
		{8F98C191-576C-4327-B37D-82AADD01FE84}.Release|Any CPU.Build.0 = Release|Any CPU
		{8F98C191-576C-4327-B37D-82AADD01FE84}.Release|Mixed Platforms.ActiveCfg = Release|Any CPU
		{8F98C191-576C-4327-B37D-82AADD01FE84}.Release|Mixed Platforms.Build.0 = Release|Any CPU
		{8F98C191-576C-4327-B37D-82AADD01FE84}.Release|x86.ActiveCfg = Release|Any CPU
		{886B90FD-C54C-4FA9-8948-6153E2802F32}.Debug|Any CPU.ActiveCfg = Debug|x86
		{886B90FD-C54C-4FA9-8948-6153E2802F32}.Debug|Mixed Platforms.ActiveCfg = Debug|x86
		{886B90FD-C54C-4FA9-8948-6153E2802F32}.Debug|Mixed Platforms.Build.0 = Debug|x86
		{886B90FD-C54C-4FA9-8948-6153E2802F32}.Debug|x86.ActiveCfg = Debug|x86
		{886B90FD-C54C-4FA9-8948-6153E2802F32}.Debug|x86.Build.0 = Debug|x86
		{886B90FD-C54C-4FA9-8948-6153E2802F32}.Release|Any CPU.ActiveCfg = Release|x86
		{886B90FD-C54C-4FA9-8948-6153E2802F32}.Release|Mixed Platforms.ActiveCfg = Release|x86
		{886B90FD-C54C-4FA9-8948-6153E2802F32}.Release|Mixed Platforms.Build.0 = Release|x86
		{886B90FD-C54C-4FA9-8948-6153E2802F32}.Release|x86.ActiveCfg = Release|x86
		{886B90FD-C54C-4FA9-8948-6153E2802F32}.Release|x86.Build.0 = Release|x86
		{A2F3D965-FD7A-46EE-B3CD-284C43772809}.Debug|Any CPU.ActiveCfg = Debug|Any CPU
		{A2F3D965-FD7A-46EE-B3CD-284C43772809}.Debug|Mixed Platforms.ActiveCfg = Debug|Any CPU
		{A2F3D965-FD7A-46EE-B3CD-284C43772809}.Debug|Mixed Platforms.Build.0 = Debug|Any CPU
		{A2F3D965-FD7A-46EE-B3CD-284C43772809}.Debug|x86.ActiveCfg = Debug|Any CPU
		{A2F3D965-FD7A-46EE-B3CD-284C43772809}.Release|Any CPU.ActiveCfg = Release|Any CPU
		{A2F3D965-FD7A-46EE-B3CD-284C43772809}.Release|Any CPU.Build.0 = Release|Any CPU
		{A2F3D965-FD7A-46EE-B3CD-284C43772809}.Release|Mixed Platforms.ActiveCfg = Release|Any CPU
		{A2F3D965-FD7A-46EE-B3CD-284C43772809}.Release|Mixed Platforms.Build.0 = Release|Any CPU
		{A2F3D965-FD7A-46EE-B3CD-284C43772809}.Release|x86.ActiveCfg = Release|Any CPU
		{B430620F-96DA-4821-BCD3-6542205CCC7B}.Debug|Any CPU.ActiveCfg = Debug|Any CPU
		{B430620F-96DA-4821-BCD3-6542205CCC7B}.Debug|Mixed Platforms.ActiveCfg = Debug|Any CPU
		{B430620F-96DA-4821-BCD3-6542205CCC7B}.Debug|Mixed Platforms.Build.0 = Debug|Any CPU
		{B430620F-96DA-4821-BCD3-6542205CCC7B}.Debug|x86.ActiveCfg = Debug|Any CPU
		{B430620F-96DA-4821-BCD3-6542205CCC7B}.Release|Any CPU.ActiveCfg = Release|Any CPU
		{B430620F-96DA-4821-BCD3-6542205CCC7B}.Release|Any CPU.Build.0 = Release|Any CPU
		{B430620F-96DA-4821-BCD3-6542205CCC7B}.Release|Mixed Platforms.ActiveCfg = Release|Any CPU
		{B430620F-96DA-4821-BCD3-6542205CCC7B}.Release|Mixed Platforms.Build.0 = Release|Any CPU
		{B430620F-96DA-4821-BCD3-6542205CCC7B}.Release|x86.ActiveCfg = Release|Any CPU
		{1AF67A42-1DCB-40C5-B27C-854CF2F1CCAE}.Debug|Any CPU.ActiveCfg = Debug|Any CPU
		{1AF67A42-1DCB-40C5-B27C-854CF2F1CCAE}.Debug|Mixed Platforms.ActiveCfg = Debug|Any CPU
		{1AF67A42-1DCB-40C5-B27C-854CF2F1CCAE}.Debug|Mixed Platforms.Build.0 = Debug|Any CPU
		{1AF67A42-1DCB-40C5-B27C-854CF2F1CCAE}.Debug|x86.ActiveCfg = Debug|Any CPU
		{1AF67A42-1DCB-40C5-B27C-854CF2F1CCAE}.Release|Any CPU.ActiveCfg = Release|Any CPU
		{1AF67A42-1DCB-40C5-B27C-854CF2F1CCAE}.Release|Any CPU.Build.0 = Release|Any CPU
		{1AF67A42-1DCB-40C5-B27C-854CF2F1CCAE}.Release|Mixed Platforms.ActiveCfg = Release|Any CPU
		{1AF67A42-1DCB-40C5-B27C-854CF2F1CCAE}.Release|Mixed Platforms.Build.0 = Release|Any CPU
		{1AF67A42-1DCB-40C5-B27C-854CF2F1CCAE}.Release|x86.ActiveCfg = Release|Any CPU
		{24227110-0708-4270-905E-122DCDCEA228}.Debug|Any CPU.ActiveCfg = Debug|Any CPU
		{24227110-0708-4270-905E-122DCDCEA228}.Debug|Any CPU.Build.0 = Debug|Any CPU
		{24227110-0708-4270-905E-122DCDCEA228}.Debug|Mixed Platforms.ActiveCfg = Debug|Any CPU
		{24227110-0708-4270-905E-122DCDCEA228}.Debug|Mixed Platforms.Build.0 = Debug|Any CPU
		{24227110-0708-4270-905E-122DCDCEA228}.Debug|x86.ActiveCfg = Debug|Any CPU
		{24227110-0708-4270-905E-122DCDCEA228}.Debug|x86.Build.0 = Debug|Any CPU
		{24227110-0708-4270-905E-122DCDCEA228}.Release|Any CPU.ActiveCfg = Release|Any CPU
		{24227110-0708-4270-905E-122DCDCEA228}.Release|Any CPU.Build.0 = Release|Any CPU
		{24227110-0708-4270-905E-122DCDCEA228}.Release|Mixed Platforms.ActiveCfg = Release|Any CPU
		{24227110-0708-4270-905E-122DCDCEA228}.Release|Mixed Platforms.Build.0 = Release|Any CPU
		{24227110-0708-4270-905E-122DCDCEA228}.Release|x86.ActiveCfg = Release|Any CPU
		{24227110-0708-4270-905E-122DCDCEA228}.Release|x86.Build.0 = Release|Any CPU
		{03853FAA-F25E-41C8-87E0-7E74E8739CD4}.Debug|Any CPU.ActiveCfg = Debug|Any CPU
		{03853FAA-F25E-41C8-87E0-7E74E8739CD4}.Debug|Any CPU.Build.0 = Debug|Any CPU
		{03853FAA-F25E-41C8-87E0-7E74E8739CD4}.Debug|Mixed Platforms.ActiveCfg = Debug|Any CPU
		{03853FAA-F25E-41C8-87E0-7E74E8739CD4}.Debug|Mixed Platforms.Build.0 = Debug|Any CPU
		{03853FAA-F25E-41C8-87E0-7E74E8739CD4}.Debug|x86.ActiveCfg = Debug|Any CPU
		{03853FAA-F25E-41C8-87E0-7E74E8739CD4}.Debug|x86.Build.0 = Debug|Any CPU
		{03853FAA-F25E-41C8-87E0-7E74E8739CD4}.Release|Any CPU.ActiveCfg = Release|Any CPU
		{03853FAA-F25E-41C8-87E0-7E74E8739CD4}.Release|Any CPU.Build.0 = Release|Any CPU
		{03853FAA-F25E-41C8-87E0-7E74E8739CD4}.Release|Mixed Platforms.ActiveCfg = Release|Any CPU
		{03853FAA-F25E-41C8-87E0-7E74E8739CD4}.Release|Mixed Platforms.Build.0 = Release|Any CPU
		{03853FAA-F25E-41C8-87E0-7E74E8739CD4}.Release|x86.ActiveCfg = Release|Any CPU
		{03853FAA-F25E-41C8-87E0-7E74E8739CD4}.Release|x86.Build.0 = Release|Any CPU
		{95454FFF-6633-49F7-9B6A-92A87341DD34}.Debug|Any CPU.ActiveCfg = Debug|Any CPU
		{95454FFF-6633-49F7-9B6A-92A87341DD34}.Debug|Any CPU.Build.0 = Debug|Any CPU
		{95454FFF-6633-49F7-9B6A-92A87341DD34}.Debug|Mixed Platforms.ActiveCfg = Debug|Any CPU
		{95454FFF-6633-49F7-9B6A-92A87341DD34}.Debug|Mixed Platforms.Build.0 = Debug|Any CPU
		{95454FFF-6633-49F7-9B6A-92A87341DD34}.Debug|x86.ActiveCfg = Debug|Any CPU
		{95454FFF-6633-49F7-9B6A-92A87341DD34}.Debug|x86.Build.0 = Debug|Any CPU
		{95454FFF-6633-49F7-9B6A-92A87341DD34}.Release|Any CPU.ActiveCfg = Release|Any CPU
		{95454FFF-6633-49F7-9B6A-92A87341DD34}.Release|Any CPU.Build.0 = Release|Any CPU
		{95454FFF-6633-49F7-9B6A-92A87341DD34}.Release|Mixed Platforms.ActiveCfg = Release|Any CPU
		{95454FFF-6633-49F7-9B6A-92A87341DD34}.Release|Mixed Platforms.Build.0 = Release|Any CPU
		{95454FFF-6633-49F7-9B6A-92A87341DD34}.Release|x86.ActiveCfg = Release|Any CPU
		{95454FFF-6633-49F7-9B6A-92A87341DD34}.Release|x86.Build.0 = Release|Any CPU
		{33266E2B-30A6-4AE6-B3D0-4AAE247475F7}.Debug|Any CPU.ActiveCfg = Debug|Any CPU
		{33266E2B-30A6-4AE6-B3D0-4AAE247475F7}.Debug|Any CPU.Build.0 = Debug|Any CPU
		{33266E2B-30A6-4AE6-B3D0-4AAE247475F7}.Debug|Mixed Platforms.ActiveCfg = Debug|Any CPU
		{33266E2B-30A6-4AE6-B3D0-4AAE247475F7}.Debug|Mixed Platforms.Build.0 = Debug|Any CPU
		{33266E2B-30A6-4AE6-B3D0-4AAE247475F7}.Debug|x86.ActiveCfg = Debug|Any CPU
		{33266E2B-30A6-4AE6-B3D0-4AAE247475F7}.Debug|x86.Build.0 = Debug|Any CPU
		{33266E2B-30A6-4AE6-B3D0-4AAE247475F7}.Release|Any CPU.ActiveCfg = Release|Any CPU
		{33266E2B-30A6-4AE6-B3D0-4AAE247475F7}.Release|Any CPU.Build.0 = Release|Any CPU
		{33266E2B-30A6-4AE6-B3D0-4AAE247475F7}.Release|Mixed Platforms.ActiveCfg = Release|Any CPU
		{33266E2B-30A6-4AE6-B3D0-4AAE247475F7}.Release|Mixed Platforms.Build.0 = Release|Any CPU
		{33266E2B-30A6-4AE6-B3D0-4AAE247475F7}.Release|x86.ActiveCfg = Release|Any CPU
		{33266E2B-30A6-4AE6-B3D0-4AAE247475F7}.Release|x86.Build.0 = Release|Any CPU
		{13067DD0-0FC6-407C-98AF-FC752ABE6C0E}.Debug|Any CPU.ActiveCfg = Debug|Any CPU
		{13067DD0-0FC6-407C-98AF-FC752ABE6C0E}.Debug|Any CPU.Build.0 = Debug|Any CPU
		{13067DD0-0FC6-407C-98AF-FC752ABE6C0E}.Debug|Mixed Platforms.ActiveCfg = Debug|Any CPU
		{13067DD0-0FC6-407C-98AF-FC752ABE6C0E}.Debug|Mixed Platforms.Build.0 = Debug|Any CPU
		{13067DD0-0FC6-407C-98AF-FC752ABE6C0E}.Debug|x86.ActiveCfg = Debug|Any CPU
		{13067DD0-0FC6-407C-98AF-FC752ABE6C0E}.Debug|x86.Build.0 = Debug|Any CPU
		{13067DD0-0FC6-407C-98AF-FC752ABE6C0E}.Release|Any CPU.ActiveCfg = Release|Any CPU
		{13067DD0-0FC6-407C-98AF-FC752ABE6C0E}.Release|Any CPU.Build.0 = Release|Any CPU
		{13067DD0-0FC6-407C-98AF-FC752ABE6C0E}.Release|Mixed Platforms.ActiveCfg = Release|Any CPU
		{13067DD0-0FC6-407C-98AF-FC752ABE6C0E}.Release|Mixed Platforms.Build.0 = Release|Any CPU
		{13067DD0-0FC6-407C-98AF-FC752ABE6C0E}.Release|x86.ActiveCfg = Release|Any CPU
		{13067DD0-0FC6-407C-98AF-FC752ABE6C0E}.Release|x86.Build.0 = Release|Any CPU
		{8601FE88-A8F7-44F4-B76F-757F7AF0E38F}.Debug|Any CPU.ActiveCfg = Debug|Any CPU
		{8601FE88-A8F7-44F4-B76F-757F7AF0E38F}.Debug|Any CPU.Build.0 = Debug|Any CPU
		{8601FE88-A8F7-44F4-B76F-757F7AF0E38F}.Debug|Mixed Platforms.ActiveCfg = Debug|Any CPU
		{8601FE88-A8F7-44F4-B76F-757F7AF0E38F}.Debug|Mixed Platforms.Build.0 = Debug|Any CPU
		{8601FE88-A8F7-44F4-B76F-757F7AF0E38F}.Debug|x86.ActiveCfg = Debug|Any CPU
		{8601FE88-A8F7-44F4-B76F-757F7AF0E38F}.Debug|x86.Build.0 = Debug|Any CPU
		{8601FE88-A8F7-44F4-B76F-757F7AF0E38F}.Release|Any CPU.ActiveCfg = Release|Any CPU
		{8601FE88-A8F7-44F4-B76F-757F7AF0E38F}.Release|Any CPU.Build.0 = Release|Any CPU
		{8601FE88-A8F7-44F4-B76F-757F7AF0E38F}.Release|Mixed Platforms.ActiveCfg = Release|Any CPU
		{8601FE88-A8F7-44F4-B76F-757F7AF0E38F}.Release|Mixed Platforms.Build.0 = Release|Any CPU
		{8601FE88-A8F7-44F4-B76F-757F7AF0E38F}.Release|x86.ActiveCfg = Release|Any CPU
		{8601FE88-A8F7-44F4-B76F-757F7AF0E38F}.Release|x86.Build.0 = Release|Any CPU
		{F0670A0F-B3FB-4DF9-9BFF-56002BFD9EE1}.Debug|Any CPU.ActiveCfg = Debug|Any CPU
		{F0670A0F-B3FB-4DF9-9BFF-56002BFD9EE1}.Debug|Any CPU.Build.0 = Debug|Any CPU
		{F0670A0F-B3FB-4DF9-9BFF-56002BFD9EE1}.Debug|Mixed Platforms.ActiveCfg = Debug|Any CPU
		{F0670A0F-B3FB-4DF9-9BFF-56002BFD9EE1}.Debug|Mixed Platforms.Build.0 = Debug|Any CPU
		{F0670A0F-B3FB-4DF9-9BFF-56002BFD9EE1}.Debug|x86.ActiveCfg = Debug|Any CPU
		{F0670A0F-B3FB-4DF9-9BFF-56002BFD9EE1}.Debug|x86.Build.0 = Debug|Any CPU
		{F0670A0F-B3FB-4DF9-9BFF-56002BFD9EE1}.Release|Any CPU.ActiveCfg = Release|Any CPU
		{F0670A0F-B3FB-4DF9-9BFF-56002BFD9EE1}.Release|Any CPU.Build.0 = Release|Any CPU
		{F0670A0F-B3FB-4DF9-9BFF-56002BFD9EE1}.Release|Mixed Platforms.ActiveCfg = Release|Any CPU
		{F0670A0F-B3FB-4DF9-9BFF-56002BFD9EE1}.Release|Mixed Platforms.Build.0 = Release|Any CPU
		{F0670A0F-B3FB-4DF9-9BFF-56002BFD9EE1}.Release|x86.ActiveCfg = Release|Any CPU
		{F0670A0F-B3FB-4DF9-9BFF-56002BFD9EE1}.Release|x86.Build.0 = Release|Any CPU
		{A334977C-FE03-40AD-907E-13F9024AA151}.Debug|Any CPU.ActiveCfg = Debug|Any CPU
		{A334977C-FE03-40AD-907E-13F9024AA151}.Debug|Any CPU.Build.0 = Debug|Any CPU
		{A334977C-FE03-40AD-907E-13F9024AA151}.Debug|Mixed Platforms.ActiveCfg = Debug|Any CPU
		{A334977C-FE03-40AD-907E-13F9024AA151}.Debug|Mixed Platforms.Build.0 = Debug|Any CPU
		{A334977C-FE03-40AD-907E-13F9024AA151}.Debug|x86.ActiveCfg = Debug|Any CPU
		{A334977C-FE03-40AD-907E-13F9024AA151}.Debug|x86.Build.0 = Debug|Any CPU
		{A334977C-FE03-40AD-907E-13F9024AA151}.Release|Any CPU.ActiveCfg = Release|Any CPU
		{A334977C-FE03-40AD-907E-13F9024AA151}.Release|Any CPU.Build.0 = Release|Any CPU
		{A334977C-FE03-40AD-907E-13F9024AA151}.Release|Mixed Platforms.ActiveCfg = Release|Any CPU
		{A334977C-FE03-40AD-907E-13F9024AA151}.Release|Mixed Platforms.Build.0 = Release|Any CPU
		{A334977C-FE03-40AD-907E-13F9024AA151}.Release|x86.ActiveCfg = Release|Any CPU
		{A334977C-FE03-40AD-907E-13F9024AA151}.Release|x86.Build.0 = Release|Any CPU
		{023230B3-8317-4226-AF1B-38DD7BCA4638}.Debug|Any CPU.ActiveCfg = Debug|Any CPU
		{023230B3-8317-4226-AF1B-38DD7BCA4638}.Debug|Any CPU.Build.0 = Debug|Any CPU
		{023230B3-8317-4226-AF1B-38DD7BCA4638}.Debug|Mixed Platforms.ActiveCfg = Debug|Any CPU
		{023230B3-8317-4226-AF1B-38DD7BCA4638}.Debug|Mixed Platforms.Build.0 = Debug|Any CPU
		{023230B3-8317-4226-AF1B-38DD7BCA4638}.Debug|x86.ActiveCfg = Debug|Any CPU
		{023230B3-8317-4226-AF1B-38DD7BCA4638}.Debug|x86.Build.0 = Debug|Any CPU
		{023230B3-8317-4226-AF1B-38DD7BCA4638}.Release|Any CPU.ActiveCfg = Release|Any CPU
		{023230B3-8317-4226-AF1B-38DD7BCA4638}.Release|Any CPU.Build.0 = Release|Any CPU
		{023230B3-8317-4226-AF1B-38DD7BCA4638}.Release|Mixed Platforms.ActiveCfg = Release|Any CPU
		{023230B3-8317-4226-AF1B-38DD7BCA4638}.Release|Mixed Platforms.Build.0 = Release|Any CPU
		{023230B3-8317-4226-AF1B-38DD7BCA4638}.Release|x86.ActiveCfg = Release|Any CPU
		{023230B3-8317-4226-AF1B-38DD7BCA4638}.Release|x86.Build.0 = Release|Any CPU
		{F9E4B13B-9497-4CE4-B698-B9A39C1BE873}.Debug|Any CPU.ActiveCfg = Debug|Any CPU
		{F9E4B13B-9497-4CE4-B698-B9A39C1BE873}.Debug|Any CPU.Build.0 = Debug|Any CPU
		{F9E4B13B-9497-4CE4-B698-B9A39C1BE873}.Debug|Mixed Platforms.ActiveCfg = Debug|Any CPU
		{F9E4B13B-9497-4CE4-B698-B9A39C1BE873}.Debug|Mixed Platforms.Build.0 = Debug|Any CPU
		{F9E4B13B-9497-4CE4-B698-B9A39C1BE873}.Debug|x86.ActiveCfg = Debug|Any CPU
		{F9E4B13B-9497-4CE4-B698-B9A39C1BE873}.Debug|x86.Build.0 = Debug|Any CPU
		{F9E4B13B-9497-4CE4-B698-B9A39C1BE873}.Release|Any CPU.ActiveCfg = Release|Any CPU
		{F9E4B13B-9497-4CE4-B698-B9A39C1BE873}.Release|Any CPU.Build.0 = Release|Any CPU
		{F9E4B13B-9497-4CE4-B698-B9A39C1BE873}.Release|Mixed Platforms.ActiveCfg = Release|Any CPU
		{F9E4B13B-9497-4CE4-B698-B9A39C1BE873}.Release|Mixed Platforms.Build.0 = Release|Any CPU
		{F9E4B13B-9497-4CE4-B698-B9A39C1BE873}.Release|x86.ActiveCfg = Release|Any CPU
		{F9E4B13B-9497-4CE4-B698-B9A39C1BE873}.Release|x86.Build.0 = Release|Any CPU
	EndGlobalSection
	GlobalSection(SolutionProperties) = preSolution
		HideSolutionNode = FALSE
	EndGlobalSection
	GlobalSection(NestedProjects) = preSolution
		{648CC2E2-976C-489E-A310-FCDFC90232D7} = {6A8CBBFF-56F4-41EA-9460-BF96E9E43A01}
		{A54AD3C6-7DB5-4055-8B2C-FA476C62CB84} = {A2E6F7E0-7070-4AA7-854B-131AD413E7E5}
		{B2F95992-4400-4214-9590-3F356E4EF53F} = {A2E6F7E0-7070-4AA7-854B-131AD413E7E5}
		{B20B79BA-097C-4B9B-9110-BA6034DA9945} = {A2E6F7E0-7070-4AA7-854B-131AD413E7E5}
		{8339821E-768C-4B5A-9146-3ADEE160715E} = {3939518F-9F20-40D1-91C1-D87B7937389C}
		{BEF16679-AB92-4E5C-81AE-0E10CFD897A0} = {12699F81-9545-4AC4-BC15-A3DA0B699E38}
		{53282366-E3B1-4E6F-833A-C048CC43CC09} = {04DE8D30-020F-4ACC-8E39-9D28002CC1BE}
		{8F98C191-576C-4327-B37D-82AADD01FE84} = {304572B4-C11F-4C4D-84FC-54DFA0D41EA4}
		{886B90FD-C54C-4FA9-8948-6153E2802F32} = {5DBCDF82-8F0F-491B-A076-B28EDF1B8B64}
		{A2F3D965-FD7A-46EE-B3CD-284C43772809} = {5DBCDF82-8F0F-491B-A076-B28EDF1B8B64}
		{B430620F-96DA-4821-BCD3-6542205CCC7B} = {9533F1EB-7B6F-4776-A966-9D76FB7176D5}
		{03853FAA-F25E-41C8-87E0-7E74E8739CD4} = {04F13A04-D702-45ED-9ADB-6548328429CE}
		{95454FFF-6633-49F7-9B6A-92A87341DD34} = {67C5DA71-F872-4DFE-AC39-18E52E4808C5}
		{13067DD0-0FC6-407C-98AF-FC752ABE6C0E} = {04F13A04-D702-45ED-9ADB-6548328429CE}
	EndGlobalSection
	GlobalSection(ExtensibilityGlobals) = postSolution
		SolutionGuid = {6EE86E61-0CC9-4699-B0F0-E5978190A710}
	EndGlobalSection
	GlobalSection(TeamFoundationVersionControl) = preSolution
		SccNumberOfProjects = 24
		SccEnterpriseProvider = {4CA58AB2-18FA-4F8D-95D4-32DDF27D184C}
		SccTeamFoundationServer = https://dintec.visualstudio.com/
		SccLocalPath0 = .
		SccProjectUniqueName1 = P_CZ_HR_PHONE_PAY\\P_CZ_HR_PHONE_PAY.csproj
		SccProjectTopLevelParentUniqueName1 = 하상원.sln
		SccProjectName1 = P_CZ_HR_PHONE_PAY
		SccLocalPath1 = P_CZ_HR_PHONE_PAY
		SccProjectUniqueName2 = P_CZ_MA_IPLIST\\P_CZ_MA_IPLIST.csproj
		SccProjectTopLevelParentUniqueName2 = 하상원.sln
		SccProjectName2 = P_CZ_MA_IPLIST
		SccLocalPath2 = P_CZ_MA_IPLIST
		SccProjectUniqueName3 = P_CZ_HR_PHONE_PAY_LIST\\P_CZ_HR_PHONE_PAY_LIST.csproj
		SccProjectTopLevelParentUniqueName3 = 하상원.sln
		SccProjectName3 = P_CZ_HR_PHONE_PAY_LIST
		SccLocalPath3 = P_CZ_HR_PHONE_PAY_LIST
		SccProjectUniqueName4 = P_CZ_HR_PHONE_PAY_REG\\P_CZ_HR_PHONE_PAY_REG.csproj
		SccProjectTopLevelParentUniqueName4 = 하상원.sln
		SccProjectName4 = P_CZ_HR_PHONE_PAY_REG
		SccLocalPath4 = P_CZ_HR_PHONE_PAY_REG
		SccProjectUniqueName5 = P_CZ_HR_CONTRACT_REG\\P_CZ_HR_CONTRACT_REG.csproj
		SccProjectTopLevelParentUniqueName5 = 하상원.sln
		SccProjectName5 = P_CZ_HR_CONTRACT_REG
		SccLocalPath5 = P_CZ_HR_CONTRACT_REG
		SccProjectUniqueName6 = Dintec\\Dintec.csproj
		SccProjectName6 = Dintec
		SccLocalPath6 = Dintec
		SccProjectUniqueName7 = P_CZ_HR_OVERTIME_GW\\P_CZ_HR_OVERTIME_GW.csproj
		SccProjectTopLevelParentUniqueName7 = 하상원.sln
		SccProjectName7 = P_CZ_HR_OVERTIME_GW
		SccLocalPath7 = P_CZ_HR_OVERTIME_GW
		SccProjectUniqueName8 = P_CZ_MA_PARSING\\P_CZ_MA_PARSING.csproj
		SccProjectTopLevelParentUniqueName8 = 하상원.sln
		SccProjectName8 = P_CZ_MA_PARSING
		SccLocalPath8 = P_CZ_MA_PARSING
		SccProjectUniqueName9 = P_CZ_MA_HGS_ITEM\\P_CZ_MA_HGS_ITEM.csproj
		SccProjectTopLevelParentUniqueName9 = 하상원.sln
		SccProjectName9 = P_CZ_MA_HGS_ITEM
		SccLocalPath9 = P_CZ_MA_HGS_ITEM
		SccProjectUniqueName10 = P_CZ_BI_WTMCALC_MONTH\\P_CZ_BI_WTMCALC_MONTH.csproj
		SccProjectTopLevelParentUniqueName10 = 하상원.sln
		SccProjectName10 = P_CZ_BI_WTMCALC_MONTH
		SccLocalPath10 = P_CZ_BI_WTMCALC_MONTH
		SccProjectUniqueName11 = P_CZ_BI_WTMCALC_MONTH_RMK\\P_CZ_BI_WTMCALC_MONTH_RMK.csproj
		SccProjectTopLevelParentUniqueName11 = 하상원.sln
		SccProjectName11 = P_CZ_BI_WTMCALC_MONTH_RMK
		SccLocalPath11 = P_CZ_BI_WTMCALC_MONTH_RMK
		SccProjectUniqueName12 = P_CZ_BI_QTN_NOT_DONE\\P_CZ_BI_QTN_NOT_DONE.csproj
		SccProjectTopLevelParentUniqueName12 = 하상원.sln
		SccProjectName12 = P_CZ_BI_QTN_NOT_DONE
		SccLocalPath12 = P_CZ_BI_QTN_NOT_DONE
		SccProjectUniqueName13 = P_CZ_MA_EMAIL_SUB\\P_CZ_MA_EMAIL_SUB.csproj
		SccProjectName13 = P_CZ_MA_EMAIL_SUB
		SccLocalPath13 = P_CZ_MA_EMAIL_SUB
		SccProjectUniqueName14 = Parsing\\Parsing.csproj
		SccProjectName14 = Parsing
		SccLocalPath14 = Parsing
		SccProjectUniqueName15 = P_CZ_MAIL_SORTER\\P_CZ_MAIL_SORTER.csproj
		SccProjectTopLevelParentUniqueName15 = 하상원.sln
		SccProjectName15 = P_CZ_MAIL_SORTER
		SccLocalPath15 = P_CZ_MAIL_SORTER
		SccProjectUniqueName16 = P_CZ_MA_CODE\\P_CZ_MA_CODE.csproj
		SccProjectTopLevelParentUniqueName16 = 하상원.sln
		SccProjectName16 = P_CZ_MA_CODE
		SccLocalPath16 = P_CZ_MA_CODE
		SccProjectUniqueName17 = P_CZ_SA_GIRSCH\\P_CZ_SA_GIRSCH.csproj
		SccProjectName17 = P_CZ_SA_GIRSCH
		SccLocalPath17 = P_CZ_SA_GIRSCH
		SccProjectUniqueName18 = P_CZ_MAIL_REG\\P_CZ_MAIL_REG.csproj
		SccProjectTopLevelParentUniqueName18 = 하상원.sln
		SccProjectName18 = P_CZ_MAIL_REG
		SccLocalPath18 = P_CZ_MAIL_REG
		SccProjectUniqueName19 = P_CZ_SA_QTN_REG\\P_CZ_SA_QTN_REG.csproj
		SccProjectName19 = P_CZ_SA_QTN_REG
		SccLocalPath19 = P_CZ_SA_QTN_REG
		SccProjectUniqueName20 = P_CZ_SA_SO_BATCH_WINTEC\\P_CZ_SA_SO_BATCH_WINTEC.csproj
		SccProjectName20 = P_CZ_SA_SO_BATCH_WINTEC
		SccLocalPath20 = P_CZ_SA_SO_BATCH_WINTEC
		SccProjectUniqueName21 = P_CZ_HR_WORKTIME_MGT\\P_CZ_HR_WORKTIME_MGT.csproj
		SccProjectName21 = P_CZ_HR_WORKTIME_MGT
		SccLocalPath21 = P_CZ_HR_WORKTIME_MGT
		SccProjectUniqueName22 = P_CZ_UT_HHI_XML\\P_CZ_UT_HHI_XML.csproj
		SccProjectName22 = P_CZ_UT_HHI_XML
		SccLocalPath22 = P_CZ_UT_HHI_XML
		SccProjectUniqueName23 = DX\\DX.csproj
		SccProjectName23 = DX
		SccLocalPath23 = DX
	EndGlobalSection
EndGlobal
