
Microsoft Visual Studio Solution File, Format Version 11.00
# Visual Studio 2010
Project("{FAE04EC0-301F-11D3-BF4B-00C04F79EFBC}") = "P_PU_LOT_SUB_R", "P_PU_LOT_SUB_R.csproj", "{D24A1EC2-AA36-4797-A4AA-48148A16EF0C}"
EndProject
Global
	GlobalSection(SourceCodeControl) = preSolution
		SccNumberOfProjects = 1
		SccProjectUniqueName0 = P_PU_LOT_SUB_R.csproj
		SccProjectName0 = \u0022$/ERPU/ERP-U-2009/Purchase/00_도움창/P_PU_LOT_SUB_R\u0022,\u0020DKNOAAAA
		SccLocalPath0 = .
		SccProvider0 = MSSCCI:Microsoft\u0020Visual\u0020SourceSafe
	EndGlobalSection
	GlobalSection(SolutionConfigurationPlatforms) = preSolution
		Debug|Any CPU = Debug|Any CPU
		Release|Any CPU = Release|Any CPU
	EndGlobalSection
	GlobalSection(ProjectConfigurationPlatforms) = postSolution
		{D24A1EC2-AA36-4797-A4AA-48148A16EF0C}.Debug|Any CPU.ActiveCfg = Debug|Any CPU
		{D24A1EC2-AA36-4797-A4AA-48148A16EF0C}.Debug|Any CPU.Build.0 = Debug|Any CPU
		{D24A1EC2-AA36-4797-A4AA-48148A16EF0C}.Release|Any CPU.ActiveCfg = Release|Any CPU
		{D24A1EC2-AA36-4797-A4AA-48148A16EF0C}.Release|Any CPU.Build.0 = Release|Any CPU
	EndGlobalSection
	GlobalSection(SolutionProperties) = preSolution
		HideSolutionNode = FALSE
	EndGlobalSection
EndGlobal
