
Microsoft Visual Studio Solution File, Format Version 12.00
# Visual Studio Version 16
VisualStudioVersion = 16.0.29418.71
MinimumVisualStudioVersion = 10.0.40219.1
Project("{FAE04EC0-301F-11D3-BF4B-00C04F79EFBC}") = "P_CZ_SA_SO_WINTEC", "P_CZ_SA_SO_WINTEC\P_CZ_SA_SO_WINTEC.csproj", "{8A691448-6DDE-44FA-A9AD-C0A66BD4BC2A}"
EndProject
Project("{FAE04EC0-301F-11D3-BF4B-00C04F79EFBC}") = "P_CZ_MA_DOCUMENT_MNG_WINTEC", "P_CZ_MA_DOCUMENT_MNG_WINTEC\P_CZ_MA_DOCUMENT_MNG_WINTEC.csproj", "{DC56EE45-F957-481B-B554-9E49C196E269}"
EndProject
Project("{FAE04EC0-301F-11D3-BF4B-00C04F79EFBC}") = "P_CZ_PR_ASSEMBLING_MNG", "P_CZ_PR_ASSEMBLING_MNG\P_CZ_PR_ASSEMBLING_MNG.csproj", "{C7AEDD80-52C5-4CC5-9CD1-6D010188AFC3}"
EndProject
Project("{FAE04EC0-301F-11D3-BF4B-00C04F79EFBC}") = "P_CZ_PR_DEPT_EQUIP_MNG", "P_CZ_PR_DEPT_EQUIP_MNG\P_CZ_PR_DEPT_EQUIP_MNG.csproj", "{2506AC19-DD99-4373-BA41-D0B0FB38D9BB}"
EndProject
Project("{FAE04EC0-301F-11D3-BF4B-00C04F79EFBC}") = "P_CZ_PR_ID_NO_HISTORY", "P_CZ_PR_ID_NO_HISTORY\P_CZ_PR_ID_NO_HISTORY.csproj", "{88CEA671-FC1C-4C36-A905-BFC677ED8D1B}"
EndProject
Project("{FAE04EC0-301F-11D3-BF4B-00C04F79EFBC}") = "P_CZ_PR_LINK_MES_REG", "P_CZ_PR_LINK_MES_REG\P_CZ_PR_LINK_MES_REG.csproj", "{B59896C5-10A5-4FBF-AEC7-D9F443907009}"
EndProject
Project("{FAE04EC0-301F-11D3-BF4B-00C04F79EFBC}") = "P_CZ_PR_MARKING_REG", "P_CZ_PR_MARKING_REG\P_CZ_PR_MARKING_REG.csproj", "{1BFDF5EC-4FDF-4581-976B-2901001891D2}"
EndProject
Project("{FAE04EC0-301F-11D3-BF4B-00C04F79EFBC}") = "P_CZ_PR_MATCHING_MNG", "P_CZ_PR_MATCHING_MNG\P_CZ_PR_MATCHING_MNG.csproj", "{9888A66D-1447-4199-B8B6-B9384528002F}"
EndProject
Project("{FAE04EC0-301F-11D3-BF4B-00C04F79EFBC}") = "P_CZ_PR_MATCHING_REG", "P_CZ_PR_MATCHING_REG\P_CZ_PR_MATCHING_REG.csproj", "{BC26757E-661F-4E2C-9E6E-443939F94AA4}"
EndProject
Project("{FAE04EC0-301F-11D3-BF4B-00C04F79EFBC}") = "P_CZ_PR_OPOUT_PO_REG", "P_CZ_PR_OPOUT_PO_REG\P_CZ_PR_OPOUT_PO_REG.csproj", "{90369B40-1BB5-47D4-A566-DD81789FCD6B}"
EndProject
Project("{FAE04EC0-301F-11D3-BF4B-00C04F79EFBC}") = "P_CZ_PR_POP_REG", "P_CZ_PR_POP_REG\P_CZ_PR_POP_REG.csproj", "{A716F015-3237-4FF0-A11B-3EB74BB068D9}"
EndProject
Project("{FAE04EC0-301F-11D3-BF4B-00C04F79EFBC}") = "P_CZ_PR_ROUT_REG", "P_CZ_PR_ROUT_REG\P_CZ_PR_ROUT_REG.csproj", "{EFC3A868-24F2-414B-B3D7-F755C0190DDE}"
EndProject
Project("{FAE04EC0-301F-11D3-BF4B-00C04F79EFBC}") = "P_CZ_PR_WO_ITEM_GRP_RPT", "P_CZ_PR_WO_ITEM_GRP_RPT\P_CZ_PR_WO_ITEM_GRP_RPT.csproj", "{C97F0006-EDD3-4586-B996-16595D18A80C}"
EndProject
Project("{FAE04EC0-301F-11D3-BF4B-00C04F79EFBC}") = "P_CZ_PR_WO_MNG", "P_CZ_PR_WO_MNG\P_CZ_PR_WO_MNG.csproj", "{E672C068-8373-4FD8-A6B4-FC4CEC9E6415}"
EndProject
Project("{FAE04EC0-301F-11D3-BF4B-00C04F79EFBC}") = "P_CZ_PR_WO_ROUT_EQUIP_MNG", "P_CZ_PR_WO_ROUT_EQUIP_MNG\P_CZ_PR_WO_ROUT_EQUIP_MNG.csproj", "{6CB2346B-10C5-409B-916A-8CA5A06D45F6}"
EndProject
Project("{FAE04EC0-301F-11D3-BF4B-00C04F79EFBC}") = "P_CZ_PR_WO_SA_SOL_CHANGE", "P_CZ_PR_WO_SA_SOL_CHANGE\P_CZ_PR_WO_SA_SOL_CHANGE.csproj", "{9A7239D4-8FC4-48E0-AEDF-E4F82D53842B}"
EndProject
Project("{FAE04EC0-301F-11D3-BF4B-00C04F79EFBC}") = "P_CZ_PR_WO_SIMULATION", "P_CZ_PR_WO_SIMULATION\P_CZ_PR_WO_SIMULATION.csproj", "{5CA85B5C-4D65-492C-AC05-D2236043DECA}"
EndProject
Project("{FAE04EC0-301F-11D3-BF4B-00C04F79EFBC}") = "P_CZ_QU_INSP_SCHEDULE_MNG", "P_CZ_QU_INSP_SCHEDULE_MNG\P_CZ_QU_INSP_SCHEDULE_MNG.csproj", "{84FA67B8-D385-437E-884B-158D58872AD1}"
EndProject
Project("{FAE04EC0-301F-11D3-BF4B-00C04F79EFBC}") = "P_CZ_SA_SO_BATCH_WINTEC", "P_CZ_SA_SO_BATCH_WINTEC\P_CZ_SA_SO_BATCH_WINTEC.csproj", "{F0670A0F-B3FB-4DF9-9BFF-56002BFD9EE1}"
EndProject
Project("{FAE04EC0-301F-11D3-BF4B-00C04F79EFBC}") = "P_CZ_SA_SO_MNG_WINTEC", "P_CZ_SA_SO_MNG_WINTEC\P_CZ_SA_SO_MNG_WINTEC.csproj", "{F4D88D26-E49E-4CAA-88BF-7E9A8B4A0687}"
EndProject
Project("{FAE04EC0-301F-11D3-BF4B-00C04F79EFBC}") = "P_CZ_SA_SO_PR_WO_RPT", "P_CZ_SA_SO_PR_WO_RPT\P_CZ_SA_SO_PR_WO_RPT.csproj", "{1286BEAB-DA31-4976-83E8-3235EA1FC9BB}"
EndProject
Project("{FAE04EC0-301F-11D3-BF4B-00C04F79EFBC}") = "P_CZ_SA_SOSCH1_WINTEC", "P_CZ_SA_SOSCH1_WINTEC\P_CZ_SA_SOSCH1_WINTEC.csproj", "{7D4EED90-1A89-4A5B-85A9-E970BFF91575}"
EndProject
Project("{FAE04EC0-301F-11D3-BF4B-00C04F79EFBC}") = "P_CZ_PR_OPOUT_WORK_REG", "P_CZ_PR_OPOUT_WORK_REG\P_CZ_PR_OPOUT_WORK_REG.csproj", "{6153596A-C25A-4187-8244-922BF1A27474}"
EndProject
Project("{FAE04EC0-301F-11D3-BF4B-00C04F79EFBC}") = "Parsing", "..\ERP\커스터마이징\Parsing\Parsing.csproj", "{24227110-0708-4270-905E-122DCDCEA228}"
EndProject
Project("{FAE04EC0-301F-11D3-BF4B-00C04F79EFBC}") = "P_CZ_SA_GI_WINTEC", "P_CZ_SA_GI_WINTEC\P_CZ_SA_GI_WINTEC.csproj", "{023E17EE-B559-4C5B-A1C4-9656401FBB23}"
EndProject
Project("{FAE04EC0-301F-11D3-BF4B-00C04F79EFBC}") = "P_CZ_PU_PO_WINTEC", "P_CZ_PU_PO_WINTEC\P_CZ_PU_PO_WINTEC.csproj", "{CD5E8E8A-65BF-4A8D-894B-1B49DA0AA637}"
EndProject
Project("{FAE04EC0-301F-11D3-BF4B-00C04F79EFBC}") = "P_CZ_PR_INV_SCH01_WINTEC", "P_CZ_PR_INV_SCH01_WINTEC\P_CZ_PR_INV_SCH01_WINTEC.csproj", "{40B423BF-1249-41CD-BE81-99F17CA8FDDD}"
EndProject
Project("{FAE04EC0-301F-11D3-BF4B-00C04F79EFBC}") = "P_CZ_PR_OPOUT_WORK_MNG", "P_CZ_PR_OPOUT_WORK_MNG\P_CZ_PR_OPOUT_WORK_MNG.csproj", "{94206A31-D242-46C1-9BF5-4A1D088B12E3}"
EndProject
Project("{FAE04EC0-301F-11D3-BF4B-00C04F79EFBC}") = "P_CZ_PR_OPOUT_IV_REG", "P_CZ_PR_OPOUT_IV_REG\P_CZ_PR_OPOUT_IV_REG.csproj", "{1764AC1A-4A81-40A5-BDF9-3A1E8142AB3E}"
EndProject
Project("{FAE04EC0-301F-11D3-BF4B-00C04F79EFBC}") = "P_CZ_PU_POST_RPT_WINTEC", "P_CZ_PU_POST_RPT_WINTEC\P_CZ_PU_POST_RPT_WINTEC.csproj", "{656AE352-38E0-4A25-B25F-A81E7868D35A}"
EndProject
Project("{FAE04EC0-301F-11D3-BF4B-00C04F79EFBC}") = "P_CZ_PR_OPOUT_REG", "P_CZ_PR_OPOUT_REG\P_CZ_PR_OPOUT_REG.csproj", "{96000B4F-7FF0-44A3-BA80-DCF3F9800FDB}"
EndProject
Project("{FAE04EC0-301F-11D3-BF4B-00C04F79EFBC}") = "P_CZ_PR_OPOUT_PO_MNG", "P_CZ_PR_OPOUT_PO_MNG\P_CZ_PR_OPOUT_PO_MNG.csproj", "{2254603D-8637-4CCD-BDD4-0527100066E0}"
EndProject
Project("{FAE04EC0-301F-11D3-BF4B-00C04F79EFBC}") = "P_CZ_PR_OPOUT_PO_CNT_RPT", "P_CZ_PR_OPOUT_PO_CNT_RPT\P_CZ_PR_OPOUT_PO_CNT_RPT.csproj", "{9962CF96-239C-4B0A-B360-491CD4EF59DB}"
EndProject
Project("{FAE04EC0-301F-11D3-BF4B-00C04F79EFBC}") = "P_CZ_PR_OPOUT_PR_REG", "P_CZ_PR_OPOUT_PR_REG\P_CZ_PR_OPOUT_PR_REG.csproj", "{AB061C66-AF2E-4BEB-AD47-7374DB06EAE2}"
EndProject
Project("{FAE04EC0-301F-11D3-BF4B-00C04F79EFBC}") = "P_CZ_PR_OPOUT_PR_MNG", "P_CZ_PR_OPOUT_PR_MNG\P_CZ_PR_OPOUT_PR_MNG.csproj", "{406627F2-48E4-460A-A27F-F9625DDADD62}"
EndProject
Project("{FAE04EC0-301F-11D3-BF4B-00C04F79EFBC}") = "P_CZ_PR_OPOUT_WORK_LIST", "P_CZ_PR_OPOUT_WORK_LIST\P_CZ_PR_OPOUT_WORK_LIST.csproj", "{DAA34EE5-B044-4538-A499-9D6356F1C15A}"
EndProject
Project("{FAE04EC0-301F-11D3-BF4B-00C04F79EFBC}") = "P_CZ_PU_PI_REG", "P_CZ_PU_PI_REG\P_CZ_PU_PI_REG.csproj", "{B81CC3DF-9F5B-403B-B2BD-F18B80CB624C}"
EndProject
Project("{FAE04EC0-301F-11D3-BF4B-00C04F79EFBC}") = "P_CZ_MA_ITEMGP", "P_CZ_MA_ITEMGP\P_CZ_MA_ITEMGP.csproj", "{9D4F7F8F-8F7C-4B99-9464-F99853F9A7CA}"
EndProject
Project("{FAE04EC0-301F-11D3-BF4B-00C04F79EFBC}") = "P_CZ_PR_OPOUT_IV_MNG", "P_CZ_PR_OPOUT_IV_MNG\P_CZ_PR_OPOUT_IV_MNG.csproj", "{436E3495-AF08-4CCB-91C3-6BA380B51C5B}"
EndProject
Project("{FAE04EC0-301F-11D3-BF4B-00C04F79EFBC}") = "P_CZ_PU_PO_ITEM_GRP_RPT", "P_CZ_PU_PO_ITEM_GRP_RPT\P_CZ_PU_PO_ITEM_GRP_RPT.csproj", "{9969EE24-6E45-4C59-B91A-D9C224C37721}"
EndProject
Project("{FAE04EC0-301F-11D3-BF4B-00C04F79EFBC}") = "P_CZ_PR_WORK_SCH11", "P_CZ_PR_WORK_SCH11\P_CZ_PR_WORK_SCH11.csproj", "{C15BB527-9E09-4C3F-935E-82C63B1406E4}"
EndProject
Project("{FAE04EC0-301F-11D3-BF4B-00C04F79EFBC}") = "P_CZ_PU_REQ_REG_1_WINTEC", "P_CZ_PU_REQ_REG_1_WINTEC\P_CZ_PU_REQ_REG_1_WINTEC.csproj", "{1A6D3FE8-92AD-4076-A375-A04395414483}"
EndProject
Project("{FAE04EC0-301F-11D3-BF4B-00C04F79EFBC}") = "P_CZ_PU_ITR_REG_WINTEC", "P_CZ_PU_ITR_REG_WINTEC\P_CZ_PU_ITR_REG_WINTEC.csproj", "{89597F67-DB3C-42D4-ABE0-20C3236EB081}"
EndProject
Project("{FAE04EC0-301F-11D3-BF4B-00C04F79EFBC}") = "P_CZ_PU_IA_REG_WINTEC", "P_CZ_PU_IA_REG_WINTEC\P_CZ_PU_IA_REG_WINTEC.csproj", "{FF96C497-2712-48AD-944F-CD0857A94952}"
EndProject
Project("{FAE04EC0-301F-11D3-BF4B-00C04F79EFBC}") = "P_CZ_PU_CGI_REG_WINTEC", "P_CZ_PU_CGI_REG_WINTEC\P_CZ_PU_CGI_REG_WINTEC.csproj", "{6010C594-2020-49C1-8F2B-9A5451BE81C9}"
EndProject
Project("{FAE04EC0-301F-11D3-BF4B-00C04F79EFBC}") = "P_CZ_PR_CFG_PLANT", "P_CZ_PR_CFG_PLANT\P_CZ_PR_CFG_PLANT.csproj", "{9BE14EAE-4244-42F9-9CEA-6DC1950944CF}"
EndProject
Global
	GlobalSection(SolutionConfigurationPlatforms) = preSolution
		Debug|Any CPU = Debug|Any CPU
		Release|Any CPU = Release|Any CPU
	EndGlobalSection
	GlobalSection(ProjectConfigurationPlatforms) = postSolution
		{8A691448-6DDE-44FA-A9AD-C0A66BD4BC2A}.Debug|Any CPU.ActiveCfg = Debug|Any CPU
		{8A691448-6DDE-44FA-A9AD-C0A66BD4BC2A}.Debug|Any CPU.Build.0 = Debug|Any CPU
		{8A691448-6DDE-44FA-A9AD-C0A66BD4BC2A}.Release|Any CPU.ActiveCfg = Release|Any CPU
		{8A691448-6DDE-44FA-A9AD-C0A66BD4BC2A}.Release|Any CPU.Build.0 = Release|Any CPU
		{DC56EE45-F957-481B-B554-9E49C196E269}.Debug|Any CPU.ActiveCfg = Debug|Any CPU
		{DC56EE45-F957-481B-B554-9E49C196E269}.Debug|Any CPU.Build.0 = Debug|Any CPU
		{DC56EE45-F957-481B-B554-9E49C196E269}.Release|Any CPU.ActiveCfg = Release|Any CPU
		{DC56EE45-F957-481B-B554-9E49C196E269}.Release|Any CPU.Build.0 = Release|Any CPU
		{C7AEDD80-52C5-4CC5-9CD1-6D010188AFC3}.Debug|Any CPU.ActiveCfg = Debug|Any CPU
		{C7AEDD80-52C5-4CC5-9CD1-6D010188AFC3}.Debug|Any CPU.Build.0 = Debug|Any CPU
		{C7AEDD80-52C5-4CC5-9CD1-6D010188AFC3}.Release|Any CPU.ActiveCfg = Release|Any CPU
		{C7AEDD80-52C5-4CC5-9CD1-6D010188AFC3}.Release|Any CPU.Build.0 = Release|Any CPU
		{2506AC19-DD99-4373-BA41-D0B0FB38D9BB}.Debug|Any CPU.ActiveCfg = Debug|Any CPU
		{2506AC19-DD99-4373-BA41-D0B0FB38D9BB}.Debug|Any CPU.Build.0 = Debug|Any CPU
		{2506AC19-DD99-4373-BA41-D0B0FB38D9BB}.Release|Any CPU.ActiveCfg = Release|Any CPU
		{2506AC19-DD99-4373-BA41-D0B0FB38D9BB}.Release|Any CPU.Build.0 = Release|Any CPU
		{88CEA671-FC1C-4C36-A905-BFC677ED8D1B}.Debug|Any CPU.ActiveCfg = Debug|Any CPU
		{88CEA671-FC1C-4C36-A905-BFC677ED8D1B}.Debug|Any CPU.Build.0 = Debug|Any CPU
		{88CEA671-FC1C-4C36-A905-BFC677ED8D1B}.Release|Any CPU.ActiveCfg = Release|Any CPU
		{88CEA671-FC1C-4C36-A905-BFC677ED8D1B}.Release|Any CPU.Build.0 = Release|Any CPU
		{B59896C5-10A5-4FBF-AEC7-D9F443907009}.Debug|Any CPU.ActiveCfg = Debug|Any CPU
		{B59896C5-10A5-4FBF-AEC7-D9F443907009}.Debug|Any CPU.Build.0 = Debug|Any CPU
		{B59896C5-10A5-4FBF-AEC7-D9F443907009}.Release|Any CPU.ActiveCfg = Release|Any CPU
		{B59896C5-10A5-4FBF-AEC7-D9F443907009}.Release|Any CPU.Build.0 = Release|Any CPU
		{1BFDF5EC-4FDF-4581-976B-2901001891D2}.Debug|Any CPU.ActiveCfg = Debug|Any CPU
		{1BFDF5EC-4FDF-4581-976B-2901001891D2}.Debug|Any CPU.Build.0 = Debug|Any CPU
		{1BFDF5EC-4FDF-4581-976B-2901001891D2}.Release|Any CPU.ActiveCfg = Release|Any CPU
		{1BFDF5EC-4FDF-4581-976B-2901001891D2}.Release|Any CPU.Build.0 = Release|Any CPU
		{9888A66D-1447-4199-B8B6-B9384528002F}.Debug|Any CPU.ActiveCfg = Debug|Any CPU
		{9888A66D-1447-4199-B8B6-B9384528002F}.Debug|Any CPU.Build.0 = Debug|Any CPU
		{9888A66D-1447-4199-B8B6-B9384528002F}.Release|Any CPU.ActiveCfg = Release|Any CPU
		{9888A66D-1447-4199-B8B6-B9384528002F}.Release|Any CPU.Build.0 = Release|Any CPU
		{BC26757E-661F-4E2C-9E6E-443939F94AA4}.Debug|Any CPU.ActiveCfg = Debug|Any CPU
		{BC26757E-661F-4E2C-9E6E-443939F94AA4}.Debug|Any CPU.Build.0 = Debug|Any CPU
		{BC26757E-661F-4E2C-9E6E-443939F94AA4}.Release|Any CPU.ActiveCfg = Release|Any CPU
		{BC26757E-661F-4E2C-9E6E-443939F94AA4}.Release|Any CPU.Build.0 = Release|Any CPU
		{90369B40-1BB5-47D4-A566-DD81789FCD6B}.Debug|Any CPU.ActiveCfg = Debug|Any CPU
		{90369B40-1BB5-47D4-A566-DD81789FCD6B}.Debug|Any CPU.Build.0 = Debug|Any CPU
		{90369B40-1BB5-47D4-A566-DD81789FCD6B}.Release|Any CPU.ActiveCfg = Release|Any CPU
		{90369B40-1BB5-47D4-A566-DD81789FCD6B}.Release|Any CPU.Build.0 = Release|Any CPU
		{A716F015-3237-4FF0-A11B-3EB74BB068D9}.Debug|Any CPU.ActiveCfg = Debug|Any CPU
		{A716F015-3237-4FF0-A11B-3EB74BB068D9}.Debug|Any CPU.Build.0 = Debug|Any CPU
		{A716F015-3237-4FF0-A11B-3EB74BB068D9}.Release|Any CPU.ActiveCfg = Release|Any CPU
		{A716F015-3237-4FF0-A11B-3EB74BB068D9}.Release|Any CPU.Build.0 = Release|Any CPU
		{EFC3A868-24F2-414B-B3D7-F755C0190DDE}.Debug|Any CPU.ActiveCfg = Debug|Any CPU
		{EFC3A868-24F2-414B-B3D7-F755C0190DDE}.Debug|Any CPU.Build.0 = Debug|Any CPU
		{EFC3A868-24F2-414B-B3D7-F755C0190DDE}.Release|Any CPU.ActiveCfg = Release|Any CPU
		{EFC3A868-24F2-414B-B3D7-F755C0190DDE}.Release|Any CPU.Build.0 = Release|Any CPU
		{C97F0006-EDD3-4586-B996-16595D18A80C}.Debug|Any CPU.ActiveCfg = Debug|Any CPU
		{C97F0006-EDD3-4586-B996-16595D18A80C}.Debug|Any CPU.Build.0 = Debug|Any CPU
		{C97F0006-EDD3-4586-B996-16595D18A80C}.Release|Any CPU.ActiveCfg = Release|Any CPU
		{C97F0006-EDD3-4586-B996-16595D18A80C}.Release|Any CPU.Build.0 = Release|Any CPU
		{E672C068-8373-4FD8-A6B4-FC4CEC9E6415}.Debug|Any CPU.ActiveCfg = Debug|Any CPU
		{E672C068-8373-4FD8-A6B4-FC4CEC9E6415}.Debug|Any CPU.Build.0 = Debug|Any CPU
		{E672C068-8373-4FD8-A6B4-FC4CEC9E6415}.Release|Any CPU.ActiveCfg = Release|Any CPU
		{E672C068-8373-4FD8-A6B4-FC4CEC9E6415}.Release|Any CPU.Build.0 = Release|Any CPU
		{6CB2346B-10C5-409B-916A-8CA5A06D45F6}.Debug|Any CPU.ActiveCfg = Debug|Any CPU
		{6CB2346B-10C5-409B-916A-8CA5A06D45F6}.Debug|Any CPU.Build.0 = Debug|Any CPU
		{6CB2346B-10C5-409B-916A-8CA5A06D45F6}.Release|Any CPU.ActiveCfg = Release|Any CPU
		{6CB2346B-10C5-409B-916A-8CA5A06D45F6}.Release|Any CPU.Build.0 = Release|Any CPU
		{9A7239D4-8FC4-48E0-AEDF-E4F82D53842B}.Debug|Any CPU.ActiveCfg = Debug|Any CPU
		{9A7239D4-8FC4-48E0-AEDF-E4F82D53842B}.Debug|Any CPU.Build.0 = Debug|Any CPU
		{9A7239D4-8FC4-48E0-AEDF-E4F82D53842B}.Release|Any CPU.ActiveCfg = Release|Any CPU
		{9A7239D4-8FC4-48E0-AEDF-E4F82D53842B}.Release|Any CPU.Build.0 = Release|Any CPU
		{5CA85B5C-4D65-492C-AC05-D2236043DECA}.Debug|Any CPU.ActiveCfg = Debug|Any CPU
		{5CA85B5C-4D65-492C-AC05-D2236043DECA}.Debug|Any CPU.Build.0 = Debug|Any CPU
		{5CA85B5C-4D65-492C-AC05-D2236043DECA}.Release|Any CPU.ActiveCfg = Release|Any CPU
		{5CA85B5C-4D65-492C-AC05-D2236043DECA}.Release|Any CPU.Build.0 = Release|Any CPU
		{84FA67B8-D385-437E-884B-158D58872AD1}.Debug|Any CPU.ActiveCfg = Debug|Any CPU
		{84FA67B8-D385-437E-884B-158D58872AD1}.Debug|Any CPU.Build.0 = Debug|Any CPU
		{84FA67B8-D385-437E-884B-158D58872AD1}.Release|Any CPU.ActiveCfg = Release|Any CPU
		{84FA67B8-D385-437E-884B-158D58872AD1}.Release|Any CPU.Build.0 = Release|Any CPU
		{F0670A0F-B3FB-4DF9-9BFF-56002BFD9EE1}.Debug|Any CPU.ActiveCfg = Debug|Any CPU
		{F0670A0F-B3FB-4DF9-9BFF-56002BFD9EE1}.Debug|Any CPU.Build.0 = Debug|Any CPU
		{F0670A0F-B3FB-4DF9-9BFF-56002BFD9EE1}.Release|Any CPU.ActiveCfg = Release|Any CPU
		{F0670A0F-B3FB-4DF9-9BFF-56002BFD9EE1}.Release|Any CPU.Build.0 = Release|Any CPU
		{F4D88D26-E49E-4CAA-88BF-7E9A8B4A0687}.Debug|Any CPU.ActiveCfg = Debug|Any CPU
		{F4D88D26-E49E-4CAA-88BF-7E9A8B4A0687}.Debug|Any CPU.Build.0 = Debug|Any CPU
		{F4D88D26-E49E-4CAA-88BF-7E9A8B4A0687}.Release|Any CPU.ActiveCfg = Release|Any CPU
		{F4D88D26-E49E-4CAA-88BF-7E9A8B4A0687}.Release|Any CPU.Build.0 = Release|Any CPU
		{1286BEAB-DA31-4976-83E8-3235EA1FC9BB}.Debug|Any CPU.ActiveCfg = Debug|Any CPU
		{1286BEAB-DA31-4976-83E8-3235EA1FC9BB}.Debug|Any CPU.Build.0 = Debug|Any CPU
		{1286BEAB-DA31-4976-83E8-3235EA1FC9BB}.Release|Any CPU.ActiveCfg = Release|Any CPU
		{1286BEAB-DA31-4976-83E8-3235EA1FC9BB}.Release|Any CPU.Build.0 = Release|Any CPU
		{7D4EED90-1A89-4A5B-85A9-E970BFF91575}.Debug|Any CPU.ActiveCfg = Debug|Any CPU
		{7D4EED90-1A89-4A5B-85A9-E970BFF91575}.Debug|Any CPU.Build.0 = Debug|Any CPU
		{7D4EED90-1A89-4A5B-85A9-E970BFF91575}.Release|Any CPU.ActiveCfg = Release|Any CPU
		{7D4EED90-1A89-4A5B-85A9-E970BFF91575}.Release|Any CPU.Build.0 = Release|Any CPU
		{6153596A-C25A-4187-8244-922BF1A27474}.Debug|Any CPU.ActiveCfg = Debug|Any CPU
		{6153596A-C25A-4187-8244-922BF1A27474}.Debug|Any CPU.Build.0 = Debug|Any CPU
		{6153596A-C25A-4187-8244-922BF1A27474}.Release|Any CPU.ActiveCfg = Release|Any CPU
		{6153596A-C25A-4187-8244-922BF1A27474}.Release|Any CPU.Build.0 = Release|Any CPU
		{24227110-0708-4270-905E-122DCDCEA228}.Debug|Any CPU.ActiveCfg = Debug|Any CPU
		{24227110-0708-4270-905E-122DCDCEA228}.Debug|Any CPU.Build.0 = Debug|Any CPU
		{24227110-0708-4270-905E-122DCDCEA228}.Release|Any CPU.ActiveCfg = Release|Any CPU
		{24227110-0708-4270-905E-122DCDCEA228}.Release|Any CPU.Build.0 = Release|Any CPU
		{023E17EE-B559-4C5B-A1C4-9656401FBB23}.Debug|Any CPU.ActiveCfg = Debug|Any CPU
		{023E17EE-B559-4C5B-A1C4-9656401FBB23}.Debug|Any CPU.Build.0 = Debug|Any CPU
		{023E17EE-B559-4C5B-A1C4-9656401FBB23}.Release|Any CPU.ActiveCfg = Release|Any CPU
		{023E17EE-B559-4C5B-A1C4-9656401FBB23}.Release|Any CPU.Build.0 = Release|Any CPU
		{CD5E8E8A-65BF-4A8D-894B-1B49DA0AA637}.Debug|Any CPU.ActiveCfg = Debug|Any CPU
		{CD5E8E8A-65BF-4A8D-894B-1B49DA0AA637}.Debug|Any CPU.Build.0 = Debug|Any CPU
		{CD5E8E8A-65BF-4A8D-894B-1B49DA0AA637}.Release|Any CPU.ActiveCfg = Release|Any CPU
		{CD5E8E8A-65BF-4A8D-894B-1B49DA0AA637}.Release|Any CPU.Build.0 = Release|Any CPU
		{40B423BF-1249-41CD-BE81-99F17CA8FDDD}.Debug|Any CPU.ActiveCfg = Debug|Any CPU
		{40B423BF-1249-41CD-BE81-99F17CA8FDDD}.Debug|Any CPU.Build.0 = Debug|Any CPU
		{40B423BF-1249-41CD-BE81-99F17CA8FDDD}.Release|Any CPU.ActiveCfg = Release|Any CPU
		{40B423BF-1249-41CD-BE81-99F17CA8FDDD}.Release|Any CPU.Build.0 = Release|Any CPU
		{94206A31-D242-46C1-9BF5-4A1D088B12E3}.Debug|Any CPU.ActiveCfg = Debug|Any CPU
		{94206A31-D242-46C1-9BF5-4A1D088B12E3}.Debug|Any CPU.Build.0 = Debug|Any CPU
		{94206A31-D242-46C1-9BF5-4A1D088B12E3}.Release|Any CPU.ActiveCfg = Release|Any CPU
		{94206A31-D242-46C1-9BF5-4A1D088B12E3}.Release|Any CPU.Build.0 = Release|Any CPU
		{1764AC1A-4A81-40A5-BDF9-3A1E8142AB3E}.Debug|Any CPU.ActiveCfg = Debug|Any CPU
		{1764AC1A-4A81-40A5-BDF9-3A1E8142AB3E}.Debug|Any CPU.Build.0 = Debug|Any CPU
		{1764AC1A-4A81-40A5-BDF9-3A1E8142AB3E}.Release|Any CPU.ActiveCfg = Release|Any CPU
		{1764AC1A-4A81-40A5-BDF9-3A1E8142AB3E}.Release|Any CPU.Build.0 = Release|Any CPU
		{656AE352-38E0-4A25-B25F-A81E7868D35A}.Debug|Any CPU.ActiveCfg = Debug|Any CPU
		{656AE352-38E0-4A25-B25F-A81E7868D35A}.Debug|Any CPU.Build.0 = Debug|Any CPU
		{656AE352-38E0-4A25-B25F-A81E7868D35A}.Release|Any CPU.ActiveCfg = Release|Any CPU
		{656AE352-38E0-4A25-B25F-A81E7868D35A}.Release|Any CPU.Build.0 = Release|Any CPU
		{96000B4F-7FF0-44A3-BA80-DCF3F9800FDB}.Debug|Any CPU.ActiveCfg = Debug|Any CPU
		{96000B4F-7FF0-44A3-BA80-DCF3F9800FDB}.Debug|Any CPU.Build.0 = Debug|Any CPU
		{96000B4F-7FF0-44A3-BA80-DCF3F9800FDB}.Release|Any CPU.ActiveCfg = Release|Any CPU
		{96000B4F-7FF0-44A3-BA80-DCF3F9800FDB}.Release|Any CPU.Build.0 = Release|Any CPU
		{2254603D-8637-4CCD-BDD4-0527100066E0}.Debug|Any CPU.ActiveCfg = Debug|Any CPU
		{2254603D-8637-4CCD-BDD4-0527100066E0}.Debug|Any CPU.Build.0 = Debug|Any CPU
		{2254603D-8637-4CCD-BDD4-0527100066E0}.Release|Any CPU.ActiveCfg = Release|Any CPU
		{2254603D-8637-4CCD-BDD4-0527100066E0}.Release|Any CPU.Build.0 = Release|Any CPU
		{9962CF96-239C-4B0A-B360-491CD4EF59DB}.Debug|Any CPU.ActiveCfg = Debug|Any CPU
		{9962CF96-239C-4B0A-B360-491CD4EF59DB}.Debug|Any CPU.Build.0 = Debug|Any CPU
		{9962CF96-239C-4B0A-B360-491CD4EF59DB}.Release|Any CPU.ActiveCfg = Release|Any CPU
		{9962CF96-239C-4B0A-B360-491CD4EF59DB}.Release|Any CPU.Build.0 = Release|Any CPU
		{AB061C66-AF2E-4BEB-AD47-7374DB06EAE2}.Debug|Any CPU.ActiveCfg = Debug|Any CPU
		{AB061C66-AF2E-4BEB-AD47-7374DB06EAE2}.Debug|Any CPU.Build.0 = Debug|Any CPU
		{AB061C66-AF2E-4BEB-AD47-7374DB06EAE2}.Release|Any CPU.ActiveCfg = Release|Any CPU
		{AB061C66-AF2E-4BEB-AD47-7374DB06EAE2}.Release|Any CPU.Build.0 = Release|Any CPU
		{406627F2-48E4-460A-A27F-F9625DDADD62}.Debug|Any CPU.ActiveCfg = Debug|Any CPU
		{406627F2-48E4-460A-A27F-F9625DDADD62}.Debug|Any CPU.Build.0 = Debug|Any CPU
		{406627F2-48E4-460A-A27F-F9625DDADD62}.Release|Any CPU.ActiveCfg = Release|Any CPU
		{406627F2-48E4-460A-A27F-F9625DDADD62}.Release|Any CPU.Build.0 = Release|Any CPU
		{DAA34EE5-B044-4538-A499-9D6356F1C15A}.Debug|Any CPU.ActiveCfg = Debug|Any CPU
		{DAA34EE5-B044-4538-A499-9D6356F1C15A}.Debug|Any CPU.Build.0 = Debug|Any CPU
		{DAA34EE5-B044-4538-A499-9D6356F1C15A}.Release|Any CPU.ActiveCfg = Release|Any CPU
		{DAA34EE5-B044-4538-A499-9D6356F1C15A}.Release|Any CPU.Build.0 = Release|Any CPU
		{B81CC3DF-9F5B-403B-B2BD-F18B80CB624C}.Debug|Any CPU.ActiveCfg = Debug|Any CPU
		{B81CC3DF-9F5B-403B-B2BD-F18B80CB624C}.Debug|Any CPU.Build.0 = Debug|Any CPU
		{B81CC3DF-9F5B-403B-B2BD-F18B80CB624C}.Release|Any CPU.ActiveCfg = Release|Any CPU
		{B81CC3DF-9F5B-403B-B2BD-F18B80CB624C}.Release|Any CPU.Build.0 = Release|Any CPU
		{9D4F7F8F-8F7C-4B99-9464-F99853F9A7CA}.Debug|Any CPU.ActiveCfg = Debug|Any CPU
		{9D4F7F8F-8F7C-4B99-9464-F99853F9A7CA}.Debug|Any CPU.Build.0 = Debug|Any CPU
		{9D4F7F8F-8F7C-4B99-9464-F99853F9A7CA}.Release|Any CPU.ActiveCfg = Release|Any CPU
		{9D4F7F8F-8F7C-4B99-9464-F99853F9A7CA}.Release|Any CPU.Build.0 = Release|Any CPU
		{436E3495-AF08-4CCB-91C3-6BA380B51C5B}.Debug|Any CPU.ActiveCfg = Debug|Any CPU
		{436E3495-AF08-4CCB-91C3-6BA380B51C5B}.Debug|Any CPU.Build.0 = Debug|Any CPU
		{436E3495-AF08-4CCB-91C3-6BA380B51C5B}.Release|Any CPU.ActiveCfg = Release|Any CPU
		{436E3495-AF08-4CCB-91C3-6BA380B51C5B}.Release|Any CPU.Build.0 = Release|Any CPU
		{9969EE24-6E45-4C59-B91A-D9C224C37721}.Debug|Any CPU.ActiveCfg = Debug|Any CPU
		{9969EE24-6E45-4C59-B91A-D9C224C37721}.Debug|Any CPU.Build.0 = Debug|Any CPU
		{9969EE24-6E45-4C59-B91A-D9C224C37721}.Release|Any CPU.ActiveCfg = Release|Any CPU
		{9969EE24-6E45-4C59-B91A-D9C224C37721}.Release|Any CPU.Build.0 = Release|Any CPU
		{C15BB527-9E09-4C3F-935E-82C63B1406E4}.Debug|Any CPU.ActiveCfg = Debug|Any CPU
		{C15BB527-9E09-4C3F-935E-82C63B1406E4}.Debug|Any CPU.Build.0 = Debug|Any CPU
		{C15BB527-9E09-4C3F-935E-82C63B1406E4}.Release|Any CPU.ActiveCfg = Release|Any CPU
		{C15BB527-9E09-4C3F-935E-82C63B1406E4}.Release|Any CPU.Build.0 = Release|Any CPU
		{1A6D3FE8-92AD-4076-A375-A04395414483}.Debug|Any CPU.ActiveCfg = Debug|Any CPU
		{1A6D3FE8-92AD-4076-A375-A04395414483}.Debug|Any CPU.Build.0 = Debug|Any CPU
		{1A6D3FE8-92AD-4076-A375-A04395414483}.Release|Any CPU.ActiveCfg = Release|Any CPU
		{1A6D3FE8-92AD-4076-A375-A04395414483}.Release|Any CPU.Build.0 = Release|Any CPU
		{89597F67-DB3C-42D4-ABE0-20C3236EB081}.Debug|Any CPU.ActiveCfg = Debug|Any CPU
		{89597F67-DB3C-42D4-ABE0-20C3236EB081}.Debug|Any CPU.Build.0 = Debug|Any CPU
		{89597F67-DB3C-42D4-ABE0-20C3236EB081}.Release|Any CPU.ActiveCfg = Release|Any CPU
		{89597F67-DB3C-42D4-ABE0-20C3236EB081}.Release|Any CPU.Build.0 = Release|Any CPU
		{FF96C497-2712-48AD-944F-CD0857A94952}.Debug|Any CPU.ActiveCfg = Debug|Any CPU
		{FF96C497-2712-48AD-944F-CD0857A94952}.Debug|Any CPU.Build.0 = Debug|Any CPU
		{FF96C497-2712-48AD-944F-CD0857A94952}.Release|Any CPU.ActiveCfg = Release|Any CPU
		{FF96C497-2712-48AD-944F-CD0857A94952}.Release|Any CPU.Build.0 = Release|Any CPU
		{6010C594-2020-49C1-8F2B-9A5451BE81C9}.Debug|Any CPU.ActiveCfg = Debug|Any CPU
		{6010C594-2020-49C1-8F2B-9A5451BE81C9}.Debug|Any CPU.Build.0 = Debug|Any CPU
		{6010C594-2020-49C1-8F2B-9A5451BE81C9}.Release|Any CPU.ActiveCfg = Release|Any CPU
		{6010C594-2020-49C1-8F2B-9A5451BE81C9}.Release|Any CPU.Build.0 = Release|Any CPU
		{9BE14EAE-4244-42F9-9CEA-6DC1950944CF}.Debug|Any CPU.ActiveCfg = Debug|Any CPU
		{9BE14EAE-4244-42F9-9CEA-6DC1950944CF}.Debug|Any CPU.Build.0 = Debug|Any CPU
		{9BE14EAE-4244-42F9-9CEA-6DC1950944CF}.Release|Any CPU.ActiveCfg = Release|Any CPU
		{9BE14EAE-4244-42F9-9CEA-6DC1950944CF}.Release|Any CPU.Build.0 = Release|Any CPU
	EndGlobalSection
	GlobalSection(SolutionProperties) = preSolution
		HideSolutionNode = FALSE
	EndGlobalSection
	GlobalSection(ExtensibilityGlobals) = postSolution
		SolutionGuid = {AB0D362A-701F-413A-8D47-17D512897083}
	EndGlobalSection
	GlobalSection(TeamFoundationVersionControl) = preSolution
		SccNumberOfProjects = 47
		SccEnterpriseProvider = {4CA58AB2-18FA-4F8D-95D4-32DDF27D184C}
		SccTeamFoundationServer = https://dintec.visualstudio.com/
		SccLocalPath0 = .
		SccProjectUniqueName1 = P_CZ_SA_SO_WINTEC\\P_CZ_SA_SO_WINTEC.csproj
		SccProjectName1 = P_CZ_SA_SO_WINTEC
		SccLocalPath1 = P_CZ_SA_SO_WINTEC
		SccProjectUniqueName2 = P_CZ_MA_DOCUMENT_MNG_WINTEC\\P_CZ_MA_DOCUMENT_MNG_WINTEC.csproj
		SccProjectName2 = P_CZ_MA_DOCUMENT_MNG_WINTEC
		SccLocalPath2 = P_CZ_MA_DOCUMENT_MNG_WINTEC
		SccProjectUniqueName3 = P_CZ_PR_ASSEMBLING_MNG\\P_CZ_PR_ASSEMBLING_MNG.csproj
		SccProjectName3 = P_CZ_PR_ASSEMBLING_MNG
		SccLocalPath3 = P_CZ_PR_ASSEMBLING_MNG
		SccProjectUniqueName4 = P_CZ_PR_DEPT_EQUIP_MNG\\P_CZ_PR_DEPT_EQUIP_MNG.csproj
		SccProjectName4 = P_CZ_PR_DEPT_EQUIP_MNG
		SccLocalPath4 = P_CZ_PR_DEPT_EQUIP_MNG
		SccProjectUniqueName5 = P_CZ_PR_ID_NO_HISTORY\\P_CZ_PR_ID_NO_HISTORY.csproj
		SccProjectName5 = P_CZ_PR_ID_NO_HISTORY
		SccLocalPath5 = P_CZ_PR_ID_NO_HISTORY
		SccProjectUniqueName6 = P_CZ_PR_LINK_MES_REG\\P_CZ_PR_LINK_MES_REG.csproj
		SccProjectName6 = P_CZ_PR_LINK_MES_REG
		SccLocalPath6 = P_CZ_PR_LINK_MES_REG
		SccProjectUniqueName7 = P_CZ_PR_MARKING_REG\\P_CZ_PR_MARKING_REG.csproj
		SccProjectName7 = P_CZ_PR_MARKING_REG
		SccLocalPath7 = P_CZ_PR_MARKING_REG
		SccProjectUniqueName8 = P_CZ_PR_MATCHING_MNG\\P_CZ_PR_MATCHING_MNG.csproj
		SccProjectName8 = P_CZ_PR_MATCHING_MNG
		SccLocalPath8 = P_CZ_PR_MATCHING_MNG
		SccProjectUniqueName9 = P_CZ_PR_MATCHING_REG\\P_CZ_PR_MATCHING_REG.csproj
		SccProjectName9 = P_CZ_PR_MATCHING_REG
		SccLocalPath9 = P_CZ_PR_MATCHING_REG
		SccProjectUniqueName10 = P_CZ_PR_POP_REG\\P_CZ_PR_POP_REG.csproj
		SccProjectName10 = P_CZ_PR_POP_REG
		SccLocalPath10 = P_CZ_PR_POP_REG
		SccProjectUniqueName11 = P_CZ_PR_ROUT_REG\\P_CZ_PR_ROUT_REG.csproj
		SccProjectName11 = P_CZ_PR_ROUT_REG
		SccLocalPath11 = P_CZ_PR_ROUT_REG
		SccProjectUniqueName12 = P_CZ_PR_WO_ITEM_GRP_RPT\\P_CZ_PR_WO_ITEM_GRP_RPT.csproj
		SccProjectName12 = P_CZ_PR_WO_ITEM_GRP_RPT
		SccLocalPath12 = P_CZ_PR_WO_ITEM_GRP_RPT
		SccProjectUniqueName13 = P_CZ_PR_WO_MNG\\P_CZ_PR_WO_MNG.csproj
		SccProjectName13 = P_CZ_PR_WO_MNG
		SccLocalPath13 = P_CZ_PR_WO_MNG
		SccProjectUniqueName14 = P_CZ_PR_WO_ROUT_EQUIP_MNG\\P_CZ_PR_WO_ROUT_EQUIP_MNG.csproj
		SccProjectName14 = P_CZ_PR_WO_ROUT_EQUIP_MNG
		SccLocalPath14 = P_CZ_PR_WO_ROUT_EQUIP_MNG
		SccProjectUniqueName15 = P_CZ_PR_WO_SA_SOL_CHANGE\\P_CZ_PR_WO_SA_SOL_CHANGE.csproj
		SccProjectName15 = P_CZ_PR_WO_SA_SOL_CHANGE
		SccLocalPath15 = P_CZ_PR_WO_SA_SOL_CHANGE
		SccProjectUniqueName16 = P_CZ_PR_WO_SIMULATION\\P_CZ_PR_WO_SIMULATION.csproj
		SccProjectName16 = P_CZ_PR_WO_SIMULATION
		SccLocalPath16 = P_CZ_PR_WO_SIMULATION
		SccProjectUniqueName17 = P_CZ_QU_INSP_SCHEDULE_MNG\\P_CZ_QU_INSP_SCHEDULE_MNG.csproj
		SccProjectName17 = P_CZ_QU_INSP_SCHEDULE_MNG
		SccLocalPath17 = P_CZ_QU_INSP_SCHEDULE_MNG
		SccProjectUniqueName18 = P_CZ_SA_SO_BATCH_WINTEC\\P_CZ_SA_SO_BATCH_WINTEC.csproj
		SccProjectName18 = P_CZ_SA_SO_BATCH_WINTEC
		SccLocalPath18 = P_CZ_SA_SO_BATCH_WINTEC
		SccProjectUniqueName19 = P_CZ_SA_SO_MNG_WINTEC\\P_CZ_SA_SO_MNG_WINTEC.csproj
		SccProjectName19 = P_CZ_SA_SO_MNG_WINTEC
		SccLocalPath19 = P_CZ_SA_SO_MNG_WINTEC
		SccProjectUniqueName20 = P_CZ_SA_SO_PR_WO_RPT\\P_CZ_SA_SO_PR_WO_RPT.csproj
		SccProjectName20 = P_CZ_SA_SO_PR_WO_RPT
		SccLocalPath20 = P_CZ_SA_SO_PR_WO_RPT
		SccProjectUniqueName21 = P_CZ_PR_OPOUT_WORK_REG\\P_CZ_PR_OPOUT_WORK_REG.csproj
		SccProjectName21 = P_CZ_PR_OPOUT_WORK_REG
		SccLocalPath21 = P_CZ_PR_OPOUT_WORK_REG
		SccProjectUniqueName22 = P_CZ_SA_GI_WINTEC\\P_CZ_SA_GI_WINTEC.csproj
		SccProjectName22 = P_CZ_SA_GI_WINTEC
		SccLocalPath22 = P_CZ_SA_GI_WINTEC
		SccProjectUniqueName23 = P_CZ_PU_PO_WINTEC\\P_CZ_PU_PO_WINTEC.csproj
		SccProjectName23 = P_CZ_PU_PO_WINTEC
		SccLocalPath23 = P_CZ_PU_PO_WINTEC
		SccProjectUniqueName24 = P_CZ_PR_INV_SCH01_WINTEC\\P_CZ_PR_INV_SCH01_WINTEC.csproj
		SccProjectName24 = P_CZ_PR_INV_SCH01_WINTEC
		SccLocalPath24 = P_CZ_PR_INV_SCH01_WINTEC
		SccProjectUniqueName25 = P_CZ_PR_OPOUT_WORK_MNG\\P_CZ_PR_OPOUT_WORK_MNG.csproj
		SccProjectName25 = P_CZ_PR_OPOUT_WORK_MNG
		SccLocalPath25 = P_CZ_PR_OPOUT_WORK_MNG
		SccProjectUniqueName26 = P_CZ_PR_OPOUT_IV_REG\\P_CZ_PR_OPOUT_IV_REG.csproj
		SccProjectName26 = P_CZ_PR_OPOUT_IV_REG
		SccLocalPath26 = P_CZ_PR_OPOUT_IV_REG
		SccProjectUniqueName27 = P_CZ_PR_OPOUT_REG\\P_CZ_PR_OPOUT_REG.csproj
		SccProjectName27 = P_CZ_PR_OPOUT_REG
		SccLocalPath27 = P_CZ_PR_OPOUT_REG
		SccProjectUniqueName28 = P_CZ_PR_OPOUT_PO_MNG\\P_CZ_PR_OPOUT_PO_MNG.csproj
		SccProjectName28 = P_CZ_PR_OPOUT_PO_MNG
		SccLocalPath28 = P_CZ_PR_OPOUT_PO_MNG
		SccProjectUniqueName29 = P_CZ_PR_OPOUT_PO_CNT_RPT\\P_CZ_PR_OPOUT_PO_CNT_RPT.csproj
		SccProjectName29 = P_CZ_PR_OPOUT_PO_CNT_RPT
		SccLocalPath29 = P_CZ_PR_OPOUT_PO_CNT_RPT
		SccProjectUniqueName30 = P_CZ_PR_OPOUT_PR_REG\\P_CZ_PR_OPOUT_PR_REG.csproj
		SccProjectName30 = P_CZ_PR_OPOUT_PR_REG
		SccLocalPath30 = P_CZ_PR_OPOUT_PR_REG
		SccProjectUniqueName31 = P_CZ_SA_SOSCH1_WINTEC\\P_CZ_SA_SOSCH1_WINTEC.csproj
		SccProjectName31 = P_CZ_SA_SOSCH1_WINTEC
		SccLocalPath31 = P_CZ_SA_SOSCH1_WINTEC
		SccProjectUniqueName32 = P_CZ_PR_OPOUT_PR_MNG\\P_CZ_PR_OPOUT_PR_MNG.csproj
		SccProjectName32 = P_CZ_PR_OPOUT_PR_MNG
		SccLocalPath32 = P_CZ_PR_OPOUT_PR_MNG
		SccProjectUniqueName33 = P_CZ_PU_POST_RPT_WINTEC\\P_CZ_PU_POST_RPT_WINTEC.csproj
		SccProjectName33 = P_CZ_PU_POST_RPT_WINTEC
		SccLocalPath33 = P_CZ_PU_POST_RPT_WINTEC
		SccProjectUniqueName34 = P_CZ_PR_OPOUT_WORK_LIST\\P_CZ_PR_OPOUT_WORK_LIST.csproj
		SccProjectName34 = P_CZ_PR_OPOUT_WORK_LIST
		SccLocalPath34 = P_CZ_PR_OPOUT_WORK_LIST
		SccProjectUniqueName35 = P_CZ_PU_PI_REG\\P_CZ_PU_PI_REG.csproj
		SccProjectName35 = P_CZ_PU_PI_REG
		SccLocalPath35 = P_CZ_PU_PI_REG
		SccProjectUniqueName36 = P_CZ_MA_ITEMGP\\P_CZ_MA_ITEMGP.csproj
		SccProjectName36 = P_CZ_MA_ITEMGP
		SccLocalPath36 = P_CZ_MA_ITEMGP
		SccProjectUniqueName37 = P_CZ_PR_OPOUT_IV_MNG\\P_CZ_PR_OPOUT_IV_MNG.csproj
		SccProjectName37 = P_CZ_PR_OPOUT_IV_MNG
		SccLocalPath37 = P_CZ_PR_OPOUT_IV_MNG
		SccProjectUniqueName38 = P_CZ_PU_PO_ITEM_GRP_RPT\\P_CZ_PU_PO_ITEM_GRP_RPT.csproj
		SccProjectName38 = P_CZ_PU_PO_ITEM_GRP_RPT
		SccLocalPath38 = P_CZ_PU_PO_ITEM_GRP_RPT
		SccProjectUniqueName39 = P_CZ_PR_WORK_SCH11\\P_CZ_PR_WORK_SCH11.csproj
		SccProjectName39 = P_CZ_PR_WORK_SCH11
		SccLocalPath39 = P_CZ_PR_WORK_SCH11
		SccProjectUniqueName40 = P_CZ_PU_REQ_REG_1_WINTEC\\P_CZ_PU_REQ_REG_1_WINTEC.csproj
		SccProjectName40 = P_CZ_PU_REQ_REG_1_WINTEC
		SccLocalPath40 = P_CZ_PU_REQ_REG_1_WINTEC
		SccProjectUniqueName41 = P_CZ_PU_ITR_REG_WINTEC\\P_CZ_PU_ITR_REG_WINTEC.csproj
		SccProjectName41 = P_CZ_PU_ITR_REG_WINTEC
		SccLocalPath41 = P_CZ_PU_ITR_REG_WINTEC
		SccProjectUniqueName42 = P_CZ_PU_IA_REG_WINTEC\\P_CZ_PU_IA_REG_WINTEC.csproj
		SccProjectName42 = P_CZ_PU_IA_REG_WINTEC
		SccLocalPath42 = P_CZ_PU_IA_REG_WINTEC
		SccProjectUniqueName43 = P_CZ_PU_CGI_REG_WINTEC\\P_CZ_PU_CGI_REG_WINTEC.csproj
		SccProjectName43 = P_CZ_PU_CGI_REG_WINTEC
		SccLocalPath43 = P_CZ_PU_CGI_REG_WINTEC
		SccProjectUniqueName44 = P_CZ_PR_OPOUT_PO_REG\\P_CZ_PR_OPOUT_PO_REG.csproj
		SccProjectName44 = P_CZ_PR_OPOUT_PO_REG
		SccLocalPath44 = P_CZ_PR_OPOUT_PO_REG
		SccProjectUniqueName45 = ..\\ERP\\커스터마이징\\Parsing\\Parsing.csproj
		SccProjectName45 = ../ERP/커스터마이징/Parsing
		SccLocalPath45 = ..\\ERP\\커스터마이징\\Parsing
		SccProjectUniqueName46 = P_CZ_PR_CFG_PLANT\\P_CZ_PR_CFG_PLANT.csproj
		SccProjectName46 = P_CZ_PR_CFG_PLANT
		SccLocalPath46 = P_CZ_PR_CFG_PLANT
	EndGlobalSection
EndGlobal
