
Microsoft Visual Studio Solution File, Format Version 10.00
# Visual Studio 2008
Project("{FAE04EC0-301F-11D3-BF4B-00C04F79EFBC}") = "P_SA_GIRR_REG", "P_SA_GIRR_REG.csproj", "{539796B8-9005-4A96-9579-779FCEFD0C23}"
EndProject
Global
	GlobalSection(SourceCodeControl) = preSolution
		SccNumberOfProjects = 1
		SccProjectUniqueName0 = P_SA_GIRR_REG.csproj
		SccProjectName0 = \u0022$/ERPU/ERP-U-2009/Sale/050.출하의뢰관리/P_SA_GIRR_REG\u0022,\u0020VUSOAAAA
		SccLocalPath0 = .
		SccProvider0 = MSSCCI:Microsoft\u0020Visual\u0020SourceSafe
	EndGlobalSection
	GlobalSection(SolutionConfigurationPlatforms) = preSolution
		Debug|Any CPU = Debug|Any CPU
		Release|Any CPU = Release|Any CPU
	EndGlobalSection
	GlobalSection(ProjectConfigurationPlatforms) = postSolution
		{539796B8-9005-4A96-9579-779FCEFD0C23}.Debug|Any CPU.ActiveCfg = Debug|Any CPU
		{539796B8-9005-4A96-9579-779FCEFD0C23}.Debug|Any CPU.Build.0 = Debug|Any CPU
		{539796B8-9005-4A96-9579-779FCEFD0C23}.Release|Any CPU.ActiveCfg = Release|Any CPU
		{539796B8-9005-4A96-9579-779FCEFD0C23}.Release|Any CPU.Build.0 = Release|Any CPU
	EndGlobalSection
	GlobalSection(SolutionProperties) = preSolution
		HideSolutionNode = FALSE
	EndGlobalSection
EndGlobal
