
Microsoft Visual Studio Solution File, Format Version 10.00
# Visual Studio 2008
Project("{FAE04EC0-301F-11D3-BF4B-00C04F79EFBC}") = "P_MA_PROJECT", "P_MA_PROJECT.csproj", "{4731BBD0-ACD7-428E-A91C-299FEB0CE38A}"
EndProject
Global
	GlobalSection(SourceCodeControl) = preSolution
		SccNumberOfProjects = 1
		SccProjectUniqueName0 = P_MA_PROJECT.csproj
		SccProjectName0 = \u0022$/ERPU/ERP-U-2009/Master/61_프로젝트정보/P_MA_PROJECT\u0022,\u0020UDBLBAAA
		SccLocalPath0 = .
		SccProvider0 = MSSCCI:Microsoft\u0020Visual\u0020SourceSafe
	EndGlobalSection
	GlobalSection(SolutionConfigurationPlatforms) = preSolution
		Debug|Any CPU = Debug|Any CPU
		Release|Any CPU = Release|Any CPU
	EndGlobalSection
	GlobalSection(ProjectConfigurationPlatforms) = postSolution
		{4731BBD0-ACD7-428E-A91C-299FEB0CE38A}.Debug|Any CPU.ActiveCfg = Debug|Any CPU
		{4731BBD0-ACD7-428E-A91C-299FEB0CE38A}.Debug|Any CPU.Build.0 = Debug|Any CPU
		{4731BBD0-ACD7-428E-A91C-299FEB0CE38A}.Release|Any CPU.ActiveCfg = Release|Any CPU
		{4731BBD0-ACD7-428E-A91C-299FEB0CE38A}.Release|Any CPU.Build.0 = Release|Any CPU
	EndGlobalSection
	GlobalSection(SolutionProperties) = preSolution
		HideSolutionNode = FALSE
	EndGlobalSection
EndGlobal
