
Microsoft Visual Studio Solution File, Format Version 10.00
# Visual Studio 2008
Project("{FAE04EC0-301F-11D3-BF4B-00C04F79EFBC}") = "P_PR_WORKWO_REG", "P_PR_WORKWO_REG.csproj", "{1C7AA7B0-2474-405F-99BF-490694D639D6}"
EndProject
Global
	GlobalSection(SourceCodeControl) = preSolution
		SccNumberOfProjects = 1
		SccProjectUniqueName0 = P_PR_WORKWO_REG.csproj
		SccProjectName0 = \u0022$/ERPU/ERP-U-2009/Product/WinForms/60_공정관리/P_PR_WORKWO_REG\u0022,\u0020ZIMOAAAA
		SccLocalPath0 = .
		SccProvider0 = MSSCCI:Microsoft\u0020Visual\u0020SourceSafe
	EndGlobalSection
	GlobalSection(SolutionConfigurationPlatforms) = preSolution
		Debug|Any CPU = Debug|Any CPU
		Release|Any CPU = Release|Any CPU
	EndGlobalSection
	GlobalSection(ProjectConfigurationPlatforms) = postSolution
		{1C7AA7B0-2474-405F-99BF-490694D639D6}.Debug|Any CPU.ActiveCfg = Debug|Any CPU
		{1C7AA7B0-2474-405F-99BF-490694D639D6}.Debug|Any CPU.Build.0 = Debug|Any CPU
		{1C7AA7B0-2474-405F-99BF-490694D639D6}.Release|Any CPU.ActiveCfg = Release|Any CPU
		{1C7AA7B0-2474-405F-99BF-490694D639D6}.Release|Any CPU.Build.0 = Release|Any CPU
	EndGlobalSection
	GlobalSection(SolutionProperties) = preSolution
		HideSolutionNode = FALSE
	EndGlobalSection
EndGlobal
